PODS:
  - BlockiesSwift (0.1.2)
  - idn2Swift (0.0.1)
  - idn2Swift/Tests (0.0.1)
  - SwiftAccessPolicy (1.0.0)
  - TrustKit (1.7.0)

DEPENDENCIES:
  - BlockiesSwift (from `https://github.com/gnosis/BlockiesSwift.git`, branch `0.1.2-gnosis`)
  - idn2Swift (from `https://github.com/gnosis/pod-idn2.git`, branch `master`)
  - idn2Swift/Tests (from `https://github.com/gnosis/pod-idn2.git`, branch `master`)
  - SwiftAccessPolicy (from `https://github.com/gnosis/SwiftAccessPolicy.git`, branch `main`)
  - TrustKit

SPEC REPOS:
  https://github.com/CocoaPods/Specs.git:
    - TrustKit

EXTERNAL SOURCES:
  BlockiesSwift:
    :branch: 0.1.2-gnosis
    :git: https://github.com/gnosis/BlockiesSwift.git
  idn2Swift:
    :branch: master
    :git: https://github.com/gnosis/pod-idn2.git
  SwiftAccessPolicy:
    :branch: main
    :git: https://github.com/gnosis/SwiftAccessPolicy.git

CHECKOUT OPTIONS:
  BlockiesSwift:
    :commit: 34bb4560f534fb9e3d7abf1d2b85143fc63e56b3
    :git: https://github.com/gnosis/BlockiesSwift.git
  idn2Swift:
    :commit: a8e7d775220eb1f400121d88bd2f9f06f4cc4f24
    :git: https://github.com/gnosis/pod-idn2.git
  SwiftAccessPolicy:
    :commit: 64556b3af69645322024c3af3451f9a99ed46e32
    :git: https://github.com/gnosis/SwiftAccessPolicy.git

SPEC CHECKSUMS:
  BlockiesSwift: d8fbf236b71552fc1fa85cd23bb26f29dd830156
  idn2Swift: d557454abb9872e6e2d5742acf88e04e3b25872c
  SwiftAccessPolicy: e9f2246826cb0adabc77e7b5bd03badcfb2d0cfb
  TrustKit: dac38bb37e49bdfeca41b1a19d020da38017b51c

PODFILE CHECKSUM: 4b93f628ce5fb02690367dadd8a90f33dd23fddf

COCOAPODS: 1.10.0
