{
  "object": {
    "pins": [
      {
        "package": "abseil",
        "repositoryURL": "https://github.com/firebase/abseil-cpp-SwiftPM.git",
        "state": {
          "branch": null,
          "revision": "05d8107f2971a37e6c77245b7c4c6b0a7e97bc99",
          "version": "0.20200225.0"
        }
      },
      {
        "package": "BigInt",
        "repositoryURL": "https://github.com/attaswift/BigInt.git",
        "state": {
          "branch": null,
          "revision": "889a1ecacd73ccc189c5cb29288048f186c44ed9",
          "version": "5.2.1"
        }
      },
      {
        "package": "BlockiesSwift",
        "repositoryURL": "https://github.com/gnosis/BlockiesSwift.git",
        "state": {
          "branch": "0.1.2-gnosis",
          "revision": "f97be34ba7e10ac9778ca45474bed34a77b29a47",
          "version": null
        }
      },
      {
        "package": "BoringSSL-GRPC",
        "repositoryURL": "https://github.com/firebase/boringssl-SwiftPM.git",
        "state": {
          "branch": null,
          "revision": "7bcafa2660bc58715c39637494550d1ed7cd7229",
          "version": "0.0.7"
        }
      },
      {
        "package": "CryptoSwift",
        "repositoryURL": "https://github.com/krzyzanowskim/CryptoSwift.git",
        "state": {
          "branch": null,
          "revision": "79ac632c85df81f2618dd838fc3869633e163370",
          "version": "1.2.0"
        }
      },
      {
        "package": "Firebase",
        "repositoryURL": "https://github.com/firebase/firebase-ios-sdk.git",
        "state": {
          "branch": null,
          "revision": "e118a7fb4319eaa37fd03c3b4216c93811d9c413",
          "version": "7.8.1"
        }
      },
      {
        "package": "GoogleAppMeasurement",
        "repositoryURL": "https://github.com/google/GoogleAppMeasurement.git",
        "state": {
          "branch": null,
          "revision": "9db2a8536e804dced3ccf8c1b4d05051f014f941",
          "version": "7.8.1"
        }
      },
      {
        "package": "GoogleDataTransport",
        "repositoryURL": "https://github.com/google/GoogleDataTransport.git",
        "state": {
          "branch": null,
          "revision": "34bd15a31149e42eadd6c75bd67aaea002e23bf4",
          "version": "8.3.0"
        }
      },
      {
        "package": "GoogleUtilities",
        "repositoryURL": "https://github.com/google/GoogleUtilities.git",
        "state": {
          "branch": null,
          "revision": "1c47ea135322768023ecdcc9db79bf3df821209f",
          "version": "7.3.0"
        }
      },
      {
        "package": "gRPC",
        "repositoryURL": "https://github.com/firebase/grpc-SwiftPM.git",
        "state": {
          "branch": null,
          "revision": "91b62619e6c83bc5f1b99d9d60fe46b2862d3a5a",
          "version": "1.28.2"
        }
      },
      {
        "package": "GTMSessionFetcher",
        "repositoryURL": "https://github.com/google/gtm-session-fetcher.git",
        "state": {
          "branch": null,
          "revision": "91ed3d188eb95705fef3c249453b81f32dc557d1",
          "version": "1.5.0"
        }
      },
      {
        "package": "Kingfisher",
        "repositoryURL": "https://github.com/onevcat/Kingfisher.git",
        "state": {
          "branch": null,
          "revision": "bbc4bc4def7eb05a7ba8e1219f80ee9be327334e",
          "version": "6.2.1"
        }
      },
      {
        "package": "leveldb",
        "repositoryURL": "https://github.com/firebase/leveldb.git",
        "state": {
          "branch": null,
          "revision": "fa1f25f296a766e5a789c4dacd4798dea798b2c2",
          "version": "1.22.1"
        }
      },
      {
        "package": "nanopb",
        "repositoryURL": "https://github.com/firebase/nanopb.git",
        "state": {
          "branch": null,
          "revision": "c2d43e59d8ec880ed261366818f0cacc5c8cc2e6",
          "version": "2.30907.0"
        }
      },
      {
        "package": "idn2Swift",
        "repositoryURL": "https://github.com/gnosis/pod-idn2.git",
        "state": {
          "branch": "swiftpm",
          "revision": "765b688f7de14802a1e80d3751440a2a0110b430",
          "version": null
        }
      },
      {
        "package": "PromiseKit",
        "repositoryURL": "https://github.com/mxcl/PromiseKit.git",
        "state": {
          "branch": null,
          "revision": "aea48ea1855f5d82e2dffa6027afce3aab8f3dd7",
          "version": "6.13.3"
        }
      },
      {
        "package": "Promises",
        "repositoryURL": "https://github.com/google/promises.git",
        "state": {
          "branch": null,
          "revision": "afa9a1ace74e116848d4f743599ab83e584ff8cb",
          "version": "1.2.12"
        }
      },
      {
        "package": "secp256k1",
        "repositoryURL": "https://github.com/Boilertalk/secp256k1.swift.git",
        "state": {
          "branch": null,
          "revision": "823281fe9def21b384099b72a9a53ca988317b20",
          "version": "0.1.4"
        }
      },
      {
        "package": "SwiftProtobuf",
        "repositoryURL": "https://github.com/apple/swift-protobuf.git",
        "state": {
          "branch": null,
          "revision": "e1904bf5a5f79cb7e0ff68a427a53a93b652fcd1",
          "version": "1.15.0"
        }
      },
      {
        "package": "SwiftAccessPolicy",
        "repositoryURL": "https://github.com/gnosis/SwiftAccessPolicy.git",
        "state": {
          "branch": "main",
          "revision": "8442e6ee2a8eabd83a5a3ba530a64634c5297b99",
          "version": null
        }
      },
      {
        "package": "SwiftCryptoTokenFormatter",
        "repositoryURL": "https://github.com/gnosis/SwiftCryptoTokenFormatter.git",
        "state": {
          "branch": "update-deps",
          "revision": "44b53dec200f4050bf1d835f8d0e4bc9aa6cb936",
          "version": null
        }
      },
      {
        "package": "TrustKit",
        "repositoryURL": "https://github.com/datatheorem/TrustKit.git",
        "state": {
          "branch": null,
          "revision": "3c953558d61fdd9b136d981764e3242bd92b2648",
          "version": "1.7.0"
        }
      },
      {
        "package": "Web3",
        "repositoryURL": "https://github.com/Boilertalk/Web3.swift.git",
        "state": {
          "branch": null,
          "revision": "1a6830ecc093f0f19054fed4c135dfee7bebe2b2",
          "version": "0.5.3"
        }
      }
    ]
  },
  "version": 1
}
