{
  "object": {
    "pins": [
      {
        "package": "abseil",
        "repositoryURL": "https://github.com/google/abseil-cpp-binary.git",
        "state": {
          "branch": null,
          "revision": "bfc0b6f81adc06ce5121eb23f628473638d67c5c",
          "version": "1.2022062300.0"
        }
      },
      {
        "package": "BigInt",
        "repositoryURL": "https://github.com/attaswift/BigInt.git",
        "state": {
          "branch": null,
          "revision": "0ed110f7555c34ff468e72e1686e59721f2b0da6",
          "version": "5.3.0"
        }
      },
      {
        "package": "BlockiesSwift",
        "repositoryURL": "https://github.com/gnosis/BlockiesSwift.git",
        "state": {
          "branch": "0.1.2-gnosis",
          "revision": "f97be34ba7e10ac9778ca45474bed34a77b29a47",
          "version": null
        }
      },
      {
        "package": "CryptoSwift",
        "repositoryURL": "https://github.com/krzyzanowskim/CryptoSwift.git",
        "state": {
          "branch": null,
          "revision": "039f56c5d7960f277087a0be51f5eb04ed0ec073",
          "version": "1.5.1"
        }
      },
      {
        "package": "CustomAuth",
        "repositoryURL": "https://github.com/torusresearch/customauth-swift-sdk",
        "state": {
          "branch": null,
          "revision": "a894ed86d3688d141626fd93580a13bd8d29fefa",
          "version": "6.0.1"
        }
      },
      {
        "package": "EthereumAddress",
        "repositoryURL": "https://github.com/safe-global/EthereumAddress.git",
        "state": {
          "branch": "update-cryptoswift-1.5.1",
          "revision": "6156ce94d4663b0a499e87cef64def56a068ed7d",
          "version": null
        }
      },
      {
        "package": "FetchNodeDetails",
        "repositoryURL": "https://github.com/torusresearch/fetch-node-details-swift.git",
        "state": {
          "branch": null,
          "revision": "94a0ee598abfcc2104ceeda80eecf4b55242ba62",
          "version": "4.0.1"
        }
      },
      {
        "package": "Firebase",
        "repositoryURL": "https://github.com/firebase/firebase-ios-sdk.git",
        "state": {
          "branch": null,
          "revision": "df2171b0c6afb9e9d4f7e07669d558c510b9f6be",
          "version": "10.13.0"
        }
      },
      {
        "package": "GenericJSON",
        "repositoryURL": "https://github.com/zoul/generic-json-swift",
        "state": {
          "branch": null,
          "revision": "0a06575f4038b504e78ac330913d920f1630f510",
          "version": "2.0.2"
        }
      },
      {
        "package": "GoogleAppMeasurement",
        "repositoryURL": "https://github.com/google/GoogleAppMeasurement.git",
        "state": {
          "branch": null,
          "revision": "03b9beee1a61f62d32c521e172e192a1663a5e8b",
          "version": "10.13.0"
        }
      },
      {
        "package": "GoogleDataTransport",
        "repositoryURL": "https://github.com/google/GoogleDataTransport.git",
        "state": {
          "branch": null,
          "revision": "aae45a320fd0d11811820335b1eabc8753902a40",
          "version": "9.2.5"
        }
      },
      {
        "package": "GoogleUtilities",
        "repositoryURL": "https://github.com/google/GoogleUtilities.git",
        "state": {
          "branch": null,
          "revision": "c38ce365d77b04a9a300c31061c5227589e5597b",
          "version": "7.11.5"
        }
      },
      {
        "package": "gRPC",
        "repositoryURL": "https://github.com/google/grpc-binary.git",
        "state": {
          "branch": null,
          "revision": "f1b366129d1125be7db83247e003fc333104b569",
          "version": "1.50.2"
        }
      },
      {
        "package": "GTMSessionFetcher",
        "repositoryURL": "https://github.com/google/gtm-session-fetcher.git",
        "state": {
          "branch": null,
          "revision": "d415594121c9e8a4f9d79cecee0965cf35e74dbd",
          "version": "3.1.1"
        }
      },
      {
        "package": "Intercom",
        "repositoryURL": "https://github.com/intercom/intercom-ios.git",
        "state": {
          "branch": null,
          "revision": "f994f1f203ae7479381642b6d1c58ffe419ee0ea",
          "version": "14.1.0"
        }
      },
      {
        "package": "JWTDecode",
        "repositoryURL": "https://github.com/auth0/JWTDecode.swift.git",
        "state": {
          "branch": null,
          "revision": "58af7278797871e460d79496621b3e5366b865b2",
          "version": "3.1.0"
        }
      },
      {
        "package": "Kingfisher",
        "repositoryURL": "https://github.com/onevcat/Kingfisher.git",
        "state": {
          "branch": null,
          "revision": "c75584ac759cbb16b204d0a7de3ebf53ea6b304d",
          "version": "7.9.0"
        }
      },
      {
        "package": "leveldb",
        "repositoryURL": "https://github.com/firebase/leveldb.git",
        "state": {
          "branch": null,
          "revision": "0706abcc6b0bd9cedfbb015ba840e4a780b5159b",
          "version": "1.22.2"
        }
      },
      {
        "package": "Lottie",
        "repositoryURL": "https://github.com/airbnb/lottie-ios",
        "state": {
          "branch": null,
          "revision": "b4bd0604ded9574807f41b4004b57dd1226a30a4",
          "version": "3.5.0"
        }
      },
      {
        "package": "MoonpaySDK",
        "repositoryURL": "https://github.com/moonpay/mobile-sdk-ios.git",
        "state": {
          "branch": "main",
          "revision": "81006eed0a8e5d16f01574dbbc9cc082fb240de6",
          "version": null
        }
      },
      {
        "package": "nanopb",
        "repositoryURL": "https://github.com/firebase/nanopb.git",
        "state": {
          "branch": null,
          "revision": "819d0a2173aff699fb8c364b6fb906f7cdb1a692",
          "version": "2.30909.0"
        }
      },
      {
        "package": "PromiseKit",
        "repositoryURL": "https://github.com/mxcl/PromiseKit.git",
        "state": {
          "branch": null,
          "revision": "8a98e31a47854d3180882c8068cc4d9381bf382d",
          "version": "6.22.1"
        }
      },
      {
        "package": "Promises",
        "repositoryURL": "https://github.com/google/promises.git",
        "state": {
          "branch": null,
          "revision": "e70e889c0196c76d22759eb50d6a0270ca9f1d9e",
          "version": "2.3.1"
        }
      },
      {
        "package": "QRCode",
        "repositoryURL": "https://github.com/WalletConnect/QRCode",
        "state": {
          "branch": null,
          "revision": "263f280d2c8144adfb0b6676109846cfc8dd552b",
          "version": "14.3.1"
        }
      },
      {
        "package": "UnstoppableDomainsResolution",
        "repositoryURL": "https://github.com/safe-global/resolution-swift",
        "state": {
          "branch": "update-cryptoswift-1.5.1",
          "revision": "0bc612c38cef2ffa7d25020e90ae15327390bb62",
          "version": null
        }
      },
      {
        "package": "SafeWeb3",
        "repositoryURL": "https://github.com/safe-global/SafeWeb3.swift",
        "state": {
          "branch": "rename-to-SafeWeb3",
          "revision": "b7ab4cf18749b51dbef4f5ae438899b20db0a7f4",
          "version": null
        }
      },
      {
        "package": "secp256k1",
        "repositoryURL": "https://github.com/Boilertalk/secp256k1.swift.git",
        "state": {
          "branch": null,
          "revision": "cd187c632fb812fd93711a9f7e644adb7e5f97f0",
          "version": "0.1.7"
        }
      },
      {
        "package": "SkeletonView",
        "repositoryURL": "https://github.com/Juanpe/SkeletonView.git",
        "state": {
          "branch": null,
          "revision": "739a4f5d78731bebc48811c75fa9e1f4c4cef23e",
          "version": "1.30.4"
        }
      },
      {
        "package": "Starscream",
        "repositoryURL": "https://github.com/daltoniam/Starscream.git",
        "state": {
          "branch": null,
          "revision": "a063fda2b8145a231953c20e7a646be254365396",
          "version": "3.1.2"
        }
      },
      {
        "package": "swift-algorithms",
        "repositoryURL": "https://github.com/apple/swift-algorithms.git",
        "state": {
          "branch": null,
          "revision": "b14b7f4c528c942f121c8b860b9410b2bf57825e",
          "version": "1.0.0"
        }
      },
      {
        "package": "swift-numerics",
        "repositoryURL": "https://github.com/apple/swift-numerics",
        "state": {
          "branch": null,
          "revision": "0a5bc04095a675662cf24757cc0640aa2204253b",
          "version": "1.0.2"
        }
      },
      {
        "package": "SwiftProtobuf",
        "repositoryURL": "https://github.com/apple/swift-protobuf.git",
        "state": {
          "branch": null,
          "revision": "ce20dc083ee485524b802669890291c0d8090170",
          "version": "1.22.1"
        }
      },
      {
        "package": "swift-qrcode-generator",
        "repositoryURL": "https://github.com/dagronf/swift-qrcode-generator",
        "state": {
          "branch": null,
          "revision": "5ca09b6a2ad190f94aa3d6ddef45b187f8c0343b",
          "version": "1.0.3"
        }
      },
      {
        "package": "swift-snapshot-testing",
        "repositoryURL": "https://github.com/pointfreeco/swift-snapshot-testing.git",
        "state": {
          "branch": null,
          "revision": "dc46eeb3928a75390651fac6c1ef7f93ad59a73b",
          "version": "1.11.1"
        }
      },
      {
        "package": "SwiftAccessPolicy",
        "repositoryURL": "https://github.com/gnosis/SwiftAccessPolicy.git",
        "state": {
          "branch": "main",
          "revision": "717c9428d00fdcd85fb40e4dec612cae7015ac29",
          "version": null
        }
      },
      {
        "package": "SwiftCryptoTokenFormatter",
        "repositoryURL": "https://github.com/gnosis/SwiftCryptoTokenFormatter.git",
        "state": {
          "branch": null,
          "revision": "8ad26a303147cfc8df89d2f1ac32a5017855c52c",
          "version": "1.1.1"
        }
      },
      {
        "package": "SwiftImageReadWrite",
        "repositoryURL": "https://github.com/dagronf/SwiftImageReadWrite",
        "state": {
          "branch": null,
          "revision": "5596407d1cf61b953b8e658fa8636a471df3c509",
          "version": "1.1.6"
        }
      },
      {
        "package": "TorusUtils",
        "repositoryURL": "https://github.com/torusresearch/torus-utils-swift.git",
        "state": {
          "branch": null,
          "revision": "93823201f248ce15dab59c027790da4b73375aed",
          "version": "5.0.0"
        }
      },
      {
        "package": "TrustKit",
        "repositoryURL": "https://github.com/datatheorem/TrustKit.git",
        "state": {
          "branch": null,
          "revision": "3c953558d61fdd9b136d981764e3242bd92b2648",
          "version": "1.7.0"
        }
      },
      {
        "package": "URRegistry",
        "repositoryURL": "https://github.com/KeystoneHQ/ur-registry-ios",
        "state": {
          "branch": null,
          "revision": "10511be95146e8dfa2063e3ea21cceb9e6536fa1",
          "version": "1.0.0"
        }
      },
      {
        "package": "Version",
        "repositoryURL": "https://github.com/mxcl/Version.git",
        "state": {
          "branch": null,
          "revision": "1fe824b80d89201652e7eca7c9252269a1d85e25",
          "version": "2.0.1"
        }
      },
      {
        "package": "WalletConnectSwift",
        "repositoryURL": "https://github.com/WalletConnect/WalletConnectSwift",
        "state": {
          "branch": null,
          "revision": "e0bbfd16d5c54a7aa7e316956d765399c6332fa2",
          "version": "1.7.0"
        }
      },
      {
        "package": "WalletConnect",
        "repositoryURL": "https://github.com/WalletConnect/WalletConnectSwiftV2",
        "state": {
          "branch": null,
          "revision": "7d4eca9cf4441bbfef649a055baea0a31fd96d83",
          "version": "1.6.14"
        }
      },
      {
        "package": "web3.swift",
        "repositoryURL": "https://github.com/argentlabs/web3.swift",
        "state": {
          "branch": null,
          "revision": "0474eb5e883bc4800b3909833207a1d35e72b808",
          "version": "0.9.3"
        }
      },
      {
        "package": "WhatsNewKit",
        "repositoryURL": "https://github.com/5afe/WhatsNewKit",
        "state": {
          "branch": "add-image-alignment",
          "revision": "17f1eaa553394f8eeaff90d1081d00f9a3f2de86",
          "version": null
        }
      }
    ]
  },
  "version": 1
}
