{
  "object": {
    "pins": [
      {
        "package": "abseil",
        "repositoryURL": "https://github.com/firebase/abseil-cpp-SwiftPM.git",
        "state": {
          "branch": null,
          "revision": "ff5f5f0a3d3266836b9d722bb73cabdf7057482e",
          "version": "0.20200225.3"
        }
      },
      {
        "package": "BigInt",
        "repositoryURL": "https://github.com/attaswift/BigInt.git",
        "state": {
          "branch": null,
          "revision": "889a1ecacd73ccc189c5cb29288048f186c44ed9",
          "version": "5.2.1"
        }
      },
      {
        "package": "BlockiesSwift",
        "repositoryURL": "https://github.com/gnosis/BlockiesSwift.git",
        "state": {
          "branch": "0.1.2-gnosis",
          "revision": "f97be34ba7e10ac9778ca45474bed34a77b29a47",
          "version": null
        }
      },
      {
        "package": "BoringSSL-GRPC",
        "repositoryURL": "https://github.com/firebase/boringssl-SwiftPM.git",
        "state": {
          "branch": null,
          "revision": "15889fadef7078dfa1392b0e2b08f3d0e9797104",
          "version": "0.7.1"
        }
      },
      {
        "package": "CryptoSwift",
        "repositoryURL": "https://github.com/krzyzanowskim/CryptoSwift.git",
        "state": {
          "branch": null,
          "revision": "3a2acbb32ab68215ee1596ee6004da8e90c3721b",
          "version": "1.0.0"
        }
      },
      {
        "package": "EthereumAddress",
        "repositoryURL": "https://github.com/shamatar/EthereumAddress.git",
        "state": {
          "branch": null,
          "revision": "a8eb4fc1dc03c068bf88585d8f5a2dd3572664ca",
          "version": "1.3.0"
        }
      },
      {
        "package": "Firebase",
        "repositoryURL": "https://github.com/firebase/firebase-ios-sdk.git",
        "state": {
          "branch": null,
          "revision": "b97bfcd2e5eecc7aa7e1aeb27d097d610876cf93",
          "version": "7.11.1"
        }
      },
      {
        "package": "GoogleAppMeasurement",
        "repositoryURL": "https://github.com/google/GoogleAppMeasurement.git",
        "state": {
          "branch": null,
          "revision": "22cb3ab5588200b210ae01e42665f52ac4e8ad28",
          "version": "7.11.1"
        }
      },
      {
        "package": "GoogleDataTransport",
        "repositoryURL": "https://github.com/google/GoogleDataTransport.git",
        "state": {
          "branch": null,
          "revision": "369716b8d7518a530ce3c3a251436d72546debd8",
          "version": "8.4.0"
        }
      },
      {
        "package": "GoogleUtilities",
        "repositoryURL": "https://github.com/google/GoogleUtilities.git",
        "state": {
          "branch": null,
          "revision": "66f5945ac3a4c4ac268bf94c31f226116b14e327",
          "version": "7.4.0"
        }
      },
      {
        "package": "gRPC",
        "repositoryURL": "https://github.com/firebase/grpc-SwiftPM.git",
        "state": {
          "branch": null,
          "revision": "fb405dd2c7901485f7e158b24e3a0a47e4efd8b5",
          "version": "1.28.4"
        }
      },
      {
        "package": "GTMSessionFetcher",
        "repositoryURL": "https://github.com/google/gtm-session-fetcher.git",
        "state": {
          "branch": null,
          "revision": "91ed3d188eb95705fef3c249453b81f32dc557d1",
          "version": "1.5.0"
        }
      },
      {
        "package": "Kingfisher",
        "repositoryURL": "https://github.com/onevcat/Kingfisher.git",
        "state": {
          "branch": null,
          "revision": "44450a8f564d7c0165f736ba2250649ff8d3e556",
          "version": "6.3.0"
        }
      },
      {
        "package": "leveldb",
        "repositoryURL": "https://github.com/firebase/leveldb.git",
        "state": {
          "branch": null,
          "revision": "0706abcc6b0bd9cedfbb015ba840e4a780b5159b",
          "version": "1.22.2"
        }
      },
      {
        "package": "nanopb",
        "repositoryURL": "https://github.com/firebase/nanopb.git",
        "state": {
          "branch": null,
          "revision": "7ee9ef9f627d85cbe1b8c4f49a3ed26eed216c77",
          "version": "2.30908.0"
        }
      },
      {
        "package": "PromiseKit",
        "repositoryURL": "https://github.com/mxcl/PromiseKit.git",
        "state": {
          "branch": null,
          "revision": "aea48ea1855f5d82e2dffa6027afce3aab8f3dd7",
          "version": "6.13.3"
        }
      },
      {
        "package": "Promises",
        "repositoryURL": "https://github.com/google/promises.git",
        "state": {
          "branch": null,
          "revision": "afa9a1ace74e116848d4f743599ab83e584ff8cb",
          "version": "1.2.12"
        }
      },
      {
        "package": "UnstoppableDomainsResolution",
        "repositoryURL": "https://github.com/unstoppabledomains/resolution-swift.git",
        "state": {
          "branch": null,
          "revision": "f64a56c528b81b4c5fdfcf25064005f283353986",
          "version": "0.3.6"
        }
      },
      {
        "package": "secp256k1",
        "repositoryURL": "https://github.com/Boilertalk/secp256k1.swift.git",
        "state": {
          "branch": null,
          "revision": "823281fe9def21b384099b72a9a53ca988317b20",
          "version": "0.1.4"
        }
      },
      {
        "package": "SwiftProtobuf",
        "repositoryURL": "https://github.com/apple/swift-protobuf.git",
        "state": {
          "branch": null,
          "revision": "bfe4255ff60f22a41cafa113059668571ed5d461",
          "version": "1.16.0"
        }
      },
      {
        "package": "SwiftAccessPolicy",
        "repositoryURL": "https://github.com/gnosis/SwiftAccessPolicy.git",
        "state": {
          "branch": "main",
          "revision": "3a1972c0feec8fabc4dd500f04c2b833f20bef12",
          "version": null
        }
      },
      {
        "package": "SwiftCryptoTokenFormatter",
        "repositoryURL": "https://github.com/gnosis/SwiftCryptoTokenFormatter.git",
        "state": {
          "branch": null,
          "revision": "6f605fd7bd61327a6006919e28bf3f0632d1c556",
          "version": "1.1.0"
        }
      },
      {
        "package": "TrustKit",
        "repositoryURL": "https://github.com/datatheorem/TrustKit.git",
        "state": {
          "branch": null,
          "revision": "3c953558d61fdd9b136d981764e3242bd92b2648",
          "version": "1.7.0"
        }
      },
      {
        "package": "Web3",
        "repositoryURL": "https://github.com/Boilertalk/Web3.swift.git",
        "state": {
          "branch": null,
          "revision": "1a6830ecc093f0f19054fed4c135dfee7bebe2b2",
          "version": "0.5.3"
        }
      }
    ]
  },
  "version": 1
}
