// !$*UTF8*$!
{
	archiveVersion = 1;
	classes = {
	};
	objectVersion = 51;
	objects = {

/* Begin PBXBuildFile section */
		041C2A582456F4F50044A24C /* SafeInfoView.swift in Sources */ = {isa = PBXBuildFile; fileRef = 041C2A572456F4F50044A24C /* SafeInfoView.swift */; };
		041C2A5A2456F53E0044A24C /* QRView.swift in Sources */ = {isa = PBXBuildFile; fileRef = 041C2A592456F53E0044A24C /* QRView.swift */; };
		044A54472448D0B6009CBB80 /* QRCodeScanner.swift in Sources */ = {isa = PBXBuildFile; fileRef = 044A54442448D0B6009CBB80 /* QRCodeScanner.swift */; };
		044A54482448D0B6009CBB80 /* QRCodeScannerViewController.xib in Resources */ = {isa = PBXBuildFile; fileRef = 044A54452448D0B6009CBB80 /* QRCodeScannerViewController.xib */; };
		044A54492448D0B6009CBB80 /* QRCodeScannerViewController.swift in Sources */ = {isa = PBXBuildFile; fileRef = 044A54462448D0B6009CBB80 /* QRCodeScannerViewController.swift */; };
		044A544E2448E5CF009CBB80 /* Localizable.strings in Resources */ = {isa = PBXBuildFile; fileRef = 044A544D2448E5CF009CBB80 /* Localizable.strings */; };
		044A54502448E5F7009CBB80 /* InfoPlist.strings in Resources */ = {isa = PBXBuildFile; fileRef = 044A544F2448E5F7009CBB80 /* InfoPlist.strings */; };
		04764626244F1D7700511113 /* VerifiableTextField.swift in Sources */ = {isa = PBXBuildFile; fileRef = 04764625244F1D7700511113 /* VerifiableTextField.swift */; };
		04BFB55B2459785D00090386 /* KeyboadHandler.swift in Sources */ = {isa = PBXBuildFile; fileRef = 04BFB55A2459785D00090386 /* KeyboadHandler.swift */; };
		0A0256222449F29200C91D73 /* AddressText.swift in Sources */ = {isa = PBXBuildFile; fileRef = 0A0256212449F29200C91D73 /* AddressText.swift */; };
		0A0256242449F7BF00C91D73 /* AddressView.swift in Sources */ = {isa = PBXBuildFile; fileRef = 0A0256232449F7BF00C91D73 /* AddressView.swift */; };
		0A628FF5245710260038DC88 /* SafeCell.swift in Sources */ = {isa = PBXBuildFile; fileRef = 0A628FF4245710260038DC88 /* SafeCell.swift */; };
		0A6C85B2245071510026139E /* Address.swift in Sources */ = {isa = PBXBuildFile; fileRef = 0A6C85B1245071510026139E /* Address.swift */; };
		0A6C85B4245080620026139E /* App.swift in Sources */ = {isa = PBXBuildFile; fileRef = 0A6C85B3245080620026139E /* App.swift */; };
		0A72AC5A2453125800840641 /* EnterSafeAddressView.swift in Sources */ = {isa = PBXBuildFile; fileRef = 0A72AC592453125800840641 /* EnterSafeAddressView.swift */; };
		0A72AC5C245312FC00840641 /* BoldText.swift in Sources */ = {isa = PBXBuildFile; fileRef = 0A72AC5B245312FC00840641 /* BoldText.swift */; };
		0A72AC602453157300840641 /* CreateSafePrompt.swift in Sources */ = {isa = PBXBuildFile; fileRef = 0A72AC5F2453157300840641 /* CreateSafePrompt.swift */; };
		0A72AC622453169700840641 /* LinkText.swift in Sources */ = {isa = PBXBuildFile; fileRef = 0A72AC612453169700840641 /* LinkText.swift */; };
		0A72AC662453184C00840641 /* SafeAddressField.swift in Sources */ = {isa = PBXBuildFile; fileRef = 0A72AC652453184C00840641 /* SafeAddressField.swift */; };
		0A72AC6A24531C0200840641 /* AddressInputSelector.swift in Sources */ = {isa = PBXBuildFile; fileRef = 0A72AC6924531C0200840641 /* AddressInputSelector.swift */; };
		0A7AEADD2462F92C00014184 /* SelectedSafeButton.swift in Sources */ = {isa = PBXBuildFile; fileRef = 0A7AEADC2462F92C00014184 /* SelectedSafeButton.swift */; };
		0A7AEADF2462F95100014184 /* SwitchSafeButton.swift in Sources */ = {isa = PBXBuildFile; fileRef = 0A7AEADE2462F95100014184 /* SwitchSafeButton.swift */; };
		0A7AEAE12462F98800014184 /* SafeRow.swift in Sources */ = {isa = PBXBuildFile; fileRef = 0A7AEAE02462F98800014184 /* SafeRow.swift */; };
		0A7AEAE32462FA6000014184 /* AddSafeRow.swift in Sources */ = {isa = PBXBuildFile; fileRef = 0A7AEAE22462FA6000014184 /* AddSafeRow.swift */; };
		0A7AEAE62462FB0700014184 /* TabItemView.swift in Sources */ = {isa = PBXBuildFile; fileRef = 0A7AEAE52462FB0700014184 /* TabItemView.swift */; };
		0A93DD572445CC8A00688050 /* AppDelegate.swift in Sources */ = {isa = PBXBuildFile; fileRef = 0A93DD562445CC8A00688050 /* AppDelegate.swift */; };
		0A93DD592445CC8A00688050 /* SceneDelegate.swift in Sources */ = {isa = PBXBuildFile; fileRef = 0A93DD582445CC8A00688050 /* SceneDelegate.swift */; };
		0A93DD5E2445CC8A00688050 /* ContentView.swift in Sources */ = {isa = PBXBuildFile; fileRef = 0A93DD5D2445CC8A00688050 /* ContentView.swift */; };
		0A93DD602445CC8B00688050 /* Assets.xcassets in Resources */ = {isa = PBXBuildFile; fileRef = 0A93DD5F2445CC8B00688050 /* Assets.xcassets */; };
		0A93DD632445CC8B00688050 /* Preview Assets.xcassets in Resources */ = {isa = PBXBuildFile; fileRef = 0A93DD622445CC8B00688050 /* Preview Assets.xcassets */; };
		0A93DD662445CC8B00688050 /* LaunchScreen.storyboard in Resources */ = {isa = PBXBuildFile; fileRef = 0A93DD642445CC8B00688050 /* LaunchScreen.storyboard */; };
		0A93DDAB244604A400688050 /* Averta-Regular.otf in Resources */ = {isa = PBXBuildFile; fileRef = 0A93DDAA244604A400688050 /* Averta-Regular.otf */; };
		0A93DDB02446072900688050 /* AddSafeIntroView.swift in Sources */ = {isa = PBXBuildFile; fileRef = 0A93DDAF2446072900688050 /* AddSafeIntroView.swift */; };
		0A93DDB32446080000688050 /* Colors.swift in Sources */ = {isa = PBXBuildFile; fileRef = 0A93DDB22446080000688050 /* Colors.swift */; };
		0A93DDB924461C1400688050 /* Fonts.swift in Sources */ = {isa = PBXBuildFile; fileRef = 0A93DDB824461C1400688050 /* Fonts.swift */; };
		0A93DDBB24461F4800688050 /* Buttons.swift in Sources */ = {isa = PBXBuildFile; fileRef = 0A93DDBA24461F4800688050 /* Buttons.swift */; };
		0A9BC32F246022BD00EB9C5D /* ENS.swift in Sources */ = {isa = PBXBuildFile; fileRef = 0A9BC32E246022BD00EB9C5D /* ENS.swift */; };
		0A9BC3312460233300EB9C5D /* ENSContracts.swift in Sources */ = {isa = PBXBuildFile; fileRef = 0A9BC3302460233300EB9C5D /* ENSContracts.swift */; };
		0A9BC33324602A7400EB9C5D /* Contract.swift in Sources */ = {isa = PBXBuildFile; fileRef = 0A9BC33224602A7400EB9C5D /* Contract.swift */; };
		0A9BC33524602CE200EB9C5D /* Data+InitWithHex.swift in Sources */ = {isa = PBXBuildFile; fileRef = 0A9BC33424602CE200EB9C5D /* Data+InitWithHex.swift */; };
		0A9BC33724602D0D00EB9C5D /* Data+Padding.swift in Sources */ = {isa = PBXBuildFile; fileRef = 0A9BC33624602D0D00EB9C5D /* Data+Padding.swift */; };
		0A9BC33924602E9500EB9C5D /* EthereumNodeService.swift in Sources */ = {isa = PBXBuildFile; fileRef = 0A9BC33824602E9500EB9C5D /* EthereumNodeService.swift */; };
		0A9BC33B2460352E00EB9C5D /* EthHasher.swift in Sources */ = {isa = PBXBuildFile; fileRef = 0A9BC33A2460352E00EB9C5D /* EthHasher.swift */; };
		0A9BC33D24603AE800EB9C5D /* ENSTests.swift in Sources */ = {isa = PBXBuildFile; fileRef = 0A9BC33C24603AE800EB9C5D /* ENSTests.swift */; };
		0A9BC33F2460447400EB9C5D /* EnterENSNameView.swift in Sources */ = {isa = PBXBuildFile; fileRef = 0A9BC33E2460447400EB9C5D /* EnterENSNameView.swift */; };
		0A9BC3412460449E00EB9C5D /* EnterENSNameViewModel.swift in Sources */ = {isa = PBXBuildFile; fileRef = 0A9BC3402460449E00EB9C5D /* EnterENSNameViewModel.swift */; };
		0A9BC3482460539F00EB9C5D /* ContractTests.swift in Sources */ = {isa = PBXBuildFile; fileRef = 0A9BC3472460539F00EB9C5D /* ContractTests.swift */; };
		0A9BC34A246053AD00EB9C5D /* ENSContractsTests.swift in Sources */ = {isa = PBXBuildFile; fileRef = 0A9BC349246053AD00EB9C5D /* ENSContractsTests.swift */; };
		0A9BC34C246053DB00EB9C5D /* DataInitWithHexTests.swift in Sources */ = {isa = PBXBuildFile; fileRef = 0A9BC34B246053DB00EB9C5D /* DataInitWithHexTests.swift */; };
		0A9BC35D2460581A00EB9C5D /* ENSIntegrationTests.swift in Sources */ = {isa = PBXBuildFile; fileRef = 0A9BC34D2460567200EB9C5D /* ENSIntegrationTests.swift */; };
		0A9BC35E2460582D00EB9C5D /* SafeRelayServiceIntegrationTests.swift in Sources */ = {isa = PBXBuildFile; fileRef = 5532D4E32449A4FC0067505A /* SafeRelayServiceIntegrationTests.swift */; };
		0A9BC35F246058F800EB9C5D /* MockLogger.swift in Sources */ = {isa = PBXBuildFile; fileRef = 5532D4D02449A1E40067505A /* MockLogger.swift */; };
		0A9BC36124605AA800EB9C5D /* ErrorText.swift in Sources */ = {isa = PBXBuildFile; fileRef = 0A9BC36024605AA800EB9C5D /* ErrorText.swift */; };
		0A9BC3AC24617C2F00EB9C5D /* PopupView.swift in Sources */ = {isa = PBXBuildFile; fileRef = 0A9BC3AB24617C2F00EB9C5D /* PopupView.swift */; };
		0ADDA20824533C020066457E /* EnterSafeAddressViewModel.swift in Sources */ = {isa = PBXBuildFile; fileRef = 0ADDA20724533C020066457E /* EnterSafeAddressViewModel.swift */; };
		0ADDA20B24533F1E0066457E /* EnterSafeNameView.swift in Sources */ = {isa = PBXBuildFile; fileRef = 0ADDA20A24533F1E0066457E /* EnterSafeNameView.swift */; };
		0ADDA20D24533F860066457E /* BodyText.swift in Sources */ = {isa = PBXBuildFile; fileRef = 0ADDA20C24533F860066457E /* BodyText.swift */; };
		0ADDA20F245340540066457E /* CorrectAddressView.swift in Sources */ = {isa = PBXBuildFile; fileRef = 0ADDA20E245340540066457E /* CorrectAddressView.swift */; };
		0ADDA2112453467A0066457E /* RoundedTextField.swift in Sources */ = {isa = PBXBuildFile; fileRef = 0ADDA2102453467A0066457E /* RoundedTextField.swift */; };
		0ADDA21324534F1B0066457E /* EnterSafeNameViewModel.swift in Sources */ = {isa = PBXBuildFile; fileRef = 0ADDA21224534F1B0066457E /* EnterSafeNameViewModel.swift */; };
		0ADDB34E24518F8F0056B284 /* ActivityIndicator.swift in Sources */ = {isa = PBXBuildFile; fileRef = 0ADDB34D24518F8F0056B284 /* ActivityIndicator.swift */; };
		0ADDB3552451BA710056B284 /* TestCoreDataStack.swift in Sources */ = {isa = PBXBuildFile; fileRef = 5556A03B24489F5D003EC861 /* TestCoreDataStack.swift */; };
		0AF64FA524475BC30018D070 /* SafariViewController.swift in Sources */ = {isa = PBXBuildFile; fileRef = 0AF64FA424475BC30018D070 /* SafariViewController.swift */; };
		0AF6500A24485E450018D070 /* Identicon.swift in Sources */ = {isa = PBXBuildFile; fileRef = 0AF6500924485E450018D070 /* Identicon.swift */; };
		0AF6501B24488D280018D070 /* FullSize.swift in Sources */ = {isa = PBXBuildFile; fileRef = 0AF6501A24488D280018D070 /* FullSize.swift */; };
		3E3771EE88B47660DEA46D7D /* libPods-MultisigIntegrationTests.a in Frameworks */ = {isa = PBXBuildFile; fileRef = 92B7E305E3E3D34CBC5DB687 /* libPods-MultisigIntegrationTests.a */; };
		551DDEE9244F183500C719D3 /* Selection.swift in Sources */ = {isa = PBXBuildFile; fileRef = 551DDEE8244F183500C719D3 /* Selection.swift */; };
		551DDEEE244F19AE00C719D3 /* CoreDataTestCase.swift in Sources */ = {isa = PBXBuildFile; fileRef = 551DDEED244F19AE00C719D3 /* CoreDataTestCase.swift */; };
		551DDEF0244F1A0A00C719D3 /* SafeTests.swift in Sources */ = {isa = PBXBuildFile; fileRef = 551DDEEF244F1A0A00C719D3 /* SafeTests.swift */; };
		551DDEF2244F1B9800C719D3 /* AppSettingsTests.swift in Sources */ = {isa = PBXBuildFile; fileRef = 551DDEF1244F1B9800C719D3 /* AppSettingsTests.swift */; };
		551DDEF424506B0B00C719D3 /* SwitchSafeView.swift in Sources */ = {isa = PBXBuildFile; fileRef = 551DDEF324506B0B00C719D3 /* SwitchSafeView.swift */; };
		5532D4932448A1960067505A /* Safe.swift in Sources */ = {isa = PBXBuildFile; fileRef = 5532D4922448A1960067505A /* Safe.swift */; };
		5532D4BA2449A17D0067505A /* CrashlyticsProtocol.swift in Sources */ = {isa = PBXBuildFile; fileRef = 5532D4AF2449A17D0067505A /* CrashlyticsProtocol.swift */; };
		5532D4BB2449A17D0067505A /* Logger.swift in Sources */ = {isa = PBXBuildFile; fileRef = 5532D4B02449A17D0067505A /* Logger.swift */; };
		5532D4BD2449A17D0067505A /* LogFormatter.swift in Sources */ = {isa = PBXBuildFile; fileRef = 5532D4B22449A17D0067505A /* LogFormatter.swift */; };
		5532D4BE2449A17D0067505A /* CrashlyticsLogger.swift in Sources */ = {isa = PBXBuildFile; fileRef = 5532D4B32449A17D0067505A /* CrashlyticsLogger.swift */; };
		5532D4BF2449A17D0067505A /* LoggableError.swift in Sources */ = {isa = PBXBuildFile; fileRef = 5532D4B42449A17D0067505A /* LoggableError.swift */; };
		5532D4C02449A17D0067505A /* ConsoleLogger.swift in Sources */ = {isa = PBXBuildFile; fileRef = 5532D4B52449A17D0067505A /* ConsoleLogger.swift */; };
		5532D4C12449A17D0067505A /* LogService.swift in Sources */ = {isa = PBXBuildFile; fileRef = 5532D4B62449A17D0067505A /* LogService.swift */; };
		5532D4C22449A17D0067505A /* JSONHTTPClient.swift in Sources */ = {isa = PBXBuildFile; fileRef = 5532D4B82449A17D0067505A /* JSONHTTPClient.swift */; };
		5532D4C32449A17D0067505A /* HTTPClient.swift in Sources */ = {isa = PBXBuildFile; fileRef = 5532D4B92449A17D0067505A /* HTTPClient.swift */; };
		5532D4CA2449A1980067505A /* CrashlyticsLoggerTests.swift in Sources */ = {isa = PBXBuildFile; fileRef = 5532D4C52449A1980067505A /* CrashlyticsLoggerTests.swift */; };
		5532D4CB2449A1980067505A /* LoggableErrorTests.swift in Sources */ = {isa = PBXBuildFile; fileRef = 5532D4C62449A1980067505A /* LoggableErrorTests.swift */; };
		5532D4CC2449A1980067505A /* LogFormatterTests.swift in Sources */ = {isa = PBXBuildFile; fileRef = 5532D4C72449A1980067505A /* LogFormatterTests.swift */; };
		5532D4CD2449A1980067505A /* LogServiceTests.swift in Sources */ = {isa = PBXBuildFile; fileRef = 5532D4C82449A1980067505A /* LogServiceTests.swift */; };
		5532D4CE2449A1980067505A /* ConsoleLoggerTests.swift in Sources */ = {isa = PBXBuildFile; fileRef = 5532D4C92449A1980067505A /* ConsoleLoggerTests.swift */; };
		5532D4DE2449A34A0067505A /* TestUtils.swift in Sources */ = {isa = PBXBuildFile; fileRef = 5532D4DD2449A34A0067505A /* TestUtils.swift */; };
		5532D4E12449A4CF0067505A /* SafeRelayService.swift in Sources */ = {isa = PBXBuildFile; fileRef = 5532D4E02449A4CF0067505A /* SafeRelayService.swift */; };
		5556A03724489F37003EC861 /* CoreDataStack.swift in Sources */ = {isa = PBXBuildFile; fileRef = 5556A03424489F37003EC861 /* CoreDataStack.swift */; };
		5556A03824489F37003EC861 /* Multisig.xcdatamodeld in Sources */ = {isa = PBXBuildFile; fileRef = 5556A03524489F37003EC861 /* Multisig.xcdatamodeld */; };
		5556A03C24489F5D003EC861 /* CoreDataStackTests.swift in Sources */ = {isa = PBXBuildFile; fileRef = 5556A03A24489F5D003EC861 /* CoreDataStackTests.swift */; };
		5556A03D24489F5D003EC861 /* TestCoreDataStack.swift in Sources */ = {isa = PBXBuildFile; fileRef = 5556A03B24489F5D003EC861 /* TestCoreDataStack.swift */; };
		9982F1C834FC801EAD7BDFE8 /* libPods-Multisig.a in Frameworks */ = {isa = PBXBuildFile; fileRef = 3F3EDABD33C5D8D6E66ABA0E /* libPods-Multisig.a */; };
		EB57A403B3F8709859BA822E /* libPods-MultisigTests.a in Frameworks */ = {isa = PBXBuildFile; fileRef = 1B81E8C8DC80D2C573D9B6BF /* libPods-MultisigTests.a */; };
/* End PBXBuildFile section */

/* Begin PBXContainerItemProxy section */
		0A93DD6D2445CC8C00688050 /* PBXContainerItemProxy */ = {
			isa = PBXContainerItemProxy;
			containerPortal = 0A93DD4B2445CC8A00688050 /* Project object */;
			proxyType = 1;
			remoteGlobalIDString = 0A93DD522445CC8A00688050;
			remoteInfo = Multisig;
		};
		0A9BC3582460581500EB9C5D /* PBXContainerItemProxy */ = {
			isa = PBXContainerItemProxy;
			containerPortal = 0A93DD4B2445CC8A00688050 /* Project object */;
			proxyType = 1;
			remoteGlobalIDString = 0A93DD522445CC8A00688050;
			remoteInfo = Multisig;
		};
/* End PBXContainerItemProxy section */

/* Begin PBXFileReference section */
		041C2A572456F4F50044A24C /* SafeInfoView.swift */ = {isa = PBXFileReference; fileEncoding = 4; lastKnownFileType = sourcecode.swift; path = SafeInfoView.swift; sourceTree = "<group>"; };
		041C2A592456F53E0044A24C /* QRView.swift */ = {isa = PBXFileReference; fileEncoding = 4; lastKnownFileType = sourcecode.swift; path = QRView.swift; sourceTree = "<group>"; };
		044A54442448D0B6009CBB80 /* QRCodeScanner.swift */ = {isa = PBXFileReference; fileEncoding = 4; lastKnownFileType = sourcecode.swift; path = QRCodeScanner.swift; sourceTree = "<group>"; };
		044A54452448D0B6009CBB80 /* QRCodeScannerViewController.xib */ = {isa = PBXFileReference; fileEncoding = 4; lastKnownFileType = file.xib; path = QRCodeScannerViewController.xib; sourceTree = "<group>"; };
		044A54462448D0B6009CBB80 /* QRCodeScannerViewController.swift */ = {isa = PBXFileReference; fileEncoding = 4; lastKnownFileType = sourcecode.swift; path = QRCodeScannerViewController.swift; sourceTree = "<group>"; };
		044A544D2448E5CF009CBB80 /* Localizable.strings */ = {isa = PBXFileReference; fileEncoding = 4; lastKnownFileType = text.plist.strings; path = Localizable.strings; sourceTree = "<group>"; };
		044A544F2448E5F7009CBB80 /* InfoPlist.strings */ = {isa = PBXFileReference; lastKnownFileType = text.plist.strings; path = InfoPlist.strings; sourceTree = "<group>"; };
		04764625244F1D7700511113 /* VerifiableTextField.swift */ = {isa = PBXFileReference; fileEncoding = 4; lastKnownFileType = sourcecode.swift; path = VerifiableTextField.swift; sourceTree = "<group>"; };
		04BFB55A2459785D00090386 /* KeyboadHandler.swift */ = {isa = PBXFileReference; fileEncoding = 4; lastKnownFileType = sourcecode.swift; path = KeyboadHandler.swift; sourceTree = "<group>"; };
		0A0256212449F29200C91D73 /* AddressText.swift */ = {isa = PBXFileReference; lastKnownFileType = sourcecode.swift; path = AddressText.swift; sourceTree = "<group>"; };
		0A0256232449F7BF00C91D73 /* AddressView.swift */ = {isa = PBXFileReference; lastKnownFileType = sourcecode.swift; path = AddressView.swift; sourceTree = "<group>"; };
		0A628FF4245710260038DC88 /* SafeCell.swift */ = {isa = PBXFileReference; lastKnownFileType = sourcecode.swift; path = SafeCell.swift; sourceTree = "<group>"; };
		0A6C85B1245071510026139E /* Address.swift */ = {isa = PBXFileReference; lastKnownFileType = sourcecode.swift; path = Address.swift; sourceTree = "<group>"; };
		0A6C85B3245080620026139E /* App.swift */ = {isa = PBXFileReference; lastKnownFileType = sourcecode.swift; path = App.swift; sourceTree = "<group>"; };
		0A72AC592453125800840641 /* EnterSafeAddressView.swift */ = {isa = PBXFileReference; lastKnownFileType = sourcecode.swift; path = EnterSafeAddressView.swift; sourceTree = "<group>"; };
		0A72AC5B245312FC00840641 /* BoldText.swift */ = {isa = PBXFileReference; lastKnownFileType = sourcecode.swift; path = BoldText.swift; sourceTree = "<group>"; };
		0A72AC5F2453157300840641 /* CreateSafePrompt.swift */ = {isa = PBXFileReference; lastKnownFileType = sourcecode.swift; path = CreateSafePrompt.swift; sourceTree = "<group>"; };
		0A72AC612453169700840641 /* LinkText.swift */ = {isa = PBXFileReference; lastKnownFileType = sourcecode.swift; path = LinkText.swift; sourceTree = "<group>"; };
		0A72AC652453184C00840641 /* SafeAddressField.swift */ = {isa = PBXFileReference; lastKnownFileType = sourcecode.swift; path = SafeAddressField.swift; sourceTree = "<group>"; };
		0A72AC6924531C0200840641 /* AddressInputSelector.swift */ = {isa = PBXFileReference; lastKnownFileType = sourcecode.swift; path = AddressInputSelector.swift; sourceTree = "<group>"; };
		0A7AEADC2462F92C00014184 /* SelectedSafeButton.swift */ = {isa = PBXFileReference; lastKnownFileType = sourcecode.swift; path = SelectedSafeButton.swift; sourceTree = "<group>"; };
		0A7AEADE2462F95100014184 /* SwitchSafeButton.swift */ = {isa = PBXFileReference; lastKnownFileType = sourcecode.swift; path = SwitchSafeButton.swift; sourceTree = "<group>"; };
		0A7AEAE02462F98800014184 /* SafeRow.swift */ = {isa = PBXFileReference; lastKnownFileType = sourcecode.swift; path = SafeRow.swift; sourceTree = "<group>"; };
		0A7AEAE22462FA6000014184 /* AddSafeRow.swift */ = {isa = PBXFileReference; lastKnownFileType = sourcecode.swift; path = AddSafeRow.swift; sourceTree = "<group>"; };
		0A7AEAE52462FB0700014184 /* TabItemView.swift */ = {isa = PBXFileReference; lastKnownFileType = sourcecode.swift; path = TabItemView.swift; sourceTree = "<group>"; };
		0A93DD532445CC8A00688050 /* Multisig.app */ = {isa = PBXFileReference; explicitFileType = wrapper.application; includeInIndex = 0; path = Multisig.app; sourceTree = BUILT_PRODUCTS_DIR; };
		0A93DD562445CC8A00688050 /* AppDelegate.swift */ = {isa = PBXFileReference; lastKnownFileType = sourcecode.swift; path = AppDelegate.swift; sourceTree = "<group>"; };
		0A93DD582445CC8A00688050 /* SceneDelegate.swift */ = {isa = PBXFileReference; lastKnownFileType = sourcecode.swift; path = SceneDelegate.swift; sourceTree = "<group>"; };
		0A93DD5D2445CC8A00688050 /* ContentView.swift */ = {isa = PBXFileReference; lastKnownFileType = sourcecode.swift; path = ContentView.swift; sourceTree = "<group>"; };
		0A93DD5F2445CC8B00688050 /* Assets.xcassets */ = {isa = PBXFileReference; lastKnownFileType = folder.assetcatalog; path = Assets.xcassets; sourceTree = "<group>"; };
		0A93DD622445CC8B00688050 /* Preview Assets.xcassets */ = {isa = PBXFileReference; lastKnownFileType = folder.assetcatalog; path = "Preview Assets.xcassets"; sourceTree = "<group>"; };
		0A93DD652445CC8B00688050 /* Base */ = {isa = PBXFileReference; lastKnownFileType = file.storyboard; name = Base; path = Base.lproj/LaunchScreen.storyboard; sourceTree = "<group>"; };
		0A93DD672445CC8B00688050 /* Info.plist */ = {isa = PBXFileReference; lastKnownFileType = text.plist.xml; path = Info.plist; sourceTree = "<group>"; };
		0A93DD6C2445CC8C00688050 /* MultisigTests.xctest */ = {isa = PBXFileReference; explicitFileType = wrapper.cfbundle; includeInIndex = 0; path = MultisigTests.xctest; sourceTree = BUILT_PRODUCTS_DIR; };
		0A93DD722445CC8C00688050 /* Info.plist */ = {isa = PBXFileReference; lastKnownFileType = text.plist.xml; path = Info.plist; sourceTree = "<group>"; };
		0A93DDAA244604A400688050 /* Averta-Regular.otf */ = {isa = PBXFileReference; lastKnownFileType = file; path = "Averta-Regular.otf"; sourceTree = "<group>"; };
		0A93DDAF2446072900688050 /* AddSafeIntroView.swift */ = {isa = PBXFileReference; lastKnownFileType = sourcecode.swift; path = AddSafeIntroView.swift; sourceTree = "<group>"; };
		0A93DDB22446080000688050 /* Colors.swift */ = {isa = PBXFileReference; lastKnownFileType = sourcecode.swift; path = Colors.swift; sourceTree = "<group>"; };
		0A93DDB824461C1400688050 /* Fonts.swift */ = {isa = PBXFileReference; lastKnownFileType = sourcecode.swift; path = Fonts.swift; sourceTree = "<group>"; };
		0A93DDBA24461F4800688050 /* Buttons.swift */ = {isa = PBXFileReference; lastKnownFileType = sourcecode.swift; path = Buttons.swift; sourceTree = "<group>"; };
		0A9BC32E246022BD00EB9C5D /* ENS.swift */ = {isa = PBXFileReference; fileEncoding = 4; lastKnownFileType = sourcecode.swift; path = ENS.swift; sourceTree = "<group>"; };
		0A9BC3302460233300EB9C5D /* ENSContracts.swift */ = {isa = PBXFileReference; fileEncoding = 4; lastKnownFileType = sourcecode.swift; path = ENSContracts.swift; sourceTree = "<group>"; };
		0A9BC33224602A7400EB9C5D /* Contract.swift */ = {isa = PBXFileReference; fileEncoding = 4; lastKnownFileType = sourcecode.swift; path = Contract.swift; sourceTree = "<group>"; };
		0A9BC33424602CE200EB9C5D /* Data+InitWithHex.swift */ = {isa = PBXFileReference; lastKnownFileType = sourcecode.swift; path = "Data+InitWithHex.swift"; sourceTree = "<group>"; };
		0A9BC33624602D0D00EB9C5D /* Data+Padding.swift */ = {isa = PBXFileReference; fileEncoding = 4; lastKnownFileType = sourcecode.swift; path = "Data+Padding.swift"; sourceTree = "<group>"; };
		0A9BC33824602E9500EB9C5D /* EthereumNodeService.swift */ = {isa = PBXFileReference; lastKnownFileType = sourcecode.swift; path = EthereumNodeService.swift; sourceTree = "<group>"; };
		0A9BC33A2460352E00EB9C5D /* EthHasher.swift */ = {isa = PBXFileReference; lastKnownFileType = sourcecode.swift; path = EthHasher.swift; sourceTree = "<group>"; };
		0A9BC33C24603AE800EB9C5D /* ENSTests.swift */ = {isa = PBXFileReference; lastKnownFileType = sourcecode.swift; path = ENSTests.swift; sourceTree = "<group>"; };
		0A9BC33E2460447400EB9C5D /* EnterENSNameView.swift */ = {isa = PBXFileReference; lastKnownFileType = sourcecode.swift; path = EnterENSNameView.swift; sourceTree = "<group>"; };
		0A9BC3402460449E00EB9C5D /* EnterENSNameViewModel.swift */ = {isa = PBXFileReference; lastKnownFileType = sourcecode.swift; path = EnterENSNameViewModel.swift; sourceTree = "<group>"; };
		0A9BC3472460539F00EB9C5D /* ContractTests.swift */ = {isa = PBXFileReference; fileEncoding = 4; lastKnownFileType = sourcecode.swift; path = ContractTests.swift; sourceTree = "<group>"; };
		0A9BC349246053AD00EB9C5D /* ENSContractsTests.swift */ = {isa = PBXFileReference; fileEncoding = 4; lastKnownFileType = sourcecode.swift; path = ENSContractsTests.swift; sourceTree = "<group>"; };
		0A9BC34B246053DB00EB9C5D /* DataInitWithHexTests.swift */ = {isa = PBXFileReference; fileEncoding = 4; lastKnownFileType = sourcecode.swift; path = DataInitWithHexTests.swift; sourceTree = "<group>"; };
		0A9BC34D2460567200EB9C5D /* ENSIntegrationTests.swift */ = {isa = PBXFileReference; lastKnownFileType = sourcecode.swift; path = ENSIntegrationTests.swift; sourceTree = "<group>"; };
		0A9BC3532460581500EB9C5D /* MultisigIntegrationTests.xctest */ = {isa = PBXFileReference; explicitFileType = wrapper.cfbundle; includeInIndex = 0; path = MultisigIntegrationTests.xctest; sourceTree = BUILT_PRODUCTS_DIR; };
		0A9BC3572460581500EB9C5D /* Info.plist */ = {isa = PBXFileReference; lastKnownFileType = text.plist.xml; path = Info.plist; sourceTree = "<group>"; };
		0A9BC36024605AA800EB9C5D /* ErrorText.swift */ = {isa = PBXFileReference; lastKnownFileType = sourcecode.swift; path = ErrorText.swift; sourceTree = "<group>"; };
		0A9BC3AB24617C2F00EB9C5D /* PopupView.swift */ = {isa = PBXFileReference; fileEncoding = 4; lastKnownFileType = sourcecode.swift; path = PopupView.swift; sourceTree = "<group>"; };
		0ADDA20724533C020066457E /* EnterSafeAddressViewModel.swift */ = {isa = PBXFileReference; lastKnownFileType = sourcecode.swift; path = EnterSafeAddressViewModel.swift; sourceTree = "<group>"; };
		0ADDA20A24533F1E0066457E /* EnterSafeNameView.swift */ = {isa = PBXFileReference; lastKnownFileType = sourcecode.swift; path = EnterSafeNameView.swift; sourceTree = "<group>"; };
		0ADDA20C24533F860066457E /* BodyText.swift */ = {isa = PBXFileReference; lastKnownFileType = sourcecode.swift; path = BodyText.swift; sourceTree = "<group>"; };
		0ADDA20E245340540066457E /* CorrectAddressView.swift */ = {isa = PBXFileReference; lastKnownFileType = sourcecode.swift; path = CorrectAddressView.swift; sourceTree = "<group>"; };
		0ADDA2102453467A0066457E /* RoundedTextField.swift */ = {isa = PBXFileReference; lastKnownFileType = sourcecode.swift; path = RoundedTextField.swift; sourceTree = "<group>"; };
		0ADDA21224534F1B0066457E /* EnterSafeNameViewModel.swift */ = {isa = PBXFileReference; lastKnownFileType = sourcecode.swift; path = EnterSafeNameViewModel.swift; sourceTree = "<group>"; };
		0ADDB34D24518F8F0056B284 /* ActivityIndicator.swift */ = {isa = PBXFileReference; lastKnownFileType = sourcecode.swift; path = ActivityIndicator.swift; sourceTree = "<group>"; };
		0AF64FA424475BC30018D070 /* SafariViewController.swift */ = {isa = PBXFileReference; lastKnownFileType = sourcecode.swift; path = SafariViewController.swift; sourceTree = "<group>"; };
		0AF6500924485E450018D070 /* Identicon.swift */ = {isa = PBXFileReference; lastKnownFileType = sourcecode.swift; path = Identicon.swift; sourceTree = "<group>"; };
		0AF6501A24488D280018D070 /* FullSize.swift */ = {isa = PBXFileReference; lastKnownFileType = sourcecode.swift; path = FullSize.swift; sourceTree = "<group>"; };
		1B81E8C8DC80D2C573D9B6BF /* libPods-MultisigTests.a */ = {isa = PBXFileReference; explicitFileType = archive.ar; includeInIndex = 0; path = "libPods-MultisigTests.a"; sourceTree = BUILT_PRODUCTS_DIR; };
		23818A2644AA144C642BCC23 /* Pods-MultisigIntegrationTests.debug.xcconfig */ = {isa = PBXFileReference; includeInIndex = 1; lastKnownFileType = text.xcconfig; name = "Pods-MultisigIntegrationTests.debug.xcconfig"; path = "Pods/Target Support Files/Pods-MultisigIntegrationTests/Pods-MultisigIntegrationTests.debug.xcconfig"; sourceTree = "<group>"; };
		26C552F754BE182B85CF33FD /* Pods-MultisigTests.release.xcconfig */ = {isa = PBXFileReference; includeInIndex = 1; lastKnownFileType = text.xcconfig; name = "Pods-MultisigTests.release.xcconfig"; path = "Pods/Target Support Files/Pods-MultisigTests/Pods-MultisigTests.release.xcconfig"; sourceTree = "<group>"; };
		3F3EDABD33C5D8D6E66ABA0E /* libPods-Multisig.a */ = {isa = PBXFileReference; explicitFileType = archive.ar; includeInIndex = 0; path = "libPods-Multisig.a"; sourceTree = BUILT_PRODUCTS_DIR; };
		551DDEE8244F183500C719D3 /* Selection.swift */ = {isa = PBXFileReference; lastKnownFileType = sourcecode.swift; path = Selection.swift; sourceTree = "<group>"; };
		551DDEED244F19AE00C719D3 /* CoreDataTestCase.swift */ = {isa = PBXFileReference; lastKnownFileType = sourcecode.swift; path = CoreDataTestCase.swift; sourceTree = "<group>"; };
		551DDEEF244F1A0A00C719D3 /* SafeTests.swift */ = {isa = PBXFileReference; lastKnownFileType = sourcecode.swift; path = SafeTests.swift; sourceTree = "<group>"; };
		551DDEF1244F1B9800C719D3 /* AppSettingsTests.swift */ = {isa = PBXFileReference; lastKnownFileType = sourcecode.swift; path = AppSettingsTests.swift; sourceTree = "<group>"; };
		551DDEF324506B0B00C719D3 /* SwitchSafeView.swift */ = {isa = PBXFileReference; lastKnownFileType = sourcecode.swift; path = SwitchSafeView.swift; sourceTree = "<group>"; };
		5532D4922448A1960067505A /* Safe.swift */ = {isa = PBXFileReference; fileEncoding = 4; lastKnownFileType = sourcecode.swift; path = Safe.swift; sourceTree = "<group>"; };
		5532D4AF2449A17D0067505A /* CrashlyticsProtocol.swift */ = {isa = PBXFileReference; fileEncoding = 4; lastKnownFileType = sourcecode.swift; path = CrashlyticsProtocol.swift; sourceTree = "<group>"; };
		5532D4B02449A17D0067505A /* Logger.swift */ = {isa = PBXFileReference; fileEncoding = 4; lastKnownFileType = sourcecode.swift; path = Logger.swift; sourceTree = "<group>"; };
		5532D4B22449A17D0067505A /* LogFormatter.swift */ = {isa = PBXFileReference; fileEncoding = 4; lastKnownFileType = sourcecode.swift; path = LogFormatter.swift; sourceTree = "<group>"; };
		5532D4B32449A17D0067505A /* CrashlyticsLogger.swift */ = {isa = PBXFileReference; fileEncoding = 4; lastKnownFileType = sourcecode.swift; path = CrashlyticsLogger.swift; sourceTree = "<group>"; };
		5532D4B42449A17D0067505A /* LoggableError.swift */ = {isa = PBXFileReference; fileEncoding = 4; lastKnownFileType = sourcecode.swift; path = LoggableError.swift; sourceTree = "<group>"; };
		5532D4B52449A17D0067505A /* ConsoleLogger.swift */ = {isa = PBXFileReference; fileEncoding = 4; lastKnownFileType = sourcecode.swift; path = ConsoleLogger.swift; sourceTree = "<group>"; };
		5532D4B62449A17D0067505A /* LogService.swift */ = {isa = PBXFileReference; fileEncoding = 4; lastKnownFileType = sourcecode.swift; path = LogService.swift; sourceTree = "<group>"; };
		5532D4B82449A17D0067505A /* JSONHTTPClient.swift */ = {isa = PBXFileReference; fileEncoding = 4; lastKnownFileType = sourcecode.swift; path = JSONHTTPClient.swift; sourceTree = "<group>"; };
		5532D4B92449A17D0067505A /* HTTPClient.swift */ = {isa = PBXFileReference; fileEncoding = 4; lastKnownFileType = sourcecode.swift; path = HTTPClient.swift; sourceTree = "<group>"; };
		5532D4C52449A1980067505A /* CrashlyticsLoggerTests.swift */ = {isa = PBXFileReference; fileEncoding = 4; lastKnownFileType = sourcecode.swift; path = CrashlyticsLoggerTests.swift; sourceTree = "<group>"; };
		5532D4C62449A1980067505A /* LoggableErrorTests.swift */ = {isa = PBXFileReference; fileEncoding = 4; lastKnownFileType = sourcecode.swift; path = LoggableErrorTests.swift; sourceTree = "<group>"; };
		5532D4C72449A1980067505A /* LogFormatterTests.swift */ = {isa = PBXFileReference; fileEncoding = 4; lastKnownFileType = sourcecode.swift; path = LogFormatterTests.swift; sourceTree = "<group>"; };
		5532D4C82449A1980067505A /* LogServiceTests.swift */ = {isa = PBXFileReference; fileEncoding = 4; lastKnownFileType = sourcecode.swift; path = LogServiceTests.swift; sourceTree = "<group>"; };
		5532D4C92449A1980067505A /* ConsoleLoggerTests.swift */ = {isa = PBXFileReference; fileEncoding = 4; lastKnownFileType = sourcecode.swift; path = ConsoleLoggerTests.swift; sourceTree = "<group>"; };
		5532D4D02449A1E40067505A /* MockLogger.swift */ = {isa = PBXFileReference; fileEncoding = 4; lastKnownFileType = sourcecode.swift; path = MockLogger.swift; sourceTree = "<group>"; };
		5532D4DD2449A34A0067505A /* TestUtils.swift */ = {isa = PBXFileReference; lastKnownFileType = sourcecode.swift; path = TestUtils.swift; sourceTree = "<group>"; };
		5532D4E02449A4CF0067505A /* SafeRelayService.swift */ = {isa = PBXFileReference; lastKnownFileType = sourcecode.swift; path = SafeRelayService.swift; sourceTree = "<group>"; };
		5532D4E32449A4FC0067505A /* SafeRelayServiceIntegrationTests.swift */ = {isa = PBXFileReference; lastKnownFileType = sourcecode.swift; path = SafeRelayServiceIntegrationTests.swift; sourceTree = "<group>"; };
		5556A03424489F37003EC861 /* CoreDataStack.swift */ = {isa = PBXFileReference; fileEncoding = 4; lastKnownFileType = sourcecode.swift; path = CoreDataStack.swift; sourceTree = "<group>"; };
		5556A03624489F37003EC861 /* Multisig.xcdatamodel */ = {isa = PBXFileReference; lastKnownFileType = wrapper.xcdatamodel; path = Multisig.xcdatamodel; sourceTree = "<group>"; };
		5556A03A24489F5D003EC861 /* CoreDataStackTests.swift */ = {isa = PBXFileReference; fileEncoding = 4; lastKnownFileType = sourcecode.swift; path = CoreDataStackTests.swift; sourceTree = "<group>"; };
		5556A03B24489F5D003EC861 /* TestCoreDataStack.swift */ = {isa = PBXFileReference; fileEncoding = 4; lastKnownFileType = sourcecode.swift; path = TestCoreDataStack.swift; sourceTree = "<group>"; };
		69FE277EF0E99D5C7D51C279 /* Pods-MultisigIntegrationTests.release.xcconfig */ = {isa = PBXFileReference; includeInIndex = 1; lastKnownFileType = text.xcconfig; name = "Pods-MultisigIntegrationTests.release.xcconfig"; path = "Pods/Target Support Files/Pods-MultisigIntegrationTests/Pods-MultisigIntegrationTests.release.xcconfig"; sourceTree = "<group>"; };
		92B7E305E3E3D34CBC5DB687 /* libPods-MultisigIntegrationTests.a */ = {isa = PBXFileReference; explicitFileType = archive.ar; includeInIndex = 0; path = "libPods-MultisigIntegrationTests.a"; sourceTree = BUILT_PRODUCTS_DIR; };
		BBD6D0510D7AE8BF83C2872E /* Pods-Multisig.release.xcconfig */ = {isa = PBXFileReference; includeInIndex = 1; lastKnownFileType = text.xcconfig; name = "Pods-Multisig.release.xcconfig"; path = "Pods/Target Support Files/Pods-Multisig/Pods-Multisig.release.xcconfig"; sourceTree = "<group>"; };
		CE5B793207F84D41150572EF /* Pods-MultisigTests.debug.xcconfig */ = {isa = PBXFileReference; includeInIndex = 1; lastKnownFileType = text.xcconfig; name = "Pods-MultisigTests.debug.xcconfig"; path = "Pods/Target Support Files/Pods-MultisigTests/Pods-MultisigTests.debug.xcconfig"; sourceTree = "<group>"; };
		FEC2CA8BC55245DF88E5580F /* Pods-Multisig.debug.xcconfig */ = {isa = PBXFileReference; includeInIndex = 1; lastKnownFileType = text.xcconfig; name = "Pods-Multisig.debug.xcconfig"; path = "Pods/Target Support Files/Pods-Multisig/Pods-Multisig.debug.xcconfig"; sourceTree = "<group>"; };
/* End PBXFileReference section */

/* Begin PBXFrameworksBuildPhase section */
		0A93DD502445CC8A00688050 /* Frameworks */ = {
			isa = PBXFrameworksBuildPhase;
			buildActionMask = 2147483647;
			files = (
				9982F1C834FC801EAD7BDFE8 /* libPods-Multisig.a in Frameworks */,
			);
			runOnlyForDeploymentPostprocessing = 0;
		};
		0A93DD692445CC8C00688050 /* Frameworks */ = {
			isa = PBXFrameworksBuildPhase;
			buildActionMask = 2147483647;
			files = (
				EB57A403B3F8709859BA822E /* libPods-MultisigTests.a in Frameworks */,
			);
			runOnlyForDeploymentPostprocessing = 0;
		};
		0A9BC3502460581500EB9C5D /* Frameworks */ = {
			isa = PBXFrameworksBuildPhase;
			buildActionMask = 2147483647;
			files = (
				3E3771EE88B47660DEA46D7D /* libPods-MultisigIntegrationTests.a in Frameworks */,
			);
			runOnlyForDeploymentPostprocessing = 0;
		};
/* End PBXFrameworksBuildPhase section */

/* Begin PBXGroup section */
		044A54432448D0B6009CBB80 /* QRCodeScanner */ = {
			isa = PBXGroup;
			children = (
				044A54442448D0B6009CBB80 /* QRCodeScanner.swift */,
				044A54452448D0B6009CBB80 /* QRCodeScannerViewController.xib */,
				044A54462448D0B6009CBB80 /* QRCodeScannerViewController.swift */,
			);
			path = QRCodeScanner;
			sourceTree = "<group>";
		};
		044A544C2448E5CF009CBB80 /* Localization */ = {
			isa = PBXGroup;
			children = (
				044A544D2448E5CF009CBB80 /* Localizable.strings */,
				044A544F2448E5F7009CBB80 /* InfoPlist.strings */,
			);
			path = Localization;
			sourceTree = "<group>";
		};
		0A6C85B02450712D0026139E /* Ethereum */ = {
			isa = PBXGroup;
			children = (
				0A9BC33224602A7400EB9C5D /* Contract.swift */,
				0A9BC32E246022BD00EB9C5D /* ENS.swift */,
				0A9BC3302460233300EB9C5D /* ENSContracts.swift */,
				0A9BC3422460501300EB9C5D /* Utils */,
			);
			path = Ethereum;
			sourceTree = "<group>";
		};
		0A7AEAE42462FAAD00014184 /* Switch Safe */ = {
			isa = PBXGroup;
			children = (
				551DDEF324506B0B00C719D3 /* SwitchSafeView.swift */,
				0A7AEAE22462FA6000014184 /* AddSafeRow.swift */,
				0A7AEAE02462F98800014184 /* SafeRow.swift */,
			);
			path = "Switch Safe";
			sourceTree = "<group>";
		};
		0A7AEAE9246309BC00014184 /* Load Safe */ = {
			isa = PBXGroup;
			children = (
				0A93DDAF2446072900688050 /* AddSafeIntroView.swift */,
				0ADDA214245352CF0066457E /* EnterSafeAddress */,
				0ADDA215245352DB0066457E /* EnterSafeName */,
			);
			path = "Load Safe";
			sourceTree = "<group>";
		};
		0A7AEAEA24630F3200014184 /* TabItem */ = {
			isa = PBXGroup;
			children = (
				0A7AEAE52462FB0700014184 /* TabItemView.swift */,
				0A7AEADC2462F92C00014184 /* SelectedSafeButton.swift */,
				0A7AEADE2462F95100014184 /* SwitchSafeButton.swift */,
			);
			path = TabItem;
			sourceTree = "<group>";
		};
		0A93DD4A2445CC8A00688050 = {
			isa = PBXGroup;
			children = (
				0A93DD552445CC8A00688050 /* Multisig */,
				0A93DD6F2445CC8C00688050 /* MultisigTests */,
				0A9BC3542460581500EB9C5D /* MultisigIntegrationTests */,
				0A93DD542445CC8A00688050 /* Products */,
				7994340F572ECDF0B5D53E31 /* Pods */,
				9C122546D933513037C989E4 /* Frameworks */,
			);
			sourceTree = "<group>";
		};
		0A93DD542445CC8A00688050 /* Products */ = {
			isa = PBXGroup;
			children = (
				0A93DD532445CC8A00688050 /* Multisig.app */,
				0A93DD6C2445CC8C00688050 /* MultisigTests.xctest */,
				0A9BC3532460581500EB9C5D /* MultisigIntegrationTests.xctest */,
			);
			name = Products;
			sourceTree = "<group>";
		};
		0A93DD552445CC8A00688050 /* Multisig */ = {
			isa = PBXGroup;
			children = (
				0A93DD88244603A400688050 /* UI */,
				5532D4912448A1960067505A /* Logic */,
				0AF432C5244DFA0200E22E50 /* Data */,
				0AF432C6244DFA1800E22E50 /* Cross-layer */,
				0A93DD672445CC8B00688050 /* Info.plist */,
				0A93DD612445CC8B00688050 /* Preview Content */,
			);
			path = Multisig;
			sourceTree = "<group>";
		};
		0A93DD612445CC8B00688050 /* Preview Content */ = {
			isa = PBXGroup;
			children = (
				0A93DD622445CC8B00688050 /* Preview Assets.xcassets */,
			);
			path = "Preview Content";
			sourceTree = "<group>";
		};
		0A93DD6F2445CC8C00688050 /* MultisigTests */ = {
			isa = PBXGroup;
			children = (
				551DDEEA244F192300C719D3 /* Models */,
				5532D4C42449A1980067505A /* Logger */,
				5556A03924489F5D003EC861 /* Persistence */,
				0A93DD722445CC8C00688050 /* Info.plist */,
				5532D4DD2449A34A0067505A /* TestUtils.swift */,
			);
			path = MultisigTests;
			sourceTree = "<group>";
		};
		0A93DD88244603A400688050 /* UI */ = {
			isa = PBXGroup;
			children = (
				0AF432C4244DF8FC00E22E50 /* App */,
				0AF432BF244DF8AD00E22E50 /* Safe Management */,
				0AF432BC244DF6C900E22E50 /* ENS */,
				0A9BC3452460523300EB9C5D /* Utils */,
				0A93DD8B244603DB00688050 /* UI Library */,
				0AF432CA244DFAFB00E22E50 /* Resources */,
			);
			path = UI;
			sourceTree = "<group>";
		};
		0A93DD8B244603DB00688050 /* UI Library */ = {
			isa = PBXGroup;
			children = (
				0A9BC3AB24617C2F00EB9C5D /* PopupView.swift */,
				0ADDB34D24518F8F0056B284 /* ActivityIndicator.swift */,
				0AF6501A24488D280018D070 /* FullSize.swift */,
				04BFB55A2459785D00090386 /* KeyboadHandler.swift */,
				041C2A592456F53E0044A24C /* QRView.swift */,
				0A628FF4245710260038DC88 /* SafeCell.swift */,
				0A9BC3442460515800EB9C5D /* Address */,
				0AF432D4244F063800E22E50 /* Styleguide */,
				0A9BC3432460514B00EB9C5D /* Text */,
				0A9BC3462460526300EB9C5D /* TextField */,
			);
			path = "UI Library";
			sourceTree = "<group>";
		};
		0A9BC3422460501300EB9C5D /* Utils */ = {
			isa = PBXGroup;
			children = (
				0A9BC33A2460352E00EB9C5D /* EthHasher.swift */,
				0A9BC33424602CE200EB9C5D /* Data+InitWithHex.swift */,
				0A9BC33624602D0D00EB9C5D /* Data+Padding.swift */,
			);
			path = Utils;
			sourceTree = "<group>";
		};
		0A9BC3432460514B00EB9C5D /* Text */ = {
			isa = PBXGroup;
			children = (
				0A0256212449F29200C91D73 /* AddressText.swift */,
				0ADDA20C24533F860066457E /* BodyText.swift */,
				0A72AC5B245312FC00840641 /* BoldText.swift */,
				0A9BC36024605AA800EB9C5D /* ErrorText.swift */,
				0A72AC612453169700840641 /* LinkText.swift */,
			);
			path = Text;
			sourceTree = "<group>";
		};
		0A9BC3442460515800EB9C5D /* Address */ = {
			isa = PBXGroup;
			children = (
				0A0256232449F7BF00C91D73 /* AddressView.swift */,
				0ADDA20E245340540066457E /* CorrectAddressView.swift */,
				0AF6500924485E450018D070 /* Identicon.swift */,
			);
			path = Address;
			sourceTree = "<group>";
		};
		0A9BC3452460523300EB9C5D /* Utils */ = {
			isa = PBXGroup;
			children = (
				0AF64FA424475BC30018D070 /* SafariViewController.swift */,
				044A54432448D0B6009CBB80 /* QRCodeScanner */,
			);
			path = Utils;
			sourceTree = "<group>";
		};
		0A9BC3462460526300EB9C5D /* TextField */ = {
			isa = PBXGroup;
			children = (
				0ADDA2102453467A0066457E /* RoundedTextField.swift */,
				04764625244F1D7700511113 /* VerifiableTextField.swift */,
			);
			path = TextField;
			sourceTree = "<group>";
		};
		0A9BC3542460581500EB9C5D /* MultisigIntegrationTests */ = {
			isa = PBXGroup;
			children = (
				5532D4E32449A4FC0067505A /* SafeRelayServiceIntegrationTests.swift */,
				5532D4D02449A1E40067505A /* MockLogger.swift */,
				0A9BC34D2460567200EB9C5D /* ENSIntegrationTests.swift */,
				0A9BC3572460581500EB9C5D /* Info.plist */,
			);
			path = MultisigIntegrationTests;
			sourceTree = "<group>";
		};
		0ADDA214245352CF0066457E /* EnterSafeAddress */ = {
			isa = PBXGroup;
			children = (
				0A72AC592453125800840641 /* EnterSafeAddressView.swift */,
				0ADDA20724533C020066457E /* EnterSafeAddressViewModel.swift */,
				0A72AC5F2453157300840641 /* CreateSafePrompt.swift */,
				0A72AC652453184C00840641 /* SafeAddressField.swift */,
				0A72AC6924531C0200840641 /* AddressInputSelector.swift */,
			);
			path = EnterSafeAddress;
			sourceTree = "<group>";
		};
		0ADDA215245352DB0066457E /* EnterSafeName */ = {
			isa = PBXGroup;
			children = (
				0ADDA20A24533F1E0066457E /* EnterSafeNameView.swift */,
				0ADDA21224534F1B0066457E /* EnterSafeNameViewModel.swift */,
			);
			path = EnterSafeName;
			sourceTree = "<group>";
		};
		0AF432BC244DF6C900E22E50 /* ENS */ = {
			isa = PBXGroup;
			children = (
				0A9BC33E2460447400EB9C5D /* EnterENSNameView.swift */,
				0A9BC3402460449E00EB9C5D /* EnterENSNameViewModel.swift */,
			);
			path = ENS;
			sourceTree = "<group>";
		};
		0AF432BF244DF8AD00E22E50 /* Safe Management */ = {
			isa = PBXGroup;
			children = (
				041C2A572456F4F50044A24C /* SafeInfoView.swift */,
				0A7AEAE9246309BC00014184 /* Load Safe */,
				0A7AEAE42462FAAD00014184 /* Switch Safe */,
			);
			path = "Safe Management";
			sourceTree = "<group>";
		};
		0AF432C4244DF8FC00E22E50 /* App */ = {
			isa = PBXGroup;
			children = (
				0A93DD562445CC8A00688050 /* AppDelegate.swift */,
				0A93DD582445CC8A00688050 /* SceneDelegate.swift */,
				0A93DD5D2445CC8A00688050 /* ContentView.swift */,
				0A7AEAEA24630F3200014184 /* TabItem */,
			);
			path = App;
			sourceTree = "<group>";
		};
		0AF432C5244DFA0200E22E50 /* Data */ = {
			isa = PBXGroup;
			children = (
				5532D4DF2449A4C00067505A /* Services */,
				5556A03324489F37003EC861 /* Persistence */,
			);
			path = Data;
			sourceTree = "<group>";
		};
		0AF432C6244DFA1800E22E50 /* Cross-layer */ = {
			isa = PBXGroup;
			children = (
				0A6C85B3245080620026139E /* App.swift */,
				5532D4AE2449A17D0067505A /* Logger */,
				044A544C2448E5CF009CBB80 /* Localization */,
			);
			path = "Cross-layer";
			sourceTree = "<group>";
		};
		0AF432CA244DFAFB00E22E50 /* Resources */ = {
			isa = PBXGroup;
			children = (
				0A93DD5F2445CC8B00688050 /* Assets.xcassets */,
				0A93DDAA244604A400688050 /* Averta-Regular.otf */,
				0A93DD642445CC8B00688050 /* LaunchScreen.storyboard */,
			);
			name = Resources;
			path = ..;
			sourceTree = "<group>";
		};
		0AF432D4244F063800E22E50 /* Styleguide */ = {
			isa = PBXGroup;
			children = (
				0A93DDB22446080000688050 /* Colors.swift */,
				0A93DDB824461C1400688050 /* Fonts.swift */,
				0A93DDBA24461F4800688050 /* Buttons.swift */,
			);
			path = Styleguide;
			sourceTree = "<group>";
		};
		0AF432D5244F075800E22E50 /* Models */ = {
			isa = PBXGroup;
			children = (
				0A6C85B1245071510026139E /* Address.swift */,
				551DDEE8244F183500C719D3 /* Selection.swift */,
				5532D4922448A1960067505A /* Safe.swift */,
				5556A03524489F37003EC861 /* Multisig.xcdatamodeld */,
			);
			path = Models;
			sourceTree = "<group>";
		};
		551DDEEA244F192300C719D3 /* Models */ = {
			isa = PBXGroup;
			children = (
				551DDEEF244F1A0A00C719D3 /* SafeTests.swift */,
				551DDEF1244F1B9800C719D3 /* AppSettingsTests.swift */,
				0A9BC34B246053DB00EB9C5D /* DataInitWithHexTests.swift */,
				0A9BC349246053AD00EB9C5D /* ENSContractsTests.swift */,
				0A9BC3472460539F00EB9C5D /* ContractTests.swift */,
				0A9BC33C24603AE800EB9C5D /* ENSTests.swift */,
			);
			path = Models;
			sourceTree = "<group>";
		};
		5532D4912448A1960067505A /* Logic */ = {
			isa = PBXGroup;
			children = (
				0A6C85B02450712D0026139E /* Ethereum */,
				0AF432D5244F075800E22E50 /* Models */,
			);
			path = Logic;
			sourceTree = "<group>";
		};
		5532D4AE2449A17D0067505A /* Logger */ = {
			isa = PBXGroup;
			children = (
				5532D4AF2449A17D0067505A /* CrashlyticsProtocol.swift */,
				5532D4B02449A17D0067505A /* Logger.swift */,
				5532D4B22449A17D0067505A /* LogFormatter.swift */,
				5532D4B32449A17D0067505A /* CrashlyticsLogger.swift */,
				5532D4B42449A17D0067505A /* LoggableError.swift */,
				5532D4B52449A17D0067505A /* ConsoleLogger.swift */,
				5532D4B62449A17D0067505A /* LogService.swift */,
			);
			path = Logger;
			sourceTree = "<group>";
		};
		5532D4B72449A17D0067505A /* Networking Utils */ = {
			isa = PBXGroup;
			children = (
				5532D4B82449A17D0067505A /* JSONHTTPClient.swift */,
				5532D4B92449A17D0067505A /* HTTPClient.swift */,
			);
			path = "Networking Utils";
			sourceTree = "<group>";
		};
		5532D4C42449A1980067505A /* Logger */ = {
			isa = PBXGroup;
			children = (
				5532D4C52449A1980067505A /* CrashlyticsLoggerTests.swift */,
				5532D4C62449A1980067505A /* LoggableErrorTests.swift */,
				5532D4C72449A1980067505A /* LogFormatterTests.swift */,
				5532D4C82449A1980067505A /* LogServiceTests.swift */,
				5532D4C92449A1980067505A /* ConsoleLoggerTests.swift */,
			);
			path = Logger;
			sourceTree = "<group>";
		};
		5532D4DF2449A4C00067505A /* Services */ = {
			isa = PBXGroup;
			children = (
				5532D4B72449A17D0067505A /* Networking Utils */,
				5532D4E02449A4CF0067505A /* SafeRelayService.swift */,
				0A9BC33824602E9500EB9C5D /* EthereumNodeService.swift */,
			);
			path = Services;
			sourceTree = "<group>";
		};
		5556A03324489F37003EC861 /* Persistence */ = {
			isa = PBXGroup;
			children = (
				5556A03424489F37003EC861 /* CoreDataStack.swift */,
			);
			path = Persistence;
			sourceTree = "<group>";
		};
		5556A03924489F5D003EC861 /* Persistence */ = {
			isa = PBXGroup;
			children = (
				5556A03A24489F5D003EC861 /* CoreDataStackTests.swift */,
				5556A03B24489F5D003EC861 /* TestCoreDataStack.swift */,
				551DDEED244F19AE00C719D3 /* CoreDataTestCase.swift */,
			);
			path = Persistence;
			sourceTree = "<group>";
		};
		7994340F572ECDF0B5D53E31 /* Pods */ = {
			isa = PBXGroup;
			children = (
				FEC2CA8BC55245DF88E5580F /* Pods-Multisig.debug.xcconfig */,
				BBD6D0510D7AE8BF83C2872E /* Pods-Multisig.release.xcconfig */,
				CE5B793207F84D41150572EF /* Pods-MultisigTests.debug.xcconfig */,
				26C552F754BE182B85CF33FD /* Pods-MultisigTests.release.xcconfig */,
				23818A2644AA144C642BCC23 /* Pods-MultisigIntegrationTests.debug.xcconfig */,
				69FE277EF0E99D5C7D51C279 /* Pods-MultisigIntegrationTests.release.xcconfig */,
			);
			name = Pods;
			sourceTree = "<group>";
		};
		9C122546D933513037C989E4 /* Frameworks */ = {
			isa = PBXGroup;
			children = (
				3F3EDABD33C5D8D6E66ABA0E /* libPods-Multisig.a */,
				1B81E8C8DC80D2C573D9B6BF /* libPods-MultisigTests.a */,
				92B7E305E3E3D34CBC5DB687 /* libPods-MultisigIntegrationTests.a */,
			);
			name = Frameworks;
			sourceTree = "<group>";
		};
/* End PBXGroup section */

/* Begin PBXNativeTarget section */
		0A93DD522445CC8A00688050 /* Multisig */ = {
			isa = PBXNativeTarget;
			buildConfigurationList = 0A93DD752445CC8C00688050 /* Build configuration list for PBXNativeTarget "Multisig" */;
			buildPhases = (
				1C3EB57ADF3ECDA5BEF25B89 /* [CP] Check Pods Manifest.lock */,
				0A93DD4F2445CC8A00688050 /* Sources */,
				0A93DD502445CC8A00688050 /* Frameworks */,
				0A93DD512445CC8A00688050 /* Resources */,
				1F6A07B1A9325A186F6B4631 /* [CP] Copy Pods Resources */,
			);
			buildRules = (
			);
			dependencies = (
			);
			name = Multisig;
			productName = Multisig;
			productReference = 0A93DD532445CC8A00688050 /* Multisig.app */;
			productType = "com.apple.product-type.application";
		};
		0A93DD6B2445CC8C00688050 /* MultisigTests */ = {
			isa = PBXNativeTarget;
			buildConfigurationList = 0A93DD782445CC8C00688050 /* Build configuration list for PBXNativeTarget "MultisigTests" */;
			buildPhases = (
				1A8974598BB5538990EE2D8E /* [CP] Check Pods Manifest.lock */,
				0A93DD682445CC8C00688050 /* Sources */,
				0A93DD692445CC8C00688050 /* Frameworks */,
				0A93DD6A2445CC8C00688050 /* Resources */,
			);
			buildRules = (
			);
			dependencies = (
				0A93DD6E2445CC8C00688050 /* PBXTargetDependency */,
			);
			name = MultisigTests;
			productName = MultisigTests;
			productReference = 0A93DD6C2445CC8C00688050 /* MultisigTests.xctest */;
			productType = "com.apple.product-type.bundle.unit-test";
		};
		0A9BC3522460581500EB9C5D /* MultisigIntegrationTests */ = {
			isa = PBXNativeTarget;
			buildConfigurationList = 0A9BC35A2460581500EB9C5D /* Build configuration list for PBXNativeTarget "MultisigIntegrationTests" */;
			buildPhases = (
				3296A2549676CE0C2B991E70 /* [CP] Check Pods Manifest.lock */,
				0A9BC34F2460581500EB9C5D /* Sources */,
				0A9BC3502460581500EB9C5D /* Frameworks */,
				0A9BC3512460581500EB9C5D /* Resources */,
			);
			buildRules = (
			);
			dependencies = (
				0A9BC3592460581500EB9C5D /* PBXTargetDependency */,
			);
			name = MultisigIntegrationTests;
			productName = MultisigIntegrationTests;
			productReference = 0A9BC3532460581500EB9C5D /* MultisigIntegrationTests.xctest */;
			productType = "com.apple.product-type.bundle.unit-test";
		};
/* End PBXNativeTarget section */

/* Begin PBXProject section */
		0A93DD4B2445CC8A00688050 /* Project object */ = {
			isa = PBXProject;
			attributes = {
				LastSwiftUpdateCheck = 1140;
				LastUpgradeCheck = 1140;
				ORGANIZATIONNAME = "Gnosis Ltd";
				TargetAttributes = {
					0A93DD522445CC8A00688050 = {
						CreatedOnToolsVersion = 11.4;
					};
					0A93DD6B2445CC8C00688050 = {
						CreatedOnToolsVersion = 11.4;
						TestTargetID = 0A93DD522445CC8A00688050;
					};
					0A9BC3522460581500EB9C5D = {
						CreatedOnToolsVersion = 11.4.1;
						TestTargetID = 0A93DD522445CC8A00688050;
					};
				};
			};
			buildConfigurationList = 0A93DD4E2445CC8A00688050 /* Build configuration list for PBXProject "Multisig" */;
			compatibilityVersion = "Xcode 9.3";
			developmentRegion = en;
			hasScannedForEncodings = 0;
			knownRegions = (
				en,
				Base,
			);
			mainGroup = 0A93DD4A2445CC8A00688050;
			productRefGroup = 0A93DD542445CC8A00688050 /* Products */;
			projectDirPath = "";
			projectRoot = "";
			targets = (
				0A93DD522445CC8A00688050 /* Multisig */,
				0A93DD6B2445CC8C00688050 /* MultisigTests */,
				0A9BC3522460581500EB9C5D /* MultisigIntegrationTests */,
			);
		};
/* End PBXProject section */

/* Begin PBXResourcesBuildPhase section */
		0A93DD512445CC8A00688050 /* Resources */ = {
			isa = PBXResourcesBuildPhase;
			buildActionMask = 2147483647;
			files = (
				0A93DD662445CC8B00688050 /* LaunchScreen.storyboard in Resources */,
				044A54502448E5F7009CBB80 /* InfoPlist.strings in Resources */,
				044A544E2448E5CF009CBB80 /* Localizable.strings in Resources */,
				044A54482448D0B6009CBB80 /* QRCodeScannerViewController.xib in Resources */,
				0A93DD632445CC8B00688050 /* Preview Assets.xcassets in Resources */,
				0A93DD602445CC8B00688050 /* Assets.xcassets in Resources */,
				0A93DDAB244604A400688050 /* Averta-Regular.otf in Resources */,
			);
			runOnlyForDeploymentPostprocessing = 0;
		};
		0A93DD6A2445CC8C00688050 /* Resources */ = {
			isa = PBXResourcesBuildPhase;
			buildActionMask = 2147483647;
			files = (
			);
			runOnlyForDeploymentPostprocessing = 0;
		};
		0A9BC3512460581500EB9C5D /* Resources */ = {
			isa = PBXResourcesBuildPhase;
			buildActionMask = 2147483647;
			files = (
			);
			runOnlyForDeploymentPostprocessing = 0;
		};
/* End PBXResourcesBuildPhase section */

/* Begin PBXShellScriptBuildPhase section */
		1A8974598BB5538990EE2D8E /* [CP] Check Pods Manifest.lock */ = {
			isa = PBXShellScriptBuildPhase;
			buildActionMask = 2147483647;
			files = (
			);
			inputPaths = (
				"${PODS_PODFILE_DIR_PATH}/Podfile.lock",
				"${PODS_ROOT}/Manifest.lock",
			);
			name = "[CP] Check Pods Manifest.lock";
			outputPaths = (
				"$(DERIVED_FILE_DIR)/Pods-MultisigTests-checkManifestLockResult.txt",
			);
			runOnlyForDeploymentPostprocessing = 0;
			shellPath = /bin/sh;
			shellScript = "diff \"${PODS_PODFILE_DIR_PATH}/Podfile.lock\" \"${PODS_ROOT}/Manifest.lock\" > /dev/null\nif [ $? != 0 ] ; then\n    # print error to STDERR\n    echo \"error: The sandbox is not in sync with the Podfile.lock. Run 'pod install' or update your CocoaPods installation.\" >&2\n    exit 1\nfi\n# This output is used by Xcode 'outputs' to avoid re-running this script phase.\necho \"SUCCESS\" > \"${SCRIPT_OUTPUT_FILE_0}\"\n";
			showEnvVarsInLog = 0;
		};
		1C3EB57ADF3ECDA5BEF25B89 /* [CP] Check Pods Manifest.lock */ = {
			isa = PBXShellScriptBuildPhase;
			buildActionMask = 2147483647;
			files = (
			);
			inputPaths = (
				"${PODS_PODFILE_DIR_PATH}/Podfile.lock",
				"${PODS_ROOT}/Manifest.lock",
			);
			name = "[CP] Check Pods Manifest.lock";
			outputPaths = (
				"$(DERIVED_FILE_DIR)/Pods-Multisig-checkManifestLockResult.txt",
			);
			runOnlyForDeploymentPostprocessing = 0;
			shellPath = /bin/sh;
			shellScript = "diff \"${PODS_PODFILE_DIR_PATH}/Podfile.lock\" \"${PODS_ROOT}/Manifest.lock\" > /dev/null\nif [ $? != 0 ] ; then\n    # print error to STDERR\n    echo \"error: The sandbox is not in sync with the Podfile.lock. Run 'pod install' or update your CocoaPods installation.\" >&2\n    exit 1\nfi\n# This output is used by Xcode 'outputs' to avoid re-running this script phase.\necho \"SUCCESS\" > \"${SCRIPT_OUTPUT_FILE_0}\"\n";
			showEnvVarsInLog = 0;
		};
		1F6A07B1A9325A186F6B4631 /* [CP] Copy Pods Resources */ = {
			isa = PBXShellScriptBuildPhase;
			buildActionMask = 2147483647;
			files = (
			);
			inputFileListPaths = (
				"${PODS_ROOT}/Target Support Files/Pods-Multisig/Pods-Multisig-resources-${CONFIGURATION}-input-files.xcfilelist",
			);
			name = "[CP] Copy Pods Resources";
			outputFileListPaths = (
				"${PODS_ROOT}/Target Support Files/Pods-Multisig/Pods-Multisig-resources-${CONFIGURATION}-output-files.xcfilelist",
			);
			runOnlyForDeploymentPostprocessing = 0;
			shellPath = /bin/sh;
			shellScript = "\"${PODS_ROOT}/Target Support Files/Pods-Multisig/Pods-Multisig-resources.sh\"\n";
			showEnvVarsInLog = 0;
		};
		3296A2549676CE0C2B991E70 /* [CP] Check Pods Manifest.lock */ = {
			isa = PBXShellScriptBuildPhase;
			buildActionMask = 2147483647;
			files = (
			);
			inputFileListPaths = (
			);
			inputPaths = (
				"${PODS_PODFILE_DIR_PATH}/Podfile.lock",
				"${PODS_ROOT}/Manifest.lock",
			);
			name = "[CP] Check Pods Manifest.lock";
			outputFileListPaths = (
			);
			outputPaths = (
				"$(DERIVED_FILE_DIR)/Pods-MultisigIntegrationTests-checkManifestLockResult.txt",
			);
			runOnlyForDeploymentPostprocessing = 0;
			shellPath = /bin/sh;
			shellScript = "diff \"${PODS_PODFILE_DIR_PATH}/Podfile.lock\" \"${PODS_ROOT}/Manifest.lock\" > /dev/null\nif [ $? != 0 ] ; then\n    # print error to STDERR\n    echo \"error: The sandbox is not in sync with the Podfile.lock. Run 'pod install' or update your CocoaPods installation.\" >&2\n    exit 1\nfi\n# This output is used by Xcode 'outputs' to avoid re-running this script phase.\necho \"SUCCESS\" > \"${SCRIPT_OUTPUT_FILE_0}\"\n";
			showEnvVarsInLog = 0;
		};
/* End PBXShellScriptBuildPhase section */

/* Begin PBXSourcesBuildPhase section */
		0A93DD4F2445CC8A00688050 /* Sources */ = {
			isa = PBXSourcesBuildPhase;
			buildActionMask = 2147483647;
			files = (
				0AF6501B24488D280018D070 /* FullSize.swift in Sources */,
				0A7AEAE12462F98800014184 /* SafeRow.swift in Sources */,
				0AF64FA524475BC30018D070 /* SafariViewController.swift in Sources */,
				0AF6500A24485E450018D070 /* Identicon.swift in Sources */,
				5532D4BE2449A17D0067505A /* CrashlyticsLogger.swift in Sources */,
				041C2A5A2456F53E0044A24C /* QRView.swift in Sources */,
				0ADDB34E24518F8F0056B284 /* ActivityIndicator.swift in Sources */,
				5532D4C12449A17D0067505A /* LogService.swift in Sources */,
				0A9BC32F246022BD00EB9C5D /* ENS.swift in Sources */,
				5532D4C32449A17D0067505A /* HTTPClient.swift in Sources */,
				5556A03724489F37003EC861 /* CoreDataStack.swift in Sources */,
				551DDEF424506B0B00C719D3 /* SwitchSafeView.swift in Sources */,
				5532D4BB2449A17D0067505A /* Logger.swift in Sources */,
				0A93DD572445CC8A00688050 /* AppDelegate.swift in Sources */,
				0A9BC33F2460447400EB9C5D /* EnterENSNameView.swift in Sources */,
				041C2A582456F4F50044A24C /* SafeInfoView.swift in Sources */,
				0A7AEAE32462FA6000014184 /* AddSafeRow.swift in Sources */,
				5532D4BF2449A17D0067505A /* LoggableError.swift in Sources */,
				04BFB55B2459785D00090386 /* KeyboadHandler.swift in Sources */,
				044A54472448D0B6009CBB80 /* QRCodeScanner.swift in Sources */,
				0A9BC33324602A7400EB9C5D /* Contract.swift in Sources */,
				0ADDB3552451BA710056B284 /* TestCoreDataStack.swift in Sources */,
				0A9BC33524602CE200EB9C5D /* Data+InitWithHex.swift in Sources */,
				04764626244F1D7700511113 /* VerifiableTextField.swift in Sources */,
				0A9BC33724602D0D00EB9C5D /* Data+Padding.swift in Sources */,
				0A7AEADD2462F92C00014184 /* SelectedSafeButton.swift in Sources */,
				0A0256222449F29200C91D73 /* AddressText.swift in Sources */,
				0A6C85B2245071510026139E /* Address.swift in Sources */,
				0A9BC3312460233300EB9C5D /* ENSContracts.swift in Sources */,
				0A9BC3AC24617C2F00EB9C5D /* PopupView.swift in Sources */,
				0A93DDB02446072900688050 /* AddSafeIntroView.swift in Sources */,
				0A628FF5245710260038DC88 /* SafeCell.swift in Sources */,
				5532D4BA2449A17D0067505A /* CrashlyticsProtocol.swift in Sources */,
				0A7AEAE62462FB0700014184 /* TabItemView.swift in Sources */,
				0A9BC33B2460352E00EB9C5D /* EthHasher.swift in Sources */,
				0A72AC662453184C00840641 /* SafeAddressField.swift in Sources */,
				5532D4C02449A17D0067505A /* ConsoleLogger.swift in Sources */,
				0ADDA21324534F1B0066457E /* EnterSafeNameViewModel.swift in Sources */,
				551DDEE9244F183500C719D3 /* Selection.swift in Sources */,
				0A9BC3412460449E00EB9C5D /* EnterENSNameViewModel.swift in Sources */,
				0ADDA20B24533F1E0066457E /* EnterSafeNameView.swift in Sources */,
				0A72AC602453157300840641 /* CreateSafePrompt.swift in Sources */,
				0A93DD592445CC8A00688050 /* SceneDelegate.swift in Sources */,
				0A93DDB32446080000688050 /* Colors.swift in Sources */,
				0A72AC6A24531C0200840641 /* AddressInputSelector.swift in Sources */,
				0A93DDBB24461F4800688050 /* Buttons.swift in Sources */,
				5532D4BD2449A17D0067505A /* LogFormatter.swift in Sources */,
				5532D4932448A1960067505A /* Safe.swift in Sources */,
				0A93DDB924461C1400688050 /* Fonts.swift in Sources */,
				0A0256242449F7BF00C91D73 /* AddressView.swift in Sources */,
				0A9BC33924602E9500EB9C5D /* EthereumNodeService.swift in Sources */,
				0A93DD5E2445CC8A00688050 /* ContentView.swift in Sources */,
				5532D4C22449A17D0067505A /* JSONHTTPClient.swift in Sources */,
				0A72AC5C245312FC00840641 /* BoldText.swift in Sources */,
				5532D4E12449A4CF0067505A /* SafeRelayService.swift in Sources */,
				044A54492448D0B6009CBB80 /* QRCodeScannerViewController.swift in Sources */,
				0ADDA20D24533F860066457E /* BodyText.swift in Sources */,
				0ADDA20824533C020066457E /* EnterSafeAddressViewModel.swift in Sources */,
				0A6C85B4245080620026139E /* App.swift in Sources */,
				0ADDA20F245340540066457E /* CorrectAddressView.swift in Sources */,
				0A72AC622453169700840641 /* LinkText.swift in Sources */,
				5556A03824489F37003EC861 /* Multisig.xcdatamodeld in Sources */,
				0A7AEADF2462F95100014184 /* SwitchSafeButton.swift in Sources */,
				0A72AC5A2453125800840641 /* EnterSafeAddressView.swift in Sources */,
				0A9BC36124605AA800EB9C5D /* ErrorText.swift in Sources */,
				0ADDA2112453467A0066457E /* RoundedTextField.swift in Sources */,
			);
			runOnlyForDeploymentPostprocessing = 0;
		};
		0A93DD682445CC8C00688050 /* Sources */ = {
			isa = PBXSourcesBuildPhase;
			buildActionMask = 2147483647;
			files = (
				0A9BC33D24603AE800EB9C5D /* ENSTests.swift in Sources */,
				0A9BC34C246053DB00EB9C5D /* DataInitWithHexTests.swift in Sources */,
				5532D4CD2449A1980067505A /* LogServiceTests.swift in Sources */,
				0A9BC3482460539F00EB9C5D /* ContractTests.swift in Sources */,
				5532D4CA2449A1980067505A /* CrashlyticsLoggerTests.swift in Sources */,
				5532D4CE2449A1980067505A /* ConsoleLoggerTests.swift in Sources */,
				551DDEEE244F19AE00C719D3 /* CoreDataTestCase.swift in Sources */,
				5532D4CB2449A1980067505A /* LoggableErrorTests.swift in Sources */,
				551DDEF2244F1B9800C719D3 /* AppSettingsTests.swift in Sources */,
				5532D4DE2449A34A0067505A /* TestUtils.swift in Sources */,
				5556A03C24489F5D003EC861 /* CoreDataStackTests.swift in Sources */,
				551DDEF0244F1A0A00C719D3 /* SafeTests.swift in Sources */,
				5556A03D24489F5D003EC861 /* TestCoreDataStack.swift in Sources */,
				5532D4CC2449A1980067505A /* LogFormatterTests.swift in Sources */,
				0A9BC34A246053AD00EB9C5D /* ENSContractsTests.swift in Sources */,
			);
			runOnlyForDeploymentPostprocessing = 0;
		};
		0A9BC34F2460581500EB9C5D /* Sources */ = {
			isa = PBXSourcesBuildPhase;
			buildActionMask = 2147483647;
			files = (
				0A9BC35D2460581A00EB9C5D /* ENSIntegrationTests.swift in Sources */,
				0A9BC35F246058F800EB9C5D /* MockLogger.swift in Sources */,
				0A9BC35E2460582D00EB9C5D /* SafeRelayServiceIntegrationTests.swift in Sources */,
			);
			runOnlyForDeploymentPostprocessing = 0;
		};
/* End PBXSourcesBuildPhase section */

/* Begin PBXTargetDependency section */
		0A93DD6E2445CC8C00688050 /* PBXTargetDependency */ = {
			isa = PBXTargetDependency;
			target = 0A93DD522445CC8A00688050 /* Multisig */;
			targetProxy = 0A93DD6D2445CC8C00688050 /* PBXContainerItemProxy */;
		};
		0A9BC3592460581500EB9C5D /* PBXTargetDependency */ = {
			isa = PBXTargetDependency;
			target = 0A93DD522445CC8A00688050 /* Multisig */;
			targetProxy = 0A9BC3582460581500EB9C5D /* PBXContainerItemProxy */;
		};
/* End PBXTargetDependency section */

/* Begin PBXVariantGroup section */
		0A93DD642445CC8B00688050 /* LaunchScreen.storyboard */ = {
			isa = PBXVariantGroup;
			children = (
				0A93DD652445CC8B00688050 /* Base */,
			);
			name = LaunchScreen.storyboard;
			sourceTree = "<group>";
		};
/* End PBXVariantGroup section */

/* Begin XCBuildConfiguration section */
		0A93DD732445CC8C00688050 /* Debug */ = {
			isa = XCBuildConfiguration;
			buildSettings = {
				ALWAYS_SEARCH_USER_PATHS = NO;
				CLANG_ANALYZER_NONNULL = YES;
				CLANG_ANALYZER_NUMBER_OBJECT_CONVERSION = YES_AGGRESSIVE;
				CLANG_CXX_LANGUAGE_STANDARD = "gnu++14";
				CLANG_CXX_LIBRARY = "libc++";
				CLANG_ENABLE_MODULES = YES;
				CLANG_ENABLE_OBJC_ARC = YES;
				CLANG_ENABLE_OBJC_WEAK = YES;
				CLANG_WARN_BLOCK_CAPTURE_AUTORELEASING = YES;
				CLANG_WARN_BOOL_CONVERSION = YES;
				CLANG_WARN_COMMA = YES;
				CLANG_WARN_CONSTANT_CONVERSION = YES;
				CLANG_WARN_DEPRECATED_OBJC_IMPLEMENTATIONS = YES;
				CLANG_WARN_DIRECT_OBJC_ISA_USAGE = YES_ERROR;
				CLANG_WARN_DOCUMENTATION_COMMENTS = YES;
				CLANG_WARN_EMPTY_BODY = YES;
				CLANG_WARN_ENUM_CONVERSION = YES;
				CLANG_WARN_INFINITE_RECURSION = YES;
				CLANG_WARN_INT_CONVERSION = YES;
				CLANG_WARN_NON_LITERAL_NULL_CONVERSION = YES;
				CLANG_WARN_OBJC_IMPLICIT_RETAIN_SELF = YES;
				CLANG_WARN_OBJC_LITERAL_CONVERSION = YES;
				CLANG_WARN_OBJC_ROOT_CLASS = YES_ERROR;
				CLANG_WARN_RANGE_LOOP_ANALYSIS = YES;
				CLANG_WARN_STRICT_PROTOTYPES = YES;
				CLANG_WARN_SUSPICIOUS_MOVE = YES;
				CLANG_WARN_UNGUARDED_AVAILABILITY = YES_AGGRESSIVE;
				CLANG_WARN_UNREACHABLE_CODE = YES;
				CLANG_WARN__DUPLICATE_METHOD_MATCH = YES;
				COPY_PHASE_STRIP = NO;
				DEBUG_INFORMATION_FORMAT = dwarf;
				ENABLE_STRICT_OBJC_MSGSEND = YES;
				ENABLE_TESTABILITY = YES;
				GCC_C_LANGUAGE_STANDARD = gnu11;
				GCC_DYNAMIC_NO_PIC = NO;
				GCC_NO_COMMON_BLOCKS = YES;
				GCC_OPTIMIZATION_LEVEL = 0;
				GCC_PREPROCESSOR_DEFINITIONS = (
					"DEBUG=1",
					"$(inherited)",
				);
				GCC_WARN_64_TO_32_BIT_CONVERSION = YES;
				GCC_WARN_ABOUT_RETURN_TYPE = YES_ERROR;
				GCC_WARN_UNDECLARED_SELECTOR = YES;
				GCC_WARN_UNINITIALIZED_AUTOS = YES_AGGRESSIVE;
				GCC_WARN_UNUSED_FUNCTION = YES;
				GCC_WARN_UNUSED_VARIABLE = YES;
				IPHONEOS_DEPLOYMENT_TARGET = 13.0;
				MTL_ENABLE_DEBUG_INFO = INCLUDE_SOURCE;
				MTL_FAST_MATH = YES;
				ONLY_ACTIVE_ARCH = YES;
				SDKROOT = iphoneos;
				SWIFT_ACTIVE_COMPILATION_CONDITIONS = DEBUG;
				SWIFT_OPTIMIZATION_LEVEL = "-Onone";
			};
			name = Debug;
		};
		0A93DD742445CC8C00688050 /* Release */ = {
			isa = XCBuildConfiguration;
			buildSettings = {
				ALWAYS_SEARCH_USER_PATHS = NO;
				CLANG_ANALYZER_NONNULL = YES;
				CLANG_ANALYZER_NUMBER_OBJECT_CONVERSION = YES_AGGRESSIVE;
				CLANG_CXX_LANGUAGE_STANDARD = "gnu++14";
				CLANG_CXX_LIBRARY = "libc++";
				CLANG_ENABLE_MODULES = YES;
				CLANG_ENABLE_OBJC_ARC = YES;
				CLANG_ENABLE_OBJC_WEAK = YES;
				CLANG_WARN_BLOCK_CAPTURE_AUTORELEASING = YES;
				CLANG_WARN_BOOL_CONVERSION = YES;
				CLANG_WARN_COMMA = YES;
				CLANG_WARN_CONSTANT_CONVERSION = YES;
				CLANG_WARN_DEPRECATED_OBJC_IMPLEMENTATIONS = YES;
				CLANG_WARN_DIRECT_OBJC_ISA_USAGE = YES_ERROR;
				CLANG_WARN_DOCUMENTATION_COMMENTS = YES;
				CLANG_WARN_EMPTY_BODY = YES;
				CLANG_WARN_ENUM_CONVERSION = YES;
				CLANG_WARN_INFINITE_RECURSION = YES;
				CLANG_WARN_INT_CONVERSION = YES;
				CLANG_WARN_NON_LITERAL_NULL_CONVERSION = YES;
				CLANG_WARN_OBJC_IMPLICIT_RETAIN_SELF = YES;
				CLANG_WARN_OBJC_LITERAL_CONVERSION = YES;
				CLANG_WARN_OBJC_ROOT_CLASS = YES_ERROR;
				CLANG_WARN_RANGE_LOOP_ANALYSIS = YES;
				CLANG_WARN_STRICT_PROTOTYPES = YES;
				CLANG_WARN_SUSPICIOUS_MOVE = YES;
				CLANG_WARN_UNGUARDED_AVAILABILITY = YES_AGGRESSIVE;
				CLANG_WARN_UNREACHABLE_CODE = YES;
				CLANG_WARN__DUPLICATE_METHOD_MATCH = YES;
				COPY_PHASE_STRIP = NO;
				DEBUG_INFORMATION_FORMAT = "dwarf-with-dsym";
				ENABLE_NS_ASSERTIONS = NO;
				ENABLE_STRICT_OBJC_MSGSEND = YES;
				GCC_C_LANGUAGE_STANDARD = gnu11;
				GCC_NO_COMMON_BLOCKS = YES;
				GCC_WARN_64_TO_32_BIT_CONVERSION = YES;
				GCC_WARN_ABOUT_RETURN_TYPE = YES_ERROR;
				GCC_WARN_UNDECLARED_SELECTOR = YES;
				GCC_WARN_UNINITIALIZED_AUTOS = YES_AGGRESSIVE;
				GCC_WARN_UNUSED_FUNCTION = YES;
				GCC_WARN_UNUSED_VARIABLE = YES;
				IPHONEOS_DEPLOYMENT_TARGET = 13.0;
				MTL_ENABLE_DEBUG_INFO = NO;
				MTL_FAST_MATH = YES;
				SDKROOT = iphoneos;
				SWIFT_COMPILATION_MODE = wholemodule;
				SWIFT_OPTIMIZATION_LEVEL = "-O";
				VALIDATE_PRODUCT = YES;
			};
			name = Release;
		};
		0A93DD762445CC8C00688050 /* Debug */ = {
			isa = XCBuildConfiguration;
			baseConfigurationReference = FEC2CA8BC55245DF88E5580F /* Pods-Multisig.debug.xcconfig */;
			buildSettings = {
				ASSETCATALOG_COMPILER_APPICON_NAME = AppIcon;
				CODE_SIGN_STYLE = Automatic;
				DEVELOPMENT_ASSET_PATHS = "\"Multisig/Preview Content\"";
				DEVELOPMENT_TEAM = ZKG876RKJ8;
				ENABLE_PREVIEWS = YES;
				INFOPLIST_FILE = Multisig/Info.plist;
				LD_RUNPATH_SEARCH_PATHS = (
					"$(inherited)",
					"@executable_path/Frameworks",
				);
				PRODUCT_BUNDLE_IDENTIFIER = io.gnosis.multisig.prerelease;
				PRODUCT_NAME = Multisig;
				SWIFT_VERSION = 5.0;
				TARGETED_DEVICE_FAMILY = 1;
			};
			name = Debug;
		};
		0A93DD772445CC8C00688050 /* Release */ = {
			isa = XCBuildConfiguration;
			baseConfigurationReference = BBD6D0510D7AE8BF83C2872E /* Pods-Multisig.release.xcconfig */;
			buildSettings = {
				ASSETCATALOG_COMPILER_APPICON_NAME = AppIcon;
				CODE_SIGN_STYLE = Automatic;
				DEVELOPMENT_ASSET_PATHS = "\"Multisig/Preview Content\"";
				DEVELOPMENT_TEAM = ZKG876RKJ8;
				ENABLE_PREVIEWS = YES;
				INFOPLIST_FILE = Multisig/Info.plist;
				LD_RUNPATH_SEARCH_PATHS = (
					"$(inherited)",
					"@executable_path/Frameworks",
				);
				PRODUCT_BUNDLE_IDENTIFIER = io.gnosis.multisig.prerelease;
				PRODUCT_NAME = Multisig;
				SWIFT_VERSION = 5.0;
				TARGETED_DEVICE_FAMILY = 1;
			};
			name = Release;
		};
		0A93DD792445CC8C00688050 /* Debug */ = {
			isa = XCBuildConfiguration;
			baseConfigurationReference = CE5B793207F84D41150572EF /* Pods-MultisigTests.debug.xcconfig */;
			buildSettings = {
				ALWAYS_EMBED_SWIFT_STANDARD_LIBRARIES = YES;
				BUNDLE_LOADER = "$(TEST_HOST)";
				CODE_SIGN_STYLE = Automatic;
				DEVELOPMENT_TEAM = ZKG876RKJ8;
				INFOPLIST_FILE = MultisigTests/Info.plist;
				IPHONEOS_DEPLOYMENT_TARGET = 13.4;
				LD_RUNPATH_SEARCH_PATHS = (
					"$(inherited)",
					"@executable_path/Frameworks",
					"@loader_path/Frameworks",
				);
				PRODUCT_BUNDLE_IDENTIFIER = io.gnosis.MultisigTests;
				PRODUCT_NAME = "$(TARGET_NAME)";
				SWIFT_VERSION = 5.0;
				TARGETED_DEVICE_FAMILY = "1,2";
				TEST_HOST = "$(BUILT_PRODUCTS_DIR)/Multisig.app/Multisig";
			};
			name = Debug;
		};
		0A93DD7A2445CC8C00688050 /* Release */ = {
			isa = XCBuildConfiguration;
			baseConfigurationReference = 26C552F754BE182B85CF33FD /* Pods-MultisigTests.release.xcconfig */;
			buildSettings = {
				ALWAYS_EMBED_SWIFT_STANDARD_LIBRARIES = YES;
				BUNDLE_LOADER = "$(TEST_HOST)";
				CODE_SIGN_STYLE = Automatic;
				DEVELOPMENT_TEAM = ZKG876RKJ8;
				INFOPLIST_FILE = MultisigTests/Info.plist;
				IPHONEOS_DEPLOYMENT_TARGET = 13.4;
				LD_RUNPATH_SEARCH_PATHS = (
					"$(inherited)",
					"@executable_path/Frameworks",
					"@loader_path/Frameworks",
				);
				PRODUCT_BUNDLE_IDENTIFIER = io.gnosis.MultisigTests;
				PRODUCT_NAME = "$(TARGET_NAME)";
				SWIFT_VERSION = 5.0;
				TARGETED_DEVICE_FAMILY = "1,2";
				TEST_HOST = "$(BUILT_PRODUCTS_DIR)/Multisig.app/Multisig";
			};
			name = Release;
		};
		0A9BC35B2460581500EB9C5D /* Debug */ = {
			isa = XCBuildConfiguration;
			baseConfigurationReference = 23818A2644AA144C642BCC23 /* Pods-MultisigIntegrationTests.debug.xcconfig */;
			buildSettings = {
				BUNDLE_LOADER = "$(TEST_HOST)";
				CODE_SIGN_STYLE = Automatic;
				DEVELOPMENT_TEAM = ZKG876RKJ8;
				INFOPLIST_FILE = MultisigIntegrationTests/Info.plist;
				IPHONEOS_DEPLOYMENT_TARGET = 13.4;
				LD_RUNPATH_SEARCH_PATHS = (
					"$(inherited)",
					"@executable_path/Frameworks",
					"@loader_path/Frameworks",
				);
				PRODUCT_BUNDLE_IDENTIFIER = io.gnosis.MultisigIntegrationTests;
				PRODUCT_NAME = "$(TARGET_NAME)";
				SWIFT_VERSION = 5.0;
				TARGETED_DEVICE_FAMILY = "1,2";
				TEST_HOST = "$(BUILT_PRODUCTS_DIR)/Multisig.app/Multisig";
			};
			name = Debug;
		};
		0A9BC35C2460581500EB9C5D /* Release */ = {
			isa = XCBuildConfiguration;
			baseConfigurationReference = 69FE277EF0E99D5C7D51C279 /* Pods-MultisigIntegrationTests.release.xcconfig */;
			buildSettings = {
				BUNDLE_LOADER = "$(TEST_HOST)";
				CODE_SIGN_STYLE = Automatic;
				DEVELOPMENT_TEAM = ZKG876RKJ8;
				INFOPLIST_FILE = MultisigIntegrationTests/Info.plist;
				IPHONEOS_DEPLOYMENT_TARGET = 13.4;
				LD_RUNPATH_SEARCH_PATHS = (
					"$(inherited)",
					"@executable_path/Frameworks",
					"@loader_path/Frameworks",
				);
				PRODUCT_BUNDLE_IDENTIFIER = io.gnosis.MultisigIntegrationTests;
				PRODUCT_NAME = "$(TARGET_NAME)";
				SWIFT_VERSION = 5.0;
				TARGETED_DEVICE_FAMILY = "1,2";
				TEST_HOST = "$(BUILT_PRODUCTS_DIR)/Multisig.app/Multisig";
			};
			name = Release;
		};
/* End XCBuildConfiguration section */

/* Begin XCConfigurationList section */
		0A93DD4E2445CC8A00688050 /* Build configuration list for PBXProject "Multisig" */ = {
			isa = XCConfigurationList;
			buildConfigurations = (
				0A93DD732445CC8C00688050 /* Debug */,
				0A93DD742445CC8C00688050 /* Release */,
			);
			defaultConfigurationIsVisible = 0;
			defaultConfigurationName = Release;
		};
		0A93DD752445CC8C00688050 /* Build configuration list for PBXNativeTarget "Multisig" */ = {
			isa = XCConfigurationList;
			buildConfigurations = (
				0A93DD762445CC8C00688050 /* Debug */,
				0A93DD772445CC8C00688050 /* Release */,
			);
			defaultConfigurationIsVisible = 0;
			defaultConfigurationName = Release;
		};
		0A93DD782445CC8C00688050 /* Build configuration list for PBXNativeTarget "MultisigTests" */ = {
			isa = XCConfigurationList;
			buildConfigurations = (
				0A93DD792445CC8C00688050 /* Debug */,
				0A93DD7A2445CC8C00688050 /* Release */,
			);
			defaultConfigurationIsVisible = 0;
			defaultConfigurationName = Release;
		};
		0A9BC35A2460581500EB9C5D /* Build configuration list for PBXNativeTarget "MultisigIntegrationTests" */ = {
			isa = XCConfigurationList;
			buildConfigurations = (
				0A9BC35B2460581500EB9C5D /* Debug */,
				0A9BC35C2460581500EB9C5D /* Release */,
			);
			defaultConfigurationIsVisible = 0;
			defaultConfigurationName = Release;
		};
/* End XCConfigurationList section */

/* Begin XCVersionGroup section */
		5556A03524489F37003EC861 /* Multisig.xcdatamodeld */ = {
			isa = XCVersionGroup;
			children = (
				5556A03624489F37003EC861 /* Multisig.xcdatamodel */,
			);
			currentVersion = 5556A03624489F37003EC861 /* Multisig.xcdatamodel */;
			path = Multisig.xcdatamodeld;
			sourceTree = "<group>";
			versionGroupType = wrapper.xcdatamodel;
		};
/* End XCVersionGroup section */
	};
	rootObject = 0A93DD4B2445CC8A00688050 /* Project object */;
}
