// !$*UTF8*$!
{
	archiveVersion = 1;
	classes = {
	};
	objectVersion = 50;
	objects = {

/* Begin PBXBuildFile section */
		0A14B2F520A2F33700C72761 /* MockDatabase.swift in Sources */ = {isa = PBXBuildFile; fileRef = 0A14B2F420A2F33700C72761 /* MockDatabase.swift */; };
		0A160BB420A0803100E064E1 /* SQLiteDatabase.swift in Sources */ = {isa = PBXBuildFile; fileRef = 0A160BA920A0803000E064E1 /* SQLiteDatabase.swift */; };
		0A160BB520A0803100E064E1 /* SQLiteConnection.swift in Sources */ = {isa = PBXBuildFile; fileRef = 0A160BAA20A0803000E064E1 /* SQLiteConnection.swift */; };
		0A160BB820A0803100E064E1 /* SQLiteResultSet.swift in Sources */ = {isa = PBXBuildFile; fileRef = 0A160BAD20A0803000E064E1 /* SQLiteResultSet.swift */; };
		0A160BB920A0803100E064E1 /* SQLiteStatement.swift in Sources */ = {isa = PBXBuildFile; fileRef = 0A160BAE20A0803000E064E1 /* SQLiteStatement.swift */; };
		0A160BBA20A0803100E064E1 /* CSQLite3.swift in Sources */ = {isa = PBXBuildFile; fileRef = 0A160BAF20A0803000E064E1 /* CSQLite3.swift */; };
		0A160BBC20A0803100E064E1 /* MockFileManager.swift in Sources */ = {isa = PBXBuildFile; fileRef = 0A160BB120A0803000E064E1 /* MockFileManager.swift */; };
		0A160BBD20A0803100E064E1 /* Database.swift in Sources */ = {isa = PBXBuildFile; fileRef = 0A160BB220A0803000E064E1 /* Database.swift */; };
		0A160BC720A0804500E064E1 /* libDatabase.a in Frameworks */ = {isa = PBXBuildFile; fileRef = 0A160B9220A07FE100E064E1 /* libDatabase.a */; };
		0A160BCE20A0805B00E064E1 /* SQLiteDatabaseIntegrationTests.swift in Sources */ = {isa = PBXBuildFile; fileRef = 0A160BA820A0803000E064E1 /* SQLiteDatabaseIntegrationTests.swift */; };
		0A160BCF20A0805B00E064E1 /* SQLiteDatabaseTests.swift in Sources */ = {isa = PBXBuildFile; fileRef = 0A160BAC20A0803000E064E1 /* SQLiteDatabaseTests.swift */; };
		0A160BD020A0805B00E064E1 /* CSQLite3ErrorTests.swift in Sources */ = {isa = PBXBuildFile; fileRef = 0A160BB020A0803000E064E1 /* CSQLite3ErrorTests.swift */; };
		0A160BD220A0807000E064E1 /* MockCSQLite3.swift in Sources */ = {isa = PBXBuildFile; fileRef = 0A160BAB20A0803000E064E1 /* MockCSQLite3.swift */; };
		0A3FADE6207B503B00F0D214 /* AbstractRegistry.swift in Sources */ = {isa = PBXBuildFile; fileRef = 0A3FADE5207B503B00F0D214 /* AbstractRegistry.swift */; };
		0A3FADF0207B504F00F0D214 /* libCommon.a in Frameworks */ = {isa = PBXBuildFile; fileRef = 0A3FADDB207B501F00F0D214 /* libCommon.a */; };
		0A3FADF8207B505E00F0D214 /* AbstractRegistryTests.swift in Sources */ = {isa = PBXBuildFile; fileRef = 0A3FADF6207B505B00F0D214 /* AbstractRegistryTests.swift */; };
		0A8E3BA320B419E000F002F6 /* libCommonImplementations.a in Frameworks */ = {isa = PBXBuildFile; fileRef = 0A8E3B9220B419CC00F002F6 /* libCommonImplementations.a */; };
		0A8E3BAD20B41AAF00F002F6 /* Logger.swift in Sources */ = {isa = PBXBuildFile; fileRef = 0A8E3BAC20B41AAF00F002F6 /* Logger.swift */; };
		0A8E3BBB20B41AED00F002F6 /* LoggableError.swift in Sources */ = {isa = PBXBuildFile; fileRef = 0A8E3BBA20B41AED00F002F6 /* LoggableError.swift */; };
		0A8E3BBD20B41AFA00F002F6 /* MockLogger.swift in Sources */ = {isa = PBXBuildFile; fileRef = 0A8E3BBC20B41AFA00F002F6 /* MockLogger.swift */; };
		0A8E3BCC20B41B0800F002F6 /* LogFormatter.swift in Sources */ = {isa = PBXBuildFile; fileRef = 0A8E3BC320B41B0800F002F6 /* LogFormatter.swift */; };
		0A8E3BCE20B41B0800F002F6 /* CrashlyticsLogger.swift in Sources */ = {isa = PBXBuildFile; fileRef = 0A8E3BC520B41B0800F002F6 /* CrashlyticsLogger.swift */; };
		0A8E3BCF20B41B0800F002F6 /* ConsoleLogger.swift in Sources */ = {isa = PBXBuildFile; fileRef = 0A8E3BC620B41B0800F002F6 /* ConsoleLogger.swift */; };
		0A8E3BD020B41B0800F002F6 /* LogService.swift in Sources */ = {isa = PBXBuildFile; fileRef = 0A8E3BC720B41B0800F002F6 /* LogService.swift */; };
		0A8E3BD220B41B2800F002F6 /* LoggableErrorTests.swift in Sources */ = {isa = PBXBuildFile; fileRef = 0A8E3BD120B41B2800F002F6 /* LoggableErrorTests.swift */; };
		0A8E3BD320B41B8600F002F6 /* ConsoleLoggerTests.swift in Sources */ = {isa = PBXBuildFile; fileRef = 0A8E3BC420B41B0800F002F6 /* ConsoleLoggerTests.swift */; };
		0A8E3BD420B41B8600F002F6 /* CrashlyticsLoggerTests.swift in Sources */ = {isa = PBXBuildFile; fileRef = 0A8E3BBF20B41B0800F002F6 /* CrashlyticsLoggerTests.swift */; };
		0A8E3BD520B41B8600F002F6 /* LogFormatterTests.swift in Sources */ = {isa = PBXBuildFile; fileRef = 0A8E3BC120B41B0800F002F6 /* LogFormatterTests.swift */; };
		0A8E3BD620B41B8600F002F6 /* LogServiceTests.swift in Sources */ = {isa = PBXBuildFile; fileRef = 0A8E3BC220B41B0800F002F6 /* LogServiceTests.swift */; };
		0A8E3BE420B41CA200F002F6 /* libCommon.a in Frameworks */ = {isa = PBXBuildFile; fileRef = 0A3FADDB207B501F00F0D214 /* libCommon.a */; };
		0A8E3BE520B41CA700F002F6 /* libCommonTestSupport.a in Frameworks */ = {isa = PBXBuildFile; fileRef = 0AC17580207B73A90016320A /* libCommonTestSupport.a */; };
		0A934D3020B703E400F15616 /* SecureStore.swift in Sources */ = {isa = PBXBuildFile; fileRef = 0A934D2F20B703E400F15616 /* SecureStore.swift */; };
		0A934D3620B7042300F15616 /* KeychainService.swift in Sources */ = {isa = PBXBuildFile; fileRef = 0A934D3220B7042300F15616 /* KeychainService.swift */; };
		0A934D3720B7042300F15616 /* MockKeychain.swift in Sources */ = {isa = PBXBuildFile; fileRef = 0A934D3320B7042300F15616 /* MockKeychain.swift */; };
		0A934D3920B7042300F15616 /* InMemorySecureStore.swift in Sources */ = {isa = PBXBuildFile; fileRef = 0A934D3520B7042300F15616 /* InMemorySecureStore.swift */; };
		0A934D3A20B7042A00F15616 /* KeychainServiceIntegrationTests.swift in Sources */ = {isa = PBXBuildFile; fileRef = 0A934D3420B7042300F15616 /* KeychainServiceIntegrationTests.swift */; };
		0AA0C873207B762A0019E282 /* TestError.swift in Sources */ = {isa = PBXBuildFile; fileRef = 0AA0C871207B762A0019E282 /* TestError.swift */; };
		0AA0C874207B762A0019E282 /* XCLocalizedString.swift in Sources */ = {isa = PBXBuildFile; fileRef = 0AA0C872207B762A0019E282 /* XCLocalizedString.swift */; };
		0AEF8A2A20A08147006A1265 /* libCommon.a in Frameworks */ = {isa = PBXBuildFile; fileRef = 0A3FADDB207B501F00F0D214 /* libCommon.a */; };
		0AEF8A2C20A0814F006A1265 /* libsqlite3.tbd in Frameworks */ = {isa = PBXBuildFile; fileRef = 0AEF8A2B20A0814F006A1265 /* libsqlite3.tbd */; };
		0AFFF41320809AA10030200C /* FoundationExtensions.swift in Sources */ = {isa = PBXBuildFile; fileRef = 0AFFF41220809AA10030200C /* FoundationExtensions.swift */; };
		0AFFF41520809BBE0030200C /* Assertable.swift in Sources */ = {isa = PBXBuildFile; fileRef = 0AFFF41420809BBE0030200C /* Assertable.swift */; };
		0AFFF41720809D040030200C /* FoundationExtensionsTests.swift in Sources */ = {isa = PBXBuildFile; fileRef = 0AFFF41620809D040030200C /* FoundationExtensionsTests.swift */; };
		0AFFF41920809D430030200C /* AssertableTests.swift in Sources */ = {isa = PBXBuildFile; fileRef = 0AFFF41820809D430030200C /* AssertableTests.swift */; };
		0AFFF4492084FB3D0030200C /* BaseID.swift in Sources */ = {isa = PBXBuildFile; fileRef = 0AFFF4482084FB3D0030200C /* BaseID.swift */; };
		0AFFF44B2084FB540030200C /* IdentifiableEntity.swift in Sources */ = {isa = PBXBuildFile; fileRef = 0AFFF44A2084FB540030200C /* IdentifiableEntity.swift */; };
/* End PBXBuildFile section */

/* Begin PBXContainerItemProxy section */
		0A160BC820A0804500E064E1 /* PBXContainerItemProxy */ = {
			isa = PBXContainerItemProxy;
			containerPortal = 0A3FADD3207B501F00F0D214 /* Project object */;
			proxyType = 1;
			remoteGlobalIDString = 0A160B9120A07FE100E064E1;
			remoteInfo = Database;
		};
		0A160BD320A080A500E064E1 /* PBXContainerItemProxy */ = {
			isa = PBXContainerItemProxy;
			containerPortal = 0A3FADD3207B501F00F0D214 /* Project object */;
			proxyType = 1;
			remoteGlobalIDString = 0A3FADDA207B501F00F0D214;
			remoteInfo = Common;
		};
		0A3FADF1207B504F00F0D214 /* PBXContainerItemProxy */ = {
			isa = PBXContainerItemProxy;
			containerPortal = 0A3FADD3207B501F00F0D214 /* Project object */;
			proxyType = 1;
			remoteGlobalIDString = 0A3FADDA207B501F00F0D214;
			remoteInfo = Common;
		};
		0A8E3BA420B419E000F002F6 /* PBXContainerItemProxy */ = {
			isa = PBXContainerItemProxy;
			containerPortal = 0A3FADD3207B501F00F0D214 /* Project object */;
			proxyType = 1;
			remoteGlobalIDString = 0A8E3B9120B419CC00F002F6;
			remoteInfo = CommonImplementations;
		};
		0A8E3BAA20B41A3000F002F6 /* PBXContainerItemProxy */ = {
			isa = PBXContainerItemProxy;
			containerPortal = 0A3FADD3207B501F00F0D214 /* Project object */;
			proxyType = 1;
			remoteGlobalIDString = 0A3FADDA207B501F00F0D214;
			remoteInfo = Common;
		};
/* End PBXContainerItemProxy section */

/* Begin PBXCopyFilesBuildPhase section */
		0A160B9020A07FE100E064E1 /* CopyFiles */ = {
			isa = PBXCopyFilesBuildPhase;
			buildActionMask = 2147483647;
			dstPath = "include/$(PRODUCT_NAME)";
			dstSubfolderSpec = 16;
			files = (
			);
			runOnlyForDeploymentPostprocessing = 0;
		};
		0A3FADD9207B501F00F0D214 /* CopyFiles */ = {
			isa = PBXCopyFilesBuildPhase;
			buildActionMask = 2147483647;
			dstPath = "include/$(PRODUCT_NAME)";
			dstSubfolderSpec = 16;
			files = (
			);
			runOnlyForDeploymentPostprocessing = 0;
		};
		0A8E3B9020B419CC00F002F6 /* CopyFiles */ = {
			isa = PBXCopyFilesBuildPhase;
			buildActionMask = 2147483647;
			dstPath = "include/$(PRODUCT_NAME)";
			dstSubfolderSpec = 16;
			files = (
			);
			runOnlyForDeploymentPostprocessing = 0;
		};
		0AC1757E207B73A90016320A /* CopyFiles */ = {
			isa = PBXCopyFilesBuildPhase;
			buildActionMask = 2147483647;
			dstPath = "include/$(PRODUCT_NAME)";
			dstSubfolderSpec = 16;
			files = (
			);
			runOnlyForDeploymentPostprocessing = 0;
		};
/* End PBXCopyFilesBuildPhase section */

/* Begin PBXFileReference section */
		0A14B2F420A2F33700C72761 /* MockDatabase.swift */ = {isa = PBXFileReference; lastKnownFileType = sourcecode.swift; path = MockDatabase.swift; sourceTree = "<group>"; };
		0A160B9220A07FE100E064E1 /* libDatabase.a */ = {isa = PBXFileReference; explicitFileType = archive.ar; includeInIndex = 0; path = libDatabase.a; sourceTree = BUILT_PRODUCTS_DIR; };
		0A160BA620A0803000E064E1 /* Database-Bridging-Header.h */ = {isa = PBXFileReference; lastKnownFileType = sourcecode.c.h; path = "Database-Bridging-Header.h"; sourceTree = "<group>"; };
		0A160BA820A0803000E064E1 /* SQLiteDatabaseIntegrationTests.swift */ = {isa = PBXFileReference; fileEncoding = 4; lastKnownFileType = sourcecode.swift; path = SQLiteDatabaseIntegrationTests.swift; sourceTree = "<group>"; };
		0A160BA920A0803000E064E1 /* SQLiteDatabase.swift */ = {isa = PBXFileReference; fileEncoding = 4; lastKnownFileType = sourcecode.swift; path = SQLiteDatabase.swift; sourceTree = "<group>"; };
		0A160BAA20A0803000E064E1 /* SQLiteConnection.swift */ = {isa = PBXFileReference; fileEncoding = 4; lastKnownFileType = sourcecode.swift; path = SQLiteConnection.swift; sourceTree = "<group>"; };
		0A160BAB20A0803000E064E1 /* MockCSQLite3.swift */ = {isa = PBXFileReference; fileEncoding = 4; lastKnownFileType = sourcecode.swift; path = MockCSQLite3.swift; sourceTree = "<group>"; };
		0A160BAC20A0803000E064E1 /* SQLiteDatabaseTests.swift */ = {isa = PBXFileReference; fileEncoding = 4; lastKnownFileType = sourcecode.swift; path = SQLiteDatabaseTests.swift; sourceTree = "<group>"; };
		0A160BAD20A0803000E064E1 /* SQLiteResultSet.swift */ = {isa = PBXFileReference; fileEncoding = 4; lastKnownFileType = sourcecode.swift; path = SQLiteResultSet.swift; sourceTree = "<group>"; };
		0A160BAE20A0803000E064E1 /* SQLiteStatement.swift */ = {isa = PBXFileReference; fileEncoding = 4; lastKnownFileType = sourcecode.swift; path = SQLiteStatement.swift; sourceTree = "<group>"; };
		0A160BAF20A0803000E064E1 /* CSQLite3.swift */ = {isa = PBXFileReference; fileEncoding = 4; lastKnownFileType = sourcecode.swift; path = CSQLite3.swift; sourceTree = "<group>"; };
		0A160BB020A0803000E064E1 /* CSQLite3ErrorTests.swift */ = {isa = PBXFileReference; fileEncoding = 4; lastKnownFileType = sourcecode.swift; path = CSQLite3ErrorTests.swift; sourceTree = "<group>"; };
		0A160BB120A0803000E064E1 /* MockFileManager.swift */ = {isa = PBXFileReference; fileEncoding = 4; lastKnownFileType = sourcecode.swift; path = MockFileManager.swift; sourceTree = "<group>"; };
		0A160BB220A0803000E064E1 /* Database.swift */ = {isa = PBXFileReference; fileEncoding = 4; lastKnownFileType = sourcecode.swift; path = Database.swift; sourceTree = "<group>"; };
		0A160BC220A0804500E064E1 /* DatabaseTests.xctest */ = {isa = PBXFileReference; explicitFileType = wrapper.cfbundle; includeInIndex = 0; path = DatabaseTests.xctest; sourceTree = BUILT_PRODUCTS_DIR; };
		0A160BC620A0804500E064E1 /* Info.plist */ = {isa = PBXFileReference; lastKnownFileType = text.plist.xml; path = Info.plist; sourceTree = "<group>"; };
		0A3FADDB207B501F00F0D214 /* libCommon.a */ = {isa = PBXFileReference; explicitFileType = archive.ar; includeInIndex = 0; path = libCommon.a; sourceTree = BUILT_PRODUCTS_DIR; };
		0A3FADE5207B503B00F0D214 /* AbstractRegistry.swift */ = {isa = PBXFileReference; lastKnownFileType = sourcecode.swift; path = AbstractRegistry.swift; sourceTree = "<group>"; };
		0A3FADEB207B504F00F0D214 /* CommonTests.xctest */ = {isa = PBXFileReference; explicitFileType = wrapper.cfbundle; includeInIndex = 0; path = CommonTests.xctest; sourceTree = BUILT_PRODUCTS_DIR; };
		0A3FADEF207B504F00F0D214 /* Tests-Info.plist */ = {isa = PBXFileReference; lastKnownFileType = text.plist.xml; path = "Tests-Info.plist"; sourceTree = "<group>"; };
		0A3FADF6207B505B00F0D214 /* AbstractRegistryTests.swift */ = {isa = PBXFileReference; lastKnownFileType = sourcecode.swift; path = AbstractRegistryTests.swift; sourceTree = "<group>"; };
		0A8E3B9220B419CC00F002F6 /* libCommonImplementations.a */ = {isa = PBXFileReference; explicitFileType = archive.ar; includeInIndex = 0; path = libCommonImplementations.a; sourceTree = BUILT_PRODUCTS_DIR; };
		0A8E3B9E20B419E000F002F6 /* CommonImplementationsTests.xctest */ = {isa = PBXFileReference; explicitFileType = wrapper.cfbundle; includeInIndex = 0; path = CommonImplementationsTests.xctest; sourceTree = BUILT_PRODUCTS_DIR; };
		0A8E3BA220B419E000F002F6 /* Tests-Info.plist */ = {isa = PBXFileReference; lastKnownFileType = text.plist.xml; path = "Tests-Info.plist"; sourceTree = "<group>"; };
		0A8E3BAC20B41AAF00F002F6 /* Logger.swift */ = {isa = PBXFileReference; fileEncoding = 4; lastKnownFileType = sourcecode.swift; path = Logger.swift; sourceTree = "<group>"; };
		0A8E3BBA20B41AED00F002F6 /* LoggableError.swift */ = {isa = PBXFileReference; fileEncoding = 4; lastKnownFileType = sourcecode.swift; path = LoggableError.swift; sourceTree = "<group>"; };
		0A8E3BBC20B41AFA00F002F6 /* MockLogger.swift */ = {isa = PBXFileReference; fileEncoding = 4; lastKnownFileType = sourcecode.swift; path = MockLogger.swift; sourceTree = "<group>"; };
		0A8E3BBF20B41B0800F002F6 /* CrashlyticsLoggerTests.swift */ = {isa = PBXFileReference; fileEncoding = 4; lastKnownFileType = sourcecode.swift; path = CrashlyticsLoggerTests.swift; sourceTree = "<group>"; };
		0A8E3BC120B41B0800F002F6 /* LogFormatterTests.swift */ = {isa = PBXFileReference; fileEncoding = 4; lastKnownFileType = sourcecode.swift; path = LogFormatterTests.swift; sourceTree = "<group>"; };
		0A8E3BC220B41B0800F002F6 /* LogServiceTests.swift */ = {isa = PBXFileReference; fileEncoding = 4; lastKnownFileType = sourcecode.swift; path = LogServiceTests.swift; sourceTree = "<group>"; };
		0A8E3BC320B41B0800F002F6 /* LogFormatter.swift */ = {isa = PBXFileReference; fileEncoding = 4; lastKnownFileType = sourcecode.swift; path = LogFormatter.swift; sourceTree = "<group>"; };
		0A8E3BC420B41B0800F002F6 /* ConsoleLoggerTests.swift */ = {isa = PBXFileReference; fileEncoding = 4; lastKnownFileType = sourcecode.swift; path = ConsoleLoggerTests.swift; sourceTree = "<group>"; };
		0A8E3BC520B41B0800F002F6 /* CrashlyticsLogger.swift */ = {isa = PBXFileReference; fileEncoding = 4; lastKnownFileType = sourcecode.swift; path = CrashlyticsLogger.swift; sourceTree = "<group>"; };
		0A8E3BC620B41B0800F002F6 /* ConsoleLogger.swift */ = {isa = PBXFileReference; fileEncoding = 4; lastKnownFileType = sourcecode.swift; path = ConsoleLogger.swift; sourceTree = "<group>"; };
		0A8E3BC720B41B0800F002F6 /* LogService.swift */ = {isa = PBXFileReference; fileEncoding = 4; lastKnownFileType = sourcecode.swift; path = LogService.swift; sourceTree = "<group>"; };
		0A8E3BD120B41B2800F002F6 /* LoggableErrorTests.swift */ = {isa = PBXFileReference; fileEncoding = 4; lastKnownFileType = sourcecode.swift; path = LoggableErrorTests.swift; sourceTree = "<group>"; };
		0A8E3BE320B41BF700F002F6 /* CommonImplementationsConfig.xcconfig */ = {isa = PBXFileReference; lastKnownFileType = text.xcconfig; path = CommonImplementationsConfig.xcconfig; sourceTree = "<group>"; };
		0A934D2F20B703E400F15616 /* SecureStore.swift */ = {isa = PBXFileReference; lastKnownFileType = sourcecode.swift; path = SecureStore.swift; sourceTree = "<group>"; };
		0A934D3220B7042300F15616 /* KeychainService.swift */ = {isa = PBXFileReference; fileEncoding = 4; lastKnownFileType = sourcecode.swift; path = KeychainService.swift; sourceTree = "<group>"; };
		0A934D3320B7042300F15616 /* MockKeychain.swift */ = {isa = PBXFileReference; fileEncoding = 4; lastKnownFileType = sourcecode.swift; path = MockKeychain.swift; sourceTree = "<group>"; };
		0A934D3420B7042300F15616 /* KeychainServiceIntegrationTests.swift */ = {isa = PBXFileReference; fileEncoding = 4; lastKnownFileType = sourcecode.swift; path = KeychainServiceIntegrationTests.swift; sourceTree = "<group>"; };
		0A934D3520B7042300F15616 /* InMemorySecureStore.swift */ = {isa = PBXFileReference; fileEncoding = 4; lastKnownFileType = sourcecode.swift; path = InMemorySecureStore.swift; sourceTree = "<group>"; };
		0AA0C871207B762A0019E282 /* TestError.swift */ = {isa = PBXFileReference; fileEncoding = 4; lastKnownFileType = sourcecode.swift; path = TestError.swift; sourceTree = "<group>"; };
		0AA0C872207B762A0019E282 /* XCLocalizedString.swift */ = {isa = PBXFileReference; fileEncoding = 4; lastKnownFileType = sourcecode.swift; path = XCLocalizedString.swift; sourceTree = "<group>"; };
		0AC17580207B73A90016320A /* libCommonTestSupport.a */ = {isa = PBXFileReference; explicitFileType = archive.ar; includeInIndex = 0; path = libCommonTestSupport.a; sourceTree = BUILT_PRODUCTS_DIR; };
		0AEF8A2B20A0814F006A1265 /* libsqlite3.tbd */ = {isa = PBXFileReference; lastKnownFileType = "sourcecode.text-based-dylib-definition"; name = libsqlite3.tbd; path = usr/lib/libsqlite3.tbd; sourceTree = SDKROOT; };
		0AFFF41220809AA10030200C /* FoundationExtensions.swift */ = {isa = PBXFileReference; lastKnownFileType = sourcecode.swift; path = FoundationExtensions.swift; sourceTree = "<group>"; };
		0AFFF41420809BBE0030200C /* Assertable.swift */ = {isa = PBXFileReference; lastKnownFileType = sourcecode.swift; path = Assertable.swift; sourceTree = "<group>"; };
		0AFFF41620809D040030200C /* FoundationExtensionsTests.swift */ = {isa = PBXFileReference; lastKnownFileType = sourcecode.swift; path = FoundationExtensionsTests.swift; sourceTree = "<group>"; };
		0AFFF41820809D430030200C /* AssertableTests.swift */ = {isa = PBXFileReference; lastKnownFileType = sourcecode.swift; path = AssertableTests.swift; sourceTree = "<group>"; };
		0AFFF4482084FB3D0030200C /* BaseID.swift */ = {isa = PBXFileReference; lastKnownFileType = sourcecode.swift; path = BaseID.swift; sourceTree = "<group>"; };
		0AFFF44A2084FB540030200C /* IdentifiableEntity.swift */ = {isa = PBXFileReference; lastKnownFileType = sourcecode.swift; path = IdentifiableEntity.swift; sourceTree = "<group>"; };
/* End PBXFileReference section */

/* Begin PBXFrameworksBuildPhase section */
		0A160B8F20A07FE100E064E1 /* Frameworks */ = {
			isa = PBXFrameworksBuildPhase;
			buildActionMask = 2147483647;
			files = (
			);
			runOnlyForDeploymentPostprocessing = 0;
		};
		0A160BBF20A0804500E064E1 /* Frameworks */ = {
			isa = PBXFrameworksBuildPhase;
			buildActionMask = 2147483647;
			files = (
				0AEF8A2C20A0814F006A1265 /* libsqlite3.tbd in Frameworks */,
				0AEF8A2A20A08147006A1265 /* libCommon.a in Frameworks */,
				0A160BC720A0804500E064E1 /* libDatabase.a in Frameworks */,
			);
			runOnlyForDeploymentPostprocessing = 0;
		};
		0A3FADD8207B501F00F0D214 /* Frameworks */ = {
			isa = PBXFrameworksBuildPhase;
			buildActionMask = 2147483647;
			files = (
			);
			runOnlyForDeploymentPostprocessing = 0;
		};
		0A3FADE8207B504F00F0D214 /* Frameworks */ = {
			isa = PBXFrameworksBuildPhase;
			buildActionMask = 2147483647;
			files = (
				0A3FADF0207B504F00F0D214 /* libCommon.a in Frameworks */,
			);
			runOnlyForDeploymentPostprocessing = 0;
		};
		0A8E3B8F20B419CC00F002F6 /* Frameworks */ = {
			isa = PBXFrameworksBuildPhase;
			buildActionMask = 2147483647;
			files = (
			);
			runOnlyForDeploymentPostprocessing = 0;
		};
		0A8E3B9B20B419E000F002F6 /* Frameworks */ = {
			isa = PBXFrameworksBuildPhase;
			buildActionMask = 2147483647;
			files = (
				0A8E3BE520B41CA700F002F6 /* libCommonTestSupport.a in Frameworks */,
				0A8E3BE420B41CA200F002F6 /* libCommon.a in Frameworks */,
				0A8E3BA320B419E000F002F6 /* libCommonImplementations.a in Frameworks */,
			);
			runOnlyForDeploymentPostprocessing = 0;
		};
		0AC1757D207B73A90016320A /* Frameworks */ = {
			isa = PBXFrameworksBuildPhase;
			buildActionMask = 2147483647;
			files = (
			);
			runOnlyForDeploymentPostprocessing = 0;
		};
/* End PBXFrameworksBuildPhase section */

/* Begin PBXGroup section */
		0A160B9320A07FE100E064E1 /* Database */ = {
			isa = PBXGroup;
			children = (
				0A160BB220A0803000E064E1 /* Database.swift */,
				0A160BA720A0803000E064E1 /* SQLite */,
				0A160BA620A0803000E064E1 /* Database-Bridging-Header.h */,
				0A14B2F420A2F33700C72761 /* MockDatabase.swift */,
			);
			path = Database;
			sourceTree = "<group>";
		};
		0A160BA720A0803000E064E1 /* SQLite */ = {
			isa = PBXGroup;
			children = (
				0A160BA820A0803000E064E1 /* SQLiteDatabaseIntegrationTests.swift */,
				0A160BA920A0803000E064E1 /* SQLiteDatabase.swift */,
				0A160BAA20A0803000E064E1 /* SQLiteConnection.swift */,
				0A160BAB20A0803000E064E1 /* MockCSQLite3.swift */,
				0A160BAC20A0803000E064E1 /* SQLiteDatabaseTests.swift */,
				0A160BAD20A0803000E064E1 /* SQLiteResultSet.swift */,
				0A160BAE20A0803000E064E1 /* SQLiteStatement.swift */,
				0A160BAF20A0803000E064E1 /* CSQLite3.swift */,
				0A160BB020A0803000E064E1 /* CSQLite3ErrorTests.swift */,
				0A160BB120A0803000E064E1 /* MockFileManager.swift */,
			);
			path = SQLite;
			sourceTree = "<group>";
		};
		0A160BC320A0804500E064E1 /* DatabaseTests */ = {
			isa = PBXGroup;
			children = (
				0A160BC620A0804500E064E1 /* Info.plist */,
			);
			path = DatabaseTests;
			sourceTree = "<group>";
		};
		0A3FADD2207B501F00F0D214 = {
			isa = PBXGroup;
			children = (
				0A3FADDD207B501F00F0D214 /* Common */,
				0AC17581207B73A90016320A /* CommonTestSupport */,
				0A160B9320A07FE100E064E1 /* Database */,
				0A160BC320A0804500E064E1 /* DatabaseTests */,
				0A8E3B9320B419CC00F002F6 /* CommonImplementations */,
				0A3FADDC207B501F00F0D214 /* Products */,
				0AEF8A2920A08147006A1265 /* Frameworks */,
			);
			sourceTree = "<group>";
		};
		0A3FADDC207B501F00F0D214 /* Products */ = {
			isa = PBXGroup;
			children = (
				0A3FADDB207B501F00F0D214 /* libCommon.a */,
				0A3FADEB207B504F00F0D214 /* CommonTests.xctest */,
				0AC17580207B73A90016320A /* libCommonTestSupport.a */,
				0A160B9220A07FE100E064E1 /* libDatabase.a */,
				0A160BC220A0804500E064E1 /* DatabaseTests.xctest */,
				0A8E3B9220B419CC00F002F6 /* libCommonImplementations.a */,
				0A8E3B9E20B419E000F002F6 /* CommonImplementationsTests.xctest */,
			);
			name = Products;
			sourceTree = "<group>";
		};
		0A3FADDD207B501F00F0D214 /* Common */ = {
			isa = PBXGroup;
			children = (
				0A3FADE5207B503B00F0D214 /* AbstractRegistry.swift */,
				0A3FADF6207B505B00F0D214 /* AbstractRegistryTests.swift */,
				0AFFF41420809BBE0030200C /* Assertable.swift */,
				0AFFF41820809D430030200C /* AssertableTests.swift */,
				0AFFF4482084FB3D0030200C /* BaseID.swift */,
				0AFFF41220809AA10030200C /* FoundationExtensions.swift */,
				0AFFF41620809D040030200C /* FoundationExtensionsTests.swift */,
				0AFFF44A2084FB540030200C /* IdentifiableEntity.swift */,
				0A8E3BBA20B41AED00F002F6 /* LoggableError.swift */,
				0A8E3BD120B41B2800F002F6 /* LoggableErrorTests.swift */,
				0A8E3BAC20B41AAF00F002F6 /* Logger.swift */,
				0A8E3BBC20B41AFA00F002F6 /* MockLogger.swift */,
				0A3FADEF207B504F00F0D214 /* Tests-Info.plist */,
				0A934D2F20B703E400F15616 /* SecureStore.swift */,
			);
			path = Common;
			sourceTree = "<group>";
		};
		0A8E3B9320B419CC00F002F6 /* CommonImplementations */ = {
			isa = PBXGroup;
			children = (
				0A8E3BE320B41BF700F002F6 /* CommonImplementationsConfig.xcconfig */,
				0A934D3120B7042300F15616 /* secureStore */,
				0A8E3BBE20B41B0800F002F6 /* logger */,
				0A8E3BA220B419E000F002F6 /* Tests-Info.plist */,
			);
			path = CommonImplementations;
			sourceTree = "<group>";
		};
		0A8E3BBE20B41B0800F002F6 /* logger */ = {
			isa = PBXGroup;
			children = (
				0A8E3BC620B41B0800F002F6 /* ConsoleLogger.swift */,
				0A8E3BC420B41B0800F002F6 /* ConsoleLoggerTests.swift */,
				0A8E3BC520B41B0800F002F6 /* CrashlyticsLogger.swift */,
				0A8E3BBF20B41B0800F002F6 /* CrashlyticsLoggerTests.swift */,
				0A8E3BC320B41B0800F002F6 /* LogFormatter.swift */,
				0A8E3BC120B41B0800F002F6 /* LogFormatterTests.swift */,
				0A8E3BC720B41B0800F002F6 /* LogService.swift */,
				0A8E3BC220B41B0800F002F6 /* LogServiceTests.swift */,
			);
			path = logger;
			sourceTree = "<group>";
		};
		0A934D3120B7042300F15616 /* secureStore */ = {
			isa = PBXGroup;
			children = (
				0A934D3520B7042300F15616 /* InMemorySecureStore.swift */,
				0A934D3220B7042300F15616 /* KeychainService.swift */,
				0A934D3420B7042300F15616 /* KeychainServiceIntegrationTests.swift */,
				0A934D3320B7042300F15616 /* MockKeychain.swift */,
			);
			path = secureStore;
			sourceTree = "<group>";
		};
		0AC17581207B73A90016320A /* CommonTestSupport */ = {
			isa = PBXGroup;
			children = (
				0AA0C871207B762A0019E282 /* TestError.swift */,
				0AA0C872207B762A0019E282 /* XCLocalizedString.swift */,
			);
			path = CommonTestSupport;
			sourceTree = "<group>";
		};
		0AEF8A2920A08147006A1265 /* Frameworks */ = {
			isa = PBXGroup;
			children = (
				0AEF8A2B20A0814F006A1265 /* libsqlite3.tbd */,
			);
			name = Frameworks;
			sourceTree = "<group>";
		};
/* End PBXGroup section */

/* Begin PBXNativeTarget section */
		0A160B9120A07FE100E064E1 /* Database */ = {
			isa = PBXNativeTarget;
			buildConfigurationList = 0A160B9920A07FE100E064E1 /* Build configuration list for PBXNativeTarget "Database" */;
			buildPhases = (
				0A160B8E20A07FE100E064E1 /* Sources */,
				0A160B8F20A07FE100E064E1 /* Frameworks */,
				0A160B9020A07FE100E064E1 /* CopyFiles */,
			);
			buildRules = (
			);
			dependencies = (
				0A160BD420A080A500E064E1 /* PBXTargetDependency */,
			);
			name = Database;
			productName = Database;
			productReference = 0A160B9220A07FE100E064E1 /* libDatabase.a */;
			productType = "com.apple.product-type.library.static";
		};
		0A160BC120A0804500E064E1 /* DatabaseTests */ = {
			isa = PBXNativeTarget;
			buildConfigurationList = 0A160BCA20A0804500E064E1 /* Build configuration list for PBXNativeTarget "DatabaseTests" */;
			buildPhases = (
				0A160BBE20A0804500E064E1 /* Sources */,
				0A160BBF20A0804500E064E1 /* Frameworks */,
				0A160BC020A0804500E064E1 /* Resources */,
			);
			buildRules = (
			);
			dependencies = (
				0A160BC920A0804500E064E1 /* PBXTargetDependency */,
			);
			name = DatabaseTests;
			productName = DatabaseTests;
			productReference = 0A160BC220A0804500E064E1 /* DatabaseTests.xctest */;
			productType = "com.apple.product-type.bundle.unit-test";
		};
		0A3FADDA207B501F00F0D214 /* Common */ = {
			isa = PBXNativeTarget;
			buildConfigurationList = 0A3FADE2207B501F00F0D214 /* Build configuration list for PBXNativeTarget "Common" */;
			buildPhases = (
				0A537C1E207D045900921FB9 /* Lint */,
				0A3FADD7207B501F00F0D214 /* Sources */,
				0A3FADD8207B501F00F0D214 /* Frameworks */,
				0A3FADD9207B501F00F0D214 /* CopyFiles */,
			);
			buildRules = (
			);
			dependencies = (
			);
			name = Common;
			productName = Common;
			productReference = 0A3FADDB207B501F00F0D214 /* libCommon.a */;
			productType = "com.apple.product-type.library.static";
		};
		0A3FADEA207B504F00F0D214 /* CommonTests */ = {
			isa = PBXNativeTarget;
			buildConfigurationList = 0A3FADF3207B504F00F0D214 /* Build configuration list for PBXNativeTarget "CommonTests" */;
			buildPhases = (
				0A3FADE7207B504F00F0D214 /* Sources */,
				0A3FADE8207B504F00F0D214 /* Frameworks */,
				0A3FADE9207B504F00F0D214 /* Resources */,
			);
			buildRules = (
			);
			dependencies = (
				0A3FADF2207B504F00F0D214 /* PBXTargetDependency */,
			);
			name = CommonTests;
			productName = CommonTests;
			productReference = 0A3FADEB207B504F00F0D214 /* CommonTests.xctest */;
			productType = "com.apple.product-type.bundle.unit-test";
		};
		0A8E3B9120B419CC00F002F6 /* CommonImplementations */ = {
			isa = PBXNativeTarget;
			buildConfigurationList = 0A8E3B9920B419CC00F002F6 /* Build configuration list for PBXNativeTarget "CommonImplementations" */;
			buildPhases = (
				0A8E3B8E20B419CC00F002F6 /* Sources */,
				0A8E3B8F20B419CC00F002F6 /* Frameworks */,
				0A8E3B9020B419CC00F002F6 /* CopyFiles */,
			);
			buildRules = (
			);
			dependencies = (
				0A8E3BAB20B41A3000F002F6 /* PBXTargetDependency */,
			);
			name = CommonImplementations;
			productName = CommonImplementations;
			productReference = 0A8E3B9220B419CC00F002F6 /* libCommonImplementations.a */;
			productType = "com.apple.product-type.library.static";
		};
		0A8E3B9D20B419E000F002F6 /* CommonImplementationsTests */ = {
			isa = PBXNativeTarget;
			buildConfigurationList = 0A8E3BA620B419E000F002F6 /* Build configuration list for PBXNativeTarget "CommonImplementationsTests" */;
			buildPhases = (
				0A8E3B9A20B419E000F002F6 /* Sources */,
				0A8E3B9B20B419E000F002F6 /* Frameworks */,
				0A8E3B9C20B419E000F002F6 /* Resources */,
			);
			buildRules = (
			);
			dependencies = (
				0A8E3BA520B419E000F002F6 /* PBXTargetDependency */,
			);
			name = CommonImplementationsTests;
			productName = CommonImplementationsTests;
			productReference = 0A8E3B9E20B419E000F002F6 /* CommonImplementationsTests.xctest */;
			productType = "com.apple.product-type.bundle.unit-test";
		};
		0AC1757F207B73A90016320A /* CommonTestSupport */ = {
			isa = PBXNativeTarget;
			buildConfigurationList = 0AC17584207B73A90016320A /* Build configuration list for PBXNativeTarget "CommonTestSupport" */;
			buildPhases = (
				0A537C1F207D046B00921FB9 /* Lint */,
				0AC1757C207B73A90016320A /* Sources */,
				0AC1757D207B73A90016320A /* Frameworks */,
				0AC1757E207B73A90016320A /* CopyFiles */,
			);
			buildRules = (
			);
			dependencies = (
			);
			name = CommonTestSupport;
			productName = CommonTestSupport;
			productReference = 0AC17580207B73A90016320A /* libCommonTestSupport.a */;
			productType = "com.apple.product-type.library.static";
		};
/* End PBXNativeTarget section */

/* Begin PBXProject section */
		0A3FADD3207B501F00F0D214 /* Project object */ = {
			isa = PBXProject;
			attributes = {
				LastSwiftUpdateCheck = 0930;
				LastUpgradeCheck = 0930;
				ORGANIZATIONNAME = "Gnosis Ltd";
				TargetAttributes = {
					0A160B9120A07FE100E064E1 = {
						CreatedOnToolsVersion = 9.3;
						LastSwiftMigration = 0930;
					};
					0A160BC120A0804500E064E1 = {
						CreatedOnToolsVersion = 9.3;
					};
					0A3FADDA207B501F00F0D214 = {
						CreatedOnToolsVersion = 9.3;
					};
					0A3FADEA207B504F00F0D214 = {
						CreatedOnToolsVersion = 9.3;
					};
					0A8E3B9120B419CC00F002F6 = {
						CreatedOnToolsVersion = 9.3.1;
					};
					0A8E3B9D20B419E000F002F6 = {
						CreatedOnToolsVersion = 9.3.1;
					};
					0AC1757F207B73A90016320A = {
						CreatedOnToolsVersion = 9.3;
					};
				};
			};
			buildConfigurationList = 0A3FADD6207B501F00F0D214 /* Build configuration list for PBXProject "Common" */;
			compatibilityVersion = "Xcode 9.3";
			developmentRegion = en;
			hasScannedForEncodings = 0;
			knownRegions = (
				en,
			);
			mainGroup = 0A3FADD2207B501F00F0D214;
			productRefGroup = 0A3FADDC207B501F00F0D214 /* Products */;
			projectDirPath = "";
			projectRoot = "";
			targets = (
				0A3FADDA207B501F00F0D214 /* Common */,
				0A3FADEA207B504F00F0D214 /* CommonTests */,
				0AC1757F207B73A90016320A /* CommonTestSupport */,
				0A160B9120A07FE100E064E1 /* Database */,
				0A160BC120A0804500E064E1 /* DatabaseTests */,
				0A8E3B9120B419CC00F002F6 /* CommonImplementations */,
				0A8E3B9D20B419E000F002F6 /* CommonImplementationsTests */,
			);
		};
/* End PBXProject section */

/* Begin PBXResourcesBuildPhase section */
		0A160BC020A0804500E064E1 /* Resources */ = {
			isa = PBXResourcesBuildPhase;
			buildActionMask = 2147483647;
			files = (
			);
			runOnlyForDeploymentPostprocessing = 0;
		};
		0A3FADE9207B504F00F0D214 /* Resources */ = {
			isa = PBXResourcesBuildPhase;
			buildActionMask = 2147483647;
			files = (
			);
			runOnlyForDeploymentPostprocessing = 0;
		};
		0A8E3B9C20B419E000F002F6 /* Resources */ = {
			isa = PBXResourcesBuildPhase;
			buildActionMask = 2147483647;
			files = (
			);
			runOnlyForDeploymentPostprocessing = 0;
		};
/* End PBXResourcesBuildPhase section */

/* Begin PBXShellScriptBuildPhase section */
		0A537C1E207D045900921FB9 /* Lint */ = {
			isa = PBXShellScriptBuildPhase;
			buildActionMask = 2147483647;
			files = (
			);
			inputPaths = (
			);
			name = Lint;
			outputPaths = (
			);
			runOnlyForDeploymentPostprocessing = 0;
			shellPath = /bin/sh;
			shellScript = "${SRCROOT}/../scripts/run_swiftlint.sh";
		};
		0A537C1F207D046B00921FB9 /* Lint */ = {
			isa = PBXShellScriptBuildPhase;
			buildActionMask = 2147483647;
			files = (
			);
			inputPaths = (
			);
			name = Lint;
			outputPaths = (
			);
			runOnlyForDeploymentPostprocessing = 0;
			shellPath = /bin/sh;
			shellScript = "${SRCROOT}/../scripts/run_swiftlint.sh";
		};
/* End PBXShellScriptBuildPhase section */

/* Begin PBXSourcesBuildPhase section */
		0A160B8E20A07FE100E064E1 /* Sources */ = {
			isa = PBXSourcesBuildPhase;
			buildActionMask = 2147483647;
			files = (
				0A160BB920A0803100E064E1 /* SQLiteStatement.swift in Sources */,
				0A14B2F520A2F33700C72761 /* MockDatabase.swift in Sources */,
				0A160BBD20A0803100E064E1 /* Database.swift in Sources */,
				0A160BBA20A0803100E064E1 /* CSQLite3.swift in Sources */,
				0A160BB520A0803100E064E1 /* SQLiteConnection.swift in Sources */,
				0A160BB820A0803100E064E1 /* SQLiteResultSet.swift in Sources */,
				0A160BB420A0803100E064E1 /* SQLiteDatabase.swift in Sources */,
				0A160BBC20A0803100E064E1 /* MockFileManager.swift in Sources */,
				0A160BD220A0807000E064E1 /* MockCSQLite3.swift in Sources */,
			);
			runOnlyForDeploymentPostprocessing = 0;
		};
		0A160BBE20A0804500E064E1 /* Sources */ = {
			isa = PBXSourcesBuildPhase;
			buildActionMask = 2147483647;
			files = (
				0A160BD020A0805B00E064E1 /* CSQLite3ErrorTests.swift in Sources */,
				0A160BCE20A0805B00E064E1 /* SQLiteDatabaseIntegrationTests.swift in Sources */,
				0A160BCF20A0805B00E064E1 /* SQLiteDatabaseTests.swift in Sources */,
			);
			runOnlyForDeploymentPostprocessing = 0;
		};
		0A3FADD7207B501F00F0D214 /* Sources */ = {
			isa = PBXSourcesBuildPhase;
			buildActionMask = 2147483647;
			files = (
				0AFFF41320809AA10030200C /* FoundationExtensions.swift in Sources */,
				0A8E3BBB20B41AED00F002F6 /* LoggableError.swift in Sources */,
				0A934D3020B703E400F15616 /* SecureStore.swift in Sources */,
				0A8E3BAD20B41AAF00F002F6 /* Logger.swift in Sources */,
				0AFFF44B2084FB540030200C /* IdentifiableEntity.swift in Sources */,
				0A3FADE6207B503B00F0D214 /* AbstractRegistry.swift in Sources */,
				0A8E3BBD20B41AFA00F002F6 /* MockLogger.swift in Sources */,
				0AFFF41520809BBE0030200C /* Assertable.swift in Sources */,
				0AFFF4492084FB3D0030200C /* BaseID.swift in Sources */,
			);
			runOnlyForDeploymentPostprocessing = 0;
		};
		0A3FADE7207B504F00F0D214 /* Sources */ = {
			isa = PBXSourcesBuildPhase;
			buildActionMask = 2147483647;
			files = (
				0AFFF41720809D040030200C /* FoundationExtensionsTests.swift in Sources */,
				0A8E3BD220B41B2800F002F6 /* LoggableErrorTests.swift in Sources */,
				0A3FADF8207B505E00F0D214 /* AbstractRegistryTests.swift in Sources */,
				0AFFF41920809D430030200C /* AssertableTests.swift in Sources */,
			);
			runOnlyForDeploymentPostprocessing = 0;
		};
		0A8E3B8E20B419CC00F002F6 /* Sources */ = {
			isa = PBXSourcesBuildPhase;
			buildActionMask = 2147483647;
			files = (
				0A934D3920B7042300F15616 /* InMemorySecureStore.swift in Sources */,
				0A8E3BD020B41B0800F002F6 /* LogService.swift in Sources */,
				0A934D3720B7042300F15616 /* MockKeychain.swift in Sources */,
				0A8E3BCE20B41B0800F002F6 /* CrashlyticsLogger.swift in Sources */,
				0A8E3BCF20B41B0800F002F6 /* ConsoleLogger.swift in Sources */,
				0A934D3620B7042300F15616 /* KeychainService.swift in Sources */,
				0A8E3BCC20B41B0800F002F6 /* LogFormatter.swift in Sources */,
			);
			runOnlyForDeploymentPostprocessing = 0;
		};
		0A8E3B9A20B419E000F002F6 /* Sources */ = {
			isa = PBXSourcesBuildPhase;
			buildActionMask = 2147483647;
			files = (
				0A934D3A20B7042A00F15616 /* KeychainServiceIntegrationTests.swift in Sources */,
				0A8E3BD320B41B8600F002F6 /* ConsoleLoggerTests.swift in Sources */,
				0A8E3BD520B41B8600F002F6 /* LogFormatterTests.swift in Sources */,
				0A8E3BD620B41B8600F002F6 /* LogServiceTests.swift in Sources */,
				0A8E3BD420B41B8600F002F6 /* CrashlyticsLoggerTests.swift in Sources */,
			);
			runOnlyForDeploymentPostprocessing = 0;
		};
		0AC1757C207B73A90016320A /* Sources */ = {
			isa = PBXSourcesBuildPhase;
			buildActionMask = 2147483647;
			files = (
				0AA0C873207B762A0019E282 /* TestError.swift in Sources */,
				0AA0C874207B762A0019E282 /* XCLocalizedString.swift in Sources */,
			);
			runOnlyForDeploymentPostprocessing = 0;
		};
/* End PBXSourcesBuildPhase section */

/* Begin PBXTargetDependency section */
		0A160BC920A0804500E064E1 /* PBXTargetDependency */ = {
			isa = PBXTargetDependency;
			target = 0A160B9120A07FE100E064E1 /* Database */;
			targetProxy = 0A160BC820A0804500E064E1 /* PBXContainerItemProxy */;
		};
		0A160BD420A080A500E064E1 /* PBXTargetDependency */ = {
			isa = PBXTargetDependency;
			target = 0A3FADDA207B501F00F0D214 /* Common */;
			targetProxy = 0A160BD320A080A500E064E1 /* PBXContainerItemProxy */;
		};
		0A3FADF2207B504F00F0D214 /* PBXTargetDependency */ = {
			isa = PBXTargetDependency;
			target = 0A3FADDA207B501F00F0D214 /* Common */;
			targetProxy = 0A3FADF1207B504F00F0D214 /* PBXContainerItemProxy */;
		};
		0A8E3BA520B419E000F002F6 /* PBXTargetDependency */ = {
			isa = PBXTargetDependency;
			target = 0A8E3B9120B419CC00F002F6 /* CommonImplementations */;
			targetProxy = 0A8E3BA420B419E000F002F6 /* PBXContainerItemProxy */;
		};
		0A8E3BAB20B41A3000F002F6 /* PBXTargetDependency */ = {
			isa = PBXTargetDependency;
			target = 0A3FADDA207B501F00F0D214 /* Common */;
			targetProxy = 0A8E3BAA20B41A3000F002F6 /* PBXContainerItemProxy */;
		};
/* End PBXTargetDependency section */

/* Begin XCBuildConfiguration section */
		0A160B9620A07FE100E064E1 /* Debug */ = {
			isa = XCBuildConfiguration;
			buildSettings = {
				CLANG_ENABLE_MODULES = YES;
				CODE_SIGN_STYLE = Automatic;
				DEVELOPMENT_TEAM = MBAHRQRF52;
				LD_RUNPATH_SEARCH_PATHS = (
					"$(inherited)",
					"@executable_path/Frameworks",
					"@loader_path/Frameworks",
				);
				OTHER_LDFLAGS = "-ObjC";
				PRODUCT_NAME = "$(TARGET_NAME)";
				SKIP_INSTALL = YES;
				SWIFT_OBJC_BRIDGING_HEADER = "Database/Database-Bridging-Header.h";
				SWIFT_OPTIMIZATION_LEVEL = "-Onone";
				SWIFT_VERSION = 4.0;
				TARGETED_DEVICE_FAMILY = "1,2";
			};
			name = Debug;
		};
		0A160B9720A07FE100E064E1 /* AdHoc */ = {
			isa = XCBuildConfiguration;
			buildSettings = {
				CLANG_ENABLE_MODULES = YES;
				CODE_SIGN_STYLE = Automatic;
				DEVELOPMENT_TEAM = MBAHRQRF52;
				LD_RUNPATH_SEARCH_PATHS = (
					"$(inherited)",
					"@executable_path/Frameworks",
					"@loader_path/Frameworks",
				);
				OTHER_LDFLAGS = "-ObjC";
				PRODUCT_NAME = "$(TARGET_NAME)";
				SKIP_INSTALL = YES;
				SWIFT_OBJC_BRIDGING_HEADER = "Database/Database-Bridging-Header.h";
				SWIFT_OPTIMIZATION_LEVEL = "-Onone";
				SWIFT_VERSION = 4.0;
				TARGETED_DEVICE_FAMILY = "1,2";
			};
			name = AdHoc;
		};
		0A160B9820A07FE100E064E1 /* Release */ = {
			isa = XCBuildConfiguration;
			buildSettings = {
				CLANG_ENABLE_MODULES = YES;
				CODE_SIGN_STYLE = Automatic;
				DEVELOPMENT_TEAM = MBAHRQRF52;
				LD_RUNPATH_SEARCH_PATHS = (
					"$(inherited)",
					"@executable_path/Frameworks",
					"@loader_path/Frameworks",
				);
				OTHER_LDFLAGS = "-ObjC";
				PRODUCT_NAME = "$(TARGET_NAME)";
				SKIP_INSTALL = YES;
				SWIFT_OBJC_BRIDGING_HEADER = "Database/Database-Bridging-Header.h";
				SWIFT_VERSION = 4.0;
				TARGETED_DEVICE_FAMILY = "1,2";
			};
			name = Release;
		};
		0A160BCB20A0804500E064E1 /* Debug */ = {
			isa = XCBuildConfiguration;
			buildSettings = {
				CODE_SIGN_STYLE = Automatic;
				DEVELOPMENT_TEAM = MBAHRQRF52;
				INFOPLIST_FILE = DatabaseTests/Info.plist;
				IPHONEOS_DEPLOYMENT_TARGET = 11.3;
				LD_RUNPATH_SEARCH_PATHS = (
					"$(inherited)",
					"@executable_path/Frameworks",
					"@loader_path/Frameworks",
				);
				PRODUCT_BUNDLE_IDENTIFIER = pm.gnosis.DatabaseTests;
				PRODUCT_NAME = "$(TARGET_NAME)";
				SWIFT_VERSION = 4.0;
				TARGETED_DEVICE_FAMILY = "1,2";
			};
			name = Debug;
		};
		0A160BCC20A0804500E064E1 /* AdHoc */ = {
			isa = XCBuildConfiguration;
			buildSettings = {
				CODE_SIGN_STYLE = Automatic;
				DEVELOPMENT_TEAM = MBAHRQRF52;
				INFOPLIST_FILE = DatabaseTests/Info.plist;
				IPHONEOS_DEPLOYMENT_TARGET = 11.3;
				LD_RUNPATH_SEARCH_PATHS = (
					"$(inherited)",
					"@executable_path/Frameworks",
					"@loader_path/Frameworks",
				);
				PRODUCT_BUNDLE_IDENTIFIER = pm.gnosis.DatabaseTests;
				PRODUCT_NAME = "$(TARGET_NAME)";
				SWIFT_VERSION = 4.0;
				TARGETED_DEVICE_FAMILY = "1,2";
			};
			name = AdHoc;
		};
		0A160BCD20A0804500E064E1 /* Release */ = {
			isa = XCBuildConfiguration;
			buildSettings = {
				CODE_SIGN_STYLE = Automatic;
				DEVELOPMENT_TEAM = MBAHRQRF52;
				INFOPLIST_FILE = DatabaseTests/Info.plist;
				IPHONEOS_DEPLOYMENT_TARGET = 11.3;
				LD_RUNPATH_SEARCH_PATHS = (
					"$(inherited)",
					"@executable_path/Frameworks",
					"@loader_path/Frameworks",
				);
				PRODUCT_BUNDLE_IDENTIFIER = pm.gnosis.DatabaseTests;
				PRODUCT_NAME = "$(TARGET_NAME)";
				SWIFT_VERSION = 4.0;
				TARGETED_DEVICE_FAMILY = "1,2";
			};
			name = Release;
		};
		0A3FADE0207B501F00F0D214 /* Debug */ = {
			isa = XCBuildConfiguration;
			buildSettings = {
				ALWAYS_SEARCH_USER_PATHS = NO;
				CLANG_ANALYZER_NONNULL = YES;
				CLANG_ANALYZER_NUMBER_OBJECT_CONVERSION = YES_AGGRESSIVE;
				CLANG_CXX_LANGUAGE_STANDARD = "gnu++14";
				CLANG_CXX_LIBRARY = "libc++";
				CLANG_ENABLE_MODULES = YES;
				CLANG_ENABLE_OBJC_ARC = YES;
				CLANG_ENABLE_OBJC_WEAK = YES;
				CLANG_WARN_BLOCK_CAPTURE_AUTORELEASING = YES;
				CLANG_WARN_BOOL_CONVERSION = YES;
				CLANG_WARN_COMMA = YES;
				CLANG_WARN_CONSTANT_CONVERSION = YES;
				CLANG_WARN_DEPRECATED_OBJC_IMPLEMENTATIONS = YES;
				CLANG_WARN_DIRECT_OBJC_ISA_USAGE = YES_ERROR;
				CLANG_WARN_DOCUMENTATION_COMMENTS = YES;
				CLANG_WARN_EMPTY_BODY = YES;
				CLANG_WARN_ENUM_CONVERSION = YES;
				CLANG_WARN_INFINITE_RECURSION = YES;
				CLANG_WARN_INT_CONVERSION = YES;
				CLANG_WARN_NON_LITERAL_NULL_CONVERSION = YES;
				CLANG_WARN_OBJC_IMPLICIT_RETAIN_SELF = YES;
				CLANG_WARN_OBJC_LITERAL_CONVERSION = YES;
				CLANG_WARN_OBJC_ROOT_CLASS = YES_ERROR;
				CLANG_WARN_RANGE_LOOP_ANALYSIS = YES;
				CLANG_WARN_STRICT_PROTOTYPES = YES;
				CLANG_WARN_SUSPICIOUS_MOVE = YES;
				CLANG_WARN_UNGUARDED_AVAILABILITY = YES_AGGRESSIVE;
				CLANG_WARN_UNREACHABLE_CODE = YES;
				CLANG_WARN__DUPLICATE_METHOD_MATCH = YES;
				CODE_SIGN_IDENTITY = "iPhone Developer";
				COPY_PHASE_STRIP = NO;
				DEBUG_INFORMATION_FORMAT = dwarf;
				ENABLE_STRICT_OBJC_MSGSEND = YES;
				ENABLE_TESTABILITY = YES;
				GCC_C_LANGUAGE_STANDARD = gnu11;
				GCC_DYNAMIC_NO_PIC = NO;
				GCC_NO_COMMON_BLOCKS = YES;
				GCC_OPTIMIZATION_LEVEL = 0;
				GCC_PREPROCESSOR_DEFINITIONS = (
					"DEBUG=1",
					"$(inherited)",
				);
				GCC_WARN_64_TO_32_BIT_CONVERSION = YES;
				GCC_WARN_ABOUT_RETURN_TYPE = YES_ERROR;
				GCC_WARN_UNDECLARED_SELECTOR = YES;
				GCC_WARN_UNINITIALIZED_AUTOS = YES_AGGRESSIVE;
				GCC_WARN_UNUSED_FUNCTION = YES;
				GCC_WARN_UNUSED_VARIABLE = YES;
				IPHONEOS_DEPLOYMENT_TARGET = 10.0;
				MTL_ENABLE_DEBUG_INFO = YES;
				ONLY_ACTIVE_ARCH = YES;
				SDKROOT = iphoneos;
				SWIFT_ACTIVE_COMPILATION_CONDITIONS = DEBUG;
				SWIFT_OPTIMIZATION_LEVEL = "-Onone";
			};
			name = Debug;
		};
		0A3FADE1207B501F00F0D214 /* Release */ = {
			isa = XCBuildConfiguration;
			buildSettings = {
				ALWAYS_SEARCH_USER_PATHS = NO;
				CLANG_ANALYZER_NONNULL = YES;
				CLANG_ANALYZER_NUMBER_OBJECT_CONVERSION = YES_AGGRESSIVE;
				CLANG_CXX_LANGUAGE_STANDARD = "gnu++14";
				CLANG_CXX_LIBRARY = "libc++";
				CLANG_ENABLE_MODULES = YES;
				CLANG_ENABLE_OBJC_ARC = YES;
				CLANG_ENABLE_OBJC_WEAK = YES;
				CLANG_WARN_BLOCK_CAPTURE_AUTORELEASING = YES;
				CLANG_WARN_BOOL_CONVERSION = YES;
				CLANG_WARN_COMMA = YES;
				CLANG_WARN_CONSTANT_CONVERSION = YES;
				CLANG_WARN_DEPRECATED_OBJC_IMPLEMENTATIONS = YES;
				CLANG_WARN_DIRECT_OBJC_ISA_USAGE = YES_ERROR;
				CLANG_WARN_DOCUMENTATION_COMMENTS = YES;
				CLANG_WARN_EMPTY_BODY = YES;
				CLANG_WARN_ENUM_CONVERSION = YES;
				CLANG_WARN_INFINITE_RECURSION = YES;
				CLANG_WARN_INT_CONVERSION = YES;
				CLANG_WARN_NON_LITERAL_NULL_CONVERSION = YES;
				CLANG_WARN_OBJC_IMPLICIT_RETAIN_SELF = YES;
				CLANG_WARN_OBJC_LITERAL_CONVERSION = YES;
				CLANG_WARN_OBJC_ROOT_CLASS = YES_ERROR;
				CLANG_WARN_RANGE_LOOP_ANALYSIS = YES;
				CLANG_WARN_STRICT_PROTOTYPES = YES;
				CLANG_WARN_SUSPICIOUS_MOVE = YES;
				CLANG_WARN_UNGUARDED_AVAILABILITY = YES_AGGRESSIVE;
				CLANG_WARN_UNREACHABLE_CODE = YES;
				CLANG_WARN__DUPLICATE_METHOD_MATCH = YES;
				CODE_SIGN_IDENTITY = "iPhone Developer";
				COPY_PHASE_STRIP = NO;
				DEBUG_INFORMATION_FORMAT = "dwarf-with-dsym";
				ENABLE_NS_ASSERTIONS = NO;
				ENABLE_STRICT_OBJC_MSGSEND = YES;
				GCC_C_LANGUAGE_STANDARD = gnu11;
				GCC_NO_COMMON_BLOCKS = YES;
				GCC_WARN_64_TO_32_BIT_CONVERSION = YES;
				GCC_WARN_ABOUT_RETURN_TYPE = YES_ERROR;
				GCC_WARN_UNDECLARED_SELECTOR = YES;
				GCC_WARN_UNINITIALIZED_AUTOS = YES_AGGRESSIVE;
				GCC_WARN_UNUSED_FUNCTION = YES;
				GCC_WARN_UNUSED_VARIABLE = YES;
				IPHONEOS_DEPLOYMENT_TARGET = 10.0;
				MTL_ENABLE_DEBUG_INFO = NO;
				SDKROOT = iphoneos;
				SWIFT_COMPILATION_MODE = wholemodule;
				SWIFT_OPTIMIZATION_LEVEL = "-O";
				VALIDATE_PRODUCT = YES;
			};
			name = Release;
		};
		0A3FADE3207B501F00F0D214 /* Debug */ = {
			isa = XCBuildConfiguration;
			buildSettings = {
				CODE_SIGN_STYLE = Automatic;
				DEVELOPMENT_TEAM = MBAHRQRF52;
				OTHER_LDFLAGS = "-ObjC";
				PRODUCT_NAME = "$(TARGET_NAME)";
				SKIP_INSTALL = YES;
				SWIFT_VERSION = 4.0;
				TARGETED_DEVICE_FAMILY = "1,2";
			};
			name = Debug;
		};
		0A3FADE4207B501F00F0D214 /* Release */ = {
			isa = XCBuildConfiguration;
			buildSettings = {
				CODE_SIGN_STYLE = Automatic;
				DEVELOPMENT_TEAM = MBAHRQRF52;
				OTHER_LDFLAGS = "-ObjC";
				PRODUCT_NAME = "$(TARGET_NAME)";
				SKIP_INSTALL = YES;
				SWIFT_VERSION = 4.0;
				TARGETED_DEVICE_FAMILY = "1,2";
			};
			name = Release;
		};
		0A3FADF4207B504F00F0D214 /* Debug */ = {
			isa = XCBuildConfiguration;
			buildSettings = {
				CODE_SIGN_STYLE = Automatic;
				DEVELOPMENT_TEAM = MBAHRQRF52;
				INFOPLIST_FILE = "Common/Tests-Info.plist";
				LD_RUNPATH_SEARCH_PATHS = (
					"$(inherited)",
					"@executable_path/Frameworks",
					"@loader_path/Frameworks",
				);
				PRODUCT_BUNDLE_IDENTIFIER = pm.gnosis.CommonTests;
				PRODUCT_NAME = "$(TARGET_NAME)";
				SWIFT_VERSION = 4.0;
				TARGETED_DEVICE_FAMILY = "1,2";
			};
			name = Debug;
		};
		0A3FADF5207B504F00F0D214 /* Release */ = {
			isa = XCBuildConfiguration;
			buildSettings = {
				CODE_SIGN_STYLE = Automatic;
				DEVELOPMENT_TEAM = MBAHRQRF52;
				INFOPLIST_FILE = "Common/Tests-Info.plist";
				LD_RUNPATH_SEARCH_PATHS = (
					"$(inherited)",
					"@executable_path/Frameworks",
					"@loader_path/Frameworks",
				);
				PRODUCT_BUNDLE_IDENTIFIER = pm.gnosis.CommonTests;
				PRODUCT_NAME = "$(TARGET_NAME)";
				SWIFT_VERSION = 4.0;
				TARGETED_DEVICE_FAMILY = "1,2";
			};
			name = Release;
		};
		0A467034207E58C100F55ADE /* AdHoc */ = {
			isa = XCBuildConfiguration;
			buildSettings = {
				ALWAYS_SEARCH_USER_PATHS = NO;
				CLANG_ANALYZER_NONNULL = YES;
				CLANG_ANALYZER_NUMBER_OBJECT_CONVERSION = YES_AGGRESSIVE;
				CLANG_CXX_LANGUAGE_STANDARD = "gnu++14";
				CLANG_CXX_LIBRARY = "libc++";
				CLANG_ENABLE_MODULES = YES;
				CLANG_ENABLE_OBJC_ARC = YES;
				CLANG_ENABLE_OBJC_WEAK = YES;
				CLANG_WARN_BLOCK_CAPTURE_AUTORELEASING = YES;
				CLANG_WARN_BOOL_CONVERSION = YES;
				CLANG_WARN_COMMA = YES;
				CLANG_WARN_CONSTANT_CONVERSION = YES;
				CLANG_WARN_DEPRECATED_OBJC_IMPLEMENTATIONS = YES;
				CLANG_WARN_DIRECT_OBJC_ISA_USAGE = YES_ERROR;
				CLANG_WARN_DOCUMENTATION_COMMENTS = YES;
				CLANG_WARN_EMPTY_BODY = YES;
				CLANG_WARN_ENUM_CONVERSION = YES;
				CLANG_WARN_INFINITE_RECURSION = YES;
				CLANG_WARN_INT_CONVERSION = YES;
				CLANG_WARN_NON_LITERAL_NULL_CONVERSION = YES;
				CLANG_WARN_OBJC_IMPLICIT_RETAIN_SELF = YES;
				CLANG_WARN_OBJC_LITERAL_CONVERSION = YES;
				CLANG_WARN_OBJC_ROOT_CLASS = YES_ERROR;
				CLANG_WARN_RANGE_LOOP_ANALYSIS = YES;
				CLANG_WARN_STRICT_PROTOTYPES = YES;
				CLANG_WARN_SUSPICIOUS_MOVE = YES;
				CLANG_WARN_UNGUARDED_AVAILABILITY = YES_AGGRESSIVE;
				CLANG_WARN_UNREACHABLE_CODE = YES;
				CLANG_WARN__DUPLICATE_METHOD_MATCH = YES;
				CODE_SIGN_IDENTITY = "iPhone Developer";
				COPY_PHASE_STRIP = NO;
				DEBUG_INFORMATION_FORMAT = dwarf;
				ENABLE_STRICT_OBJC_MSGSEND = YES;
				ENABLE_TESTABILITY = YES;
				GCC_C_LANGUAGE_STANDARD = gnu11;
				GCC_DYNAMIC_NO_PIC = NO;
				GCC_NO_COMMON_BLOCKS = YES;
				GCC_OPTIMIZATION_LEVEL = 0;
				GCC_PREPROCESSOR_DEFINITIONS = (
					"DEBUG=1",
					"$(inherited)",
				);
				GCC_WARN_64_TO_32_BIT_CONVERSION = YES;
				GCC_WARN_ABOUT_RETURN_TYPE = YES_ERROR;
				GCC_WARN_UNDECLARED_SELECTOR = YES;
				GCC_WARN_UNINITIALIZED_AUTOS = YES_AGGRESSIVE;
				GCC_WARN_UNUSED_FUNCTION = YES;
				GCC_WARN_UNUSED_VARIABLE = YES;
				IPHONEOS_DEPLOYMENT_TARGET = 10.0;
				MTL_ENABLE_DEBUG_INFO = YES;
				SDKROOT = iphoneos;
				SWIFT_ACTIVE_COMPILATION_CONDITIONS = DEBUG;
				SWIFT_OPTIMIZATION_LEVEL = "-Onone";
			};
			name = AdHoc;
		};
		0A467035207E58C100F55ADE /* AdHoc */ = {
			isa = XCBuildConfiguration;
			buildSettings = {
				CODE_SIGN_STYLE = Automatic;
				DEVELOPMENT_TEAM = MBAHRQRF52;
				OTHER_LDFLAGS = "-ObjC";
				PRODUCT_NAME = "$(TARGET_NAME)";
				SKIP_INSTALL = YES;
				SWIFT_VERSION = 4.0;
				TARGETED_DEVICE_FAMILY = "1,2";
			};
			name = AdHoc;
		};
		0A467036207E58C100F55ADE /* AdHoc */ = {
			isa = XCBuildConfiguration;
			buildSettings = {
				CODE_SIGN_STYLE = Automatic;
				DEVELOPMENT_TEAM = MBAHRQRF52;
				INFOPLIST_FILE = "Common/Tests-Info.plist";
				LD_RUNPATH_SEARCH_PATHS = (
					"$(inherited)",
					"@executable_path/Frameworks",
					"@loader_path/Frameworks",
				);
				PRODUCT_BUNDLE_IDENTIFIER = pm.gnosis.CommonTests;
				PRODUCT_NAME = "$(TARGET_NAME)";
				SWIFT_VERSION = 4.0;
				TARGETED_DEVICE_FAMILY = "1,2";
			};
			name = AdHoc;
		};
		0A467037207E58C100F55ADE /* AdHoc */ = {
			isa = XCBuildConfiguration;
			buildSettings = {
				CODE_SIGN_STYLE = Automatic;
				DEVELOPMENT_TEAM = MBAHRQRF52;
				IPHONEOS_DEPLOYMENT_TARGET = 10.0;
				OTHER_LDFLAGS = "-ObjC";
				PRODUCT_NAME = "$(TARGET_NAME)";
				SKIP_INSTALL = YES;
				SWIFT_VERSION = 4.0;
				TARGETED_DEVICE_FAMILY = "1,2";
			};
			name = AdHoc;
		};
		0A8E3B9620B419CC00F002F6 /* Debug */ = {
			isa = XCBuildConfiguration;
			baseConfigurationReference = 0A8E3BE320B41BF700F002F6 /* CommonImplementationsConfig.xcconfig */;
			buildSettings = {
				CODE_SIGN_STYLE = Automatic;
				DEVELOPMENT_TEAM = MBAHRQRF52;
				OTHER_LDFLAGS = "-ObjC";
				PRODUCT_NAME = "$(TARGET_NAME)";
				SKIP_INSTALL = YES;
				SWIFT_VERSION = 4.0;
				TARGETED_DEVICE_FAMILY = "1,2";
			};
			name = Debug;
		};
		0A8E3B9720B419CC00F002F6 /* AdHoc */ = {
			isa = XCBuildConfiguration;
			baseConfigurationReference = 0A8E3BE320B41BF700F002F6 /* CommonImplementationsConfig.xcconfig */;
			buildSettings = {
				CODE_SIGN_STYLE = Automatic;
				DEVELOPMENT_TEAM = MBAHRQRF52;
				OTHER_LDFLAGS = "-ObjC";
				PRODUCT_NAME = "$(TARGET_NAME)";
				SKIP_INSTALL = YES;
				SWIFT_VERSION = 4.0;
				TARGETED_DEVICE_FAMILY = "1,2";
			};
			name = AdHoc;
		};
		0A8E3B9820B419CC00F002F6 /* Release */ = {
			isa = XCBuildConfiguration;
			baseConfigurationReference = 0A8E3BE320B41BF700F002F6 /* CommonImplementationsConfig.xcconfig */;
			buildSettings = {
				CODE_SIGN_STYLE = Automatic;
				DEVELOPMENT_TEAM = MBAHRQRF52;
				OTHER_LDFLAGS = "-ObjC";
				PRODUCT_NAME = "$(TARGET_NAME)";
				SKIP_INSTALL = YES;
				SWIFT_VERSION = 4.0;
				TARGETED_DEVICE_FAMILY = "1,2";
			};
			name = Release;
		};
		0A8E3BA720B419E000F002F6 /* Debug */ = {
			isa = XCBuildConfiguration;
			baseConfigurationReference = 0A8E3BE320B41BF700F002F6 /* CommonImplementationsConfig.xcconfig */;
			buildSettings = {
				CODE_SIGN_STYLE = Automatic;
				DEVELOPMENT_TEAM = MBAHRQRF52;
				INFOPLIST_FILE = "CommonImplementations/Tests-Info.plist";
				IPHONEOS_DEPLOYMENT_TARGET = 11.3;
				LD_RUNPATH_SEARCH_PATHS = (
					"$(inherited)",
					"@executable_path/Frameworks",
					"@loader_path/Frameworks",
				);
				PRODUCT_BUNDLE_IDENTIFIER = pm.gnosis.CommonImplementationsTests;
				PRODUCT_NAME = "$(TARGET_NAME)";
				SWIFT_VERSION = 4.0;
				TARGETED_DEVICE_FAMILY = "1,2";
			};
			name = Debug;
		};
		0A8E3BA820B419E000F002F6 /* AdHoc */ = {
			isa = XCBuildConfiguration;
			baseConfigurationReference = 0A8E3BE320B41BF700F002F6 /* CommonImplementationsConfig.xcconfig */;
			buildSettings = {
				CODE_SIGN_STYLE = Automatic;
				DEVELOPMENT_TEAM = MBAHRQRF52;
				INFOPLIST_FILE = "CommonImplementations/Tests-Info.plist";
				IPHONEOS_DEPLOYMENT_TARGET = 11.3;
				LD_RUNPATH_SEARCH_PATHS = (
					"$(inherited)",
					"@executable_path/Frameworks",
					"@loader_path/Frameworks",
				);
				PRODUCT_BUNDLE_IDENTIFIER = pm.gnosis.CommonImplementationsTests;
				PRODUCT_NAME = "$(TARGET_NAME)";
				SWIFT_VERSION = 4.0;
				TARGETED_DEVICE_FAMILY = "1,2";
			};
			name = AdHoc;
		};
		0A8E3BA920B419E000F002F6 /* Release */ = {
			isa = XCBuildConfiguration;
			baseConfigurationReference = 0A8E3BE320B41BF700F002F6 /* CommonImplementationsConfig.xcconfig */;
			buildSettings = {
				CODE_SIGN_STYLE = Automatic;
				DEVELOPMENT_TEAM = MBAHRQRF52;
				INFOPLIST_FILE = "CommonImplementations/Tests-Info.plist";
				IPHONEOS_DEPLOYMENT_TARGET = 11.3;
				LD_RUNPATH_SEARCH_PATHS = (
					"$(inherited)",
					"@executable_path/Frameworks",
					"@loader_path/Frameworks",
				);
				PRODUCT_BUNDLE_IDENTIFIER = pm.gnosis.CommonImplementationsTests;
				PRODUCT_NAME = "$(TARGET_NAME)";
				SWIFT_VERSION = 4.0;
				TARGETED_DEVICE_FAMILY = "1,2";
			};
			name = Release;
		};
		0AC17585207B73A90016320A /* Debug */ = {
			isa = XCBuildConfiguration;
			buildSettings = {
				CODE_SIGN_STYLE = Automatic;
				DEVELOPMENT_TEAM = MBAHRQRF52;
				IPHONEOS_DEPLOYMENT_TARGET = 10.0;
				OTHER_LDFLAGS = "-ObjC";
				PRODUCT_NAME = "$(TARGET_NAME)";
				SKIP_INSTALL = YES;
				SWIFT_VERSION = 4.0;
				TARGETED_DEVICE_FAMILY = "1,2";
			};
			name = Debug;
		};
		0AC17586207B73A90016320A /* Release */ = {
			isa = XCBuildConfiguration;
			buildSettings = {
				CODE_SIGN_STYLE = Automatic;
				DEVELOPMENT_TEAM = MBAHRQRF52;
				IPHONEOS_DEPLOYMENT_TARGET = 10.0;
				OTHER_LDFLAGS = "-ObjC";
				PRODUCT_NAME = "$(TARGET_NAME)";
				SKIP_INSTALL = YES;
				SWIFT_VERSION = 4.0;
				TARGETED_DEVICE_FAMILY = "1,2";
			};
			name = Release;
		};
/* End XCBuildConfiguration section */

/* Begin XCConfigurationList section */
		0A160B9920A07FE100E064E1 /* Build configuration list for PBXNativeTarget "Database" */ = {
			isa = XCConfigurationList;
			buildConfigurations = (
				0A160B9620A07FE100E064E1 /* Debug */,
				0A160B9720A07FE100E064E1 /* AdHoc */,
				0A160B9820A07FE100E064E1 /* Release */,
			);
			defaultConfigurationIsVisible = 0;
			defaultConfigurationName = Release;
		};
		0A160BCA20A0804500E064E1 /* Build configuration list for PBXNativeTarget "DatabaseTests" */ = {
			isa = XCConfigurationList;
			buildConfigurations = (
				0A160BCB20A0804500E064E1 /* Debug */,
				0A160BCC20A0804500E064E1 /* AdHoc */,
				0A160BCD20A0804500E064E1 /* Release */,
			);
			defaultConfigurationIsVisible = 0;
			defaultConfigurationName = Release;
		};
		0A3FADD6207B501F00F0D214 /* Build configuration list for PBXProject "Common" */ = {
			isa = XCConfigurationList;
			buildConfigurations = (
				0A3FADE0207B501F00F0D214 /* Debug */,
				0A467034207E58C100F55ADE /* AdHoc */,
				0A3FADE1207B501F00F0D214 /* Release */,
			);
			defaultConfigurationIsVisible = 0;
			defaultConfigurationName = Release;
		};
		0A3FADE2207B501F00F0D214 /* Build configuration list for PBXNativeTarget "Common" */ = {
			isa = XCConfigurationList;
			buildConfigurations = (
				0A3FADE3207B501F00F0D214 /* Debug */,
				0A467035207E58C100F55ADE /* AdHoc */,
				0A3FADE4207B501F00F0D214 /* Release */,
			);
			defaultConfigurationIsVisible = 0;
			defaultConfigurationName = Release;
		};
		0A3FADF3207B504F00F0D214 /* Build configuration list for PBXNativeTarget "CommonTests" */ = {
			isa = XCConfigurationList;
			buildConfigurations = (
				0A3FADF4207B504F00F0D214 /* Debug */,
				0A467036207E58C100F55ADE /* AdHoc */,
				0A3FADF5207B504F00F0D214 /* Release */,
			);
			defaultConfigurationIsVisible = 0;
			defaultConfigurationName = Release;
		};
		0A8E3B9920B419CC00F002F6 /* Build configuration list for PBXNativeTarget "CommonImplementations" */ = {
			isa = XCConfigurationList;
			buildConfigurations = (
				0A8E3B9620B419CC00F002F6 /* Debug */,
				0A8E3B9720B419CC00F002F6 /* AdHoc */,
				0A8E3B9820B419CC00F002F6 /* Release */,
			);
			defaultConfigurationIsVisible = 0;
			defaultConfigurationName = Release;
		};
		0A8E3BA620B419E000F002F6 /* Build configuration list for PBXNativeTarget "CommonImplementationsTests" */ = {
			isa = XCConfigurationList;
			buildConfigurations = (
				0A8E3BA720B419E000F002F6 /* Debug */,
				0A8E3BA820B419E000F002F6 /* AdHoc */,
				0A8E3BA920B419E000F002F6 /* Release */,
			);
			defaultConfigurationIsVisible = 0;
			defaultConfigurationName = Release;
		};
		0AC17584207B73A90016320A /* Build configuration list for PBXNativeTarget "CommonTestSupport" */ = {
			isa = XCConfigurationList;
			buildConfigurations = (
				0AC17585207B73A90016320A /* Debug */,
				0A467037207E58C100F55ADE /* AdHoc */,
				0AC17586207B73A90016320A /* Release */,
			);
			defaultConfigurationIsVisible = 0;
			defaultConfigurationName = Release;
		};
/* End XCConfigurationList section */
	};
	rootObject = 0A3FADD3207B501F00F0D214 /* Project object */;
}
