<?xml version="1.0" encoding="UTF-8"?>
<Scheme
   LastUpgradeVersion = "1240"
   version = "1.7">
   <BuildAction
      parallelizeBuildables = "YES"
      buildImplicitDependencies = "YES">
      <BuildActionEntries>
         <BuildActionEntry
            buildForTesting = "YES"
            buildForRunning = "YES"
            buildForProfiling = "YES"
            buildForArchiving = "YES"
            buildForAnalyzing = "YES">
            <BuildableReference
               BuildableIdentifier = "primary"
               BlueprintIdentifier = "0A93DD522445CC8A00688050"
               BuildableName = "Multisig_PROD_MAINNET.app"
               BlueprintName = "Multisig"
               ReferencedContainer = "container:Multisig.xcodeproj">
            </BuildableReference>
         </BuildActionEntry>
      </BuildActionEntries>
   </BuildAction>
   <TestAction
      buildConfiguration = "Debug.Staging.Rinkeby"
      selectedDebuggerIdentifier = "Xcode.DebuggerFoundation.Debugger.LLDB"
      selectedLauncherIdentifier = "Xcode.DebuggerFoundation.Launcher.LLDB"
      shouldUseLaunchSchemeArgsEnv = "YES">
      <TestPlans>
         <TestPlanReference
            reference = "container:MultisigTests/MultisigTests.xctestplan"
            default = "YES">
         </TestPlanReference>
      </TestPlans>
      <Testables>
         <TestableReference
            skipped = "NO">
            <BuildableReference
               BuildableIdentifier = "primary"
               BlueprintIdentifier = "0A93DD6B2445CC8C00688050"
               BuildableName = "MultisigTests.xctest"
               BlueprintName = "MultisigTests"
               ReferencedContainer = "container:Multisig.xcodeproj">
            </BuildableReference>
         </TestableReference>
         <TestableReference
            skipped = "NO">
            <BuildableReference
               BuildableIdentifier = "primary"
               BlueprintIdentifier = "43E98F16D6931CEB766DA38CADFA01F5"
               BuildableName = "idn2Swift-Unit-Tests.xctest"
               BlueprintName = "idn2Swift-Unit-Tests"
               ReferencedContainer = "container:Pods/Pods.xcodeproj">
            </BuildableReference>
         </TestableReference>
      </Testables>
   </TestAction>
   <LaunchAction
      buildConfiguration = "Debug.Staging.Rinkeby"
      selectedDebuggerIdentifier = "Xcode.DebuggerFoundation.Debugger.LLDB"
      selectedLauncherIdentifier = "Xcode.DebuggerFoundation.Launcher.LLDB"
      launchStyle = "0"
      useCustomWorkingDirectory = "NO"
      ignoresPersistentStateOnLaunch = "NO"
      debugDocumentVersioning = "YES"
      debugServiceExtension = "internal"
      allowLocationSimulation = "YES">
      <BuildableProductRunnable
         runnableDebuggingMode = "0">
         <BuildableReference
            BuildableIdentifier = "primary"
            BlueprintIdentifier = "0A93DD522445CC8A00688050"
            BuildableName = "Multisig_PROD_MAINNET.app"
            BlueprintName = "Multisig"
            ReferencedContainer = "container:Multisig.xcodeproj">
         </BuildableReference>
      </BuildableProductRunnable>
   </LaunchAction>
   <ProfileAction
      buildConfiguration = "Release.Staging.Rinkeby"
      shouldUseLaunchSchemeArgsEnv = "YES"
      savedToolIdentifier = ""
      useCustomWorkingDirectory = "NO"
      debugDocumentVersioning = "YES">
      <BuildableProductRunnable
         runnableDebuggingMode = "0">
         <BuildableReference
            BuildableIdentifier = "primary"
            BlueprintIdentifier = "0A93DD522445CC8A00688050"
            BuildableName = "Multisig_PROD_MAINNET.app"
            BlueprintName = "Multisig"
            ReferencedContainer = "container:Multisig.xcodeproj">
         </BuildableReference>
      </BuildableProductRunnable>
   </ProfileAction>
   <AnalyzeAction
      buildConfiguration = "Debug.Staging.Rinkeby">
   </AnalyzeAction>
   <ArchiveAction
      buildConfiguration = "Release.Staging.Rinkeby"
      revealArchiveInOrganizer = "YES">
      <PostActions>
         <ExecutionAction
            ActionType = "Xcode.IDEStandardExecutionActionsCore.ExecutionActionType.ShellScriptAction">
            <ActionContent
               title = "Run Script"
               scriptText = "# https://github.com/firebase/firebase-ios-sdk/issues/6472&#10;LOGFILE=&quot;${ARCHIVE_PATH}/static-frameworks.log&quot;&#10;echo &quot;Removing static frameworks from ${WRAPPER_NAME} archive&quot; &gt; $LOGFILE&#10;find &quot;${ARCHIVE_PRODUCTS_PATH}/Applications/${WRAPPER_NAME}&quot; -name &apos;*.framework&apos; -print0 | while IFS= read -r -d &apos;&apos; fm; do&#10;    name=$(basename &quot;${fm}&quot; .framework)&#10;    target=&quot;${fm}/${name}&quot;&#10;    echo &quot;Checking: ${fm}&quot; &gt;&gt; $LOGFILE&#10;    if file &quot;${target}&quot; | grep -q &quot;current ar archive&quot;; then&#10;        rm -rf &quot;${fm}&quot;&#10;        echo &quot;Removed static framework: ${fm}&quot; &gt;&gt; $LOGFILE&#10;    fi&#10;done&#10;">
               <EnvironmentBuildable>
                  <BuildableReference
                     BuildableIdentifier = "primary"
                     BlueprintIdentifier = "0A93DD522445CC8A00688050"
                     BuildableName = "Multisig_PROD_MAINNET.app"
                     BlueprintName = "Multisig"
                     ReferencedContainer = "container:Multisig.xcodeproj">
                  </BuildableReference>
               </EnvironmentBuildable>
            </ActionContent>
         </ExecutionAction>
      </PostActions>
   </ArchiveAction>
</Scheme>
